
Microsoft Visual Studio Solution File, Format Version 12.00
# Visual Studio Version 17
VisualStudioVersion = 17.0.31903.59
MinimumVisualStudioVersion = 10.0.40219.1
Project("{FAE04EC0-301F-11D3-BF4B-00C04F79EFBC}") = "SeedApi", "SeedApi\SeedApi.csproj", "{564203BA-3241-4368-B3BF-F25CF172B88B}"
EndProject
Project("{FAE04EC0-301F-11D3-BF4B-00C04F79EFBC}") = "SeedApi.Test", "SeedApi.Test\SeedApi.Test.csproj", "{4A4F7F4F-1890-4A93-B512-6B0609C594CA}"
EndProject
Global
	GlobalSection(SolutionConfigurationPlatforms) = preSolution
		Debug|Any CPU = Debug|Any CPU
		Release|Any CPU = Release|Any CPU
	EndGlobalSection
	GlobalSection(SolutionProperties) = preSolution
		HideSolutionNode = FALSE
	EndGlobalSection
	GlobalSection(ProjectConfigurationPlatforms) = postSolution
		{564203BA-3241-4368-B3BF-F25CF172B88B}.Debug|Any CPU.ActiveCfg = Debug|Any CPU
		{564203BA-3241-4368-B3BF-F25CF172B88B}.Debug|Any CPU.Build.0 = Debug|Any CPU
		{564203BA-3241-4368-B3BF-F25CF172B88B}.Release|Any CPU.ActiveCfg = Release|Any CPU
		{564203BA-3241-4368-B3BF-F25CF172B88B}.Release|Any CPU.Build.0 = Release|Any CPU
		{4A4F7F4F-1890-4A93-B512-6B0609C594CA}.Debug|Any CPU.ActiveCfg = Debug|Any CPU
		{4A4F7F4F-1890-4A93-B512-6B0609C594CA}.Debug|Any CPU.Build.0 = Debug|Any CPU
		{4A4F7F4F-1890-4A93-B512-6B0609C594CA}.Release|Any CPU.ActiveCfg = Release|Any CPU
		{4A4F7F4F-1890-4A93-B512-6B0609C594CA}.Release|Any CPU.Build.0 = Release|Any CPU
	EndGlobalSection
EndGlobal
