
Microsoft Visual Studio Solution File, Format Version 12.00
# Visual Studio Version 17
VisualStudioVersion = 17.0.31903.59
MinimumVisualStudioVersion = 10.0.40219.1
Project("{FAE04EC0-301F-11D3-BF4B-00C04F79EFBC}") = "SeedAlias", "SeedAlias\SeedAlias.csproj", "{72C6D57D-D026-4E91-9DA1-BEF925673A8D}"
EndProject
Project("{FAE04EC0-301F-11D3-BF4B-00C04F79EFBC}") = "SeedAlias.Test", "SeedAlias.Test\SeedAlias.Test.csproj", "{6265985B-9026-4E90-8FB7-9B1F9492FFE0}"
EndProject
Global
	GlobalSection(SolutionConfigurationPlatforms) = preSolution
		Debug|Any CPU = Debug|Any CPU
		Release|Any CPU = Release|Any CPU
	EndGlobalSection
	GlobalSection(SolutionProperties) = preSolution
		HideSolutionNode = FALSE
	EndGlobalSection
	GlobalSection(ProjectConfigurationPlatforms) = postSolution
		{72C6D57D-D026-4E91-9DA1-BEF925673A8D}.Debug|Any CPU.ActiveCfg = Debug|Any CPU
		{72C6D57D-D026-4E91-9DA1-BEF925673A8D}.Debug|Any CPU.Build.0 = Debug|Any CPU
		{72C6D57D-D026-4E91-9DA1-BEF925673A8D}.Release|Any CPU.ActiveCfg = Release|Any CPU
		{72C6D57D-D026-4E91-9DA1-BEF925673A8D}.Release|Any CPU.Build.0 = Release|Any CPU
		{6265985B-9026-4E90-8FB7-9B1F9492FFE0}.Debug|Any CPU.ActiveCfg = Debug|Any CPU
		{6265985B-9026-4E90-8FB7-9B1F9492FFE0}.Debug|Any CPU.Build.0 = Debug|Any CPU
		{6265985B-9026-4E90-8FB7-9B1F9492FFE0}.Release|Any CPU.ActiveCfg = Release|Any CPU
		{6265985B-9026-4E90-8FB7-9B1F9492FFE0}.Release|Any CPU.Build.0 = Release|Any CPU
	EndGlobalSection
EndGlobal
