
Microsoft Visual Studio Solution File, Format Version 12.00
# Visual Studio Version 17
VisualStudioVersion = 17.0.31903.59
MinimumVisualStudioVersion = 10.0.40219.1
Project("{FAE04EC0-301F-11D3-BF4B-00C04F79EFBC}") = "SeedBasicAuthEnvironmentVariables", "SeedBasicAuthEnvironmentVariables\SeedBasicAuthEnvironmentVariables.csproj", "{0D5403E7-7229-496C-ADD3-38D9556ECEE1}"
EndProject
Project("{FAE04EC0-301F-11D3-BF4B-00C04F79EFBC}") = "SeedBasicAuthEnvironmentVariables.Test", "SeedBasicAuthEnvironmentVariables.Test\SeedBasicAuthEnvironmentVariables.Test.csproj", "{8E9B0840-B684-443E-8846-CE26603FCEB5}"
EndProject
Global
	GlobalSection(SolutionConfigurationPlatforms) = preSolution
		Debug|Any CPU = Debug|Any CPU
		Release|Any CPU = Release|Any CPU
	EndGlobalSection
	GlobalSection(SolutionProperties) = preSolution
		HideSolutionNode = FALSE
	EndGlobalSection
	GlobalSection(ProjectConfigurationPlatforms) = postSolution
		{0D5403E7-7229-496C-ADD3-38D9556ECEE1}.Debug|Any CPU.ActiveCfg = Debug|Any CPU
		{0D5403E7-7229-496C-ADD3-38D9556ECEE1}.Debug|Any CPU.Build.0 = Debug|Any CPU
		{0D5403E7-7229-496C-ADD3-38D9556ECEE1}.Release|Any CPU.ActiveCfg = Release|Any CPU
		{0D5403E7-7229-496C-ADD3-38D9556ECEE1}.Release|Any CPU.Build.0 = Release|Any CPU
		{8E9B0840-B684-443E-8846-CE26603FCEB5}.Debug|Any CPU.ActiveCfg = Debug|Any CPU
		{8E9B0840-B684-443E-8846-CE26603FCEB5}.Debug|Any CPU.Build.0 = Debug|Any CPU
		{8E9B0840-B684-443E-8846-CE26603FCEB5}.Release|Any CPU.ActiveCfg = Release|Any CPU
		{8E9B0840-B684-443E-8846-CE26603FCEB5}.Release|Any CPU.Build.0 = Release|Any CPU
	EndGlobalSection
EndGlobal
