
Microsoft Visual Studio Solution File, Format Version 12.00
# Visual Studio Version 17
VisualStudioVersion = 17.0.31903.59
MinimumVisualStudioVersion = 10.0.40219.1
Project("{FAE04EC0-301F-11D3-BF4B-00C04F79EFBC}") = "SeedSingleUrlEnvironmentNoDefault", "SeedSingleUrlEnvironmentNoDefault\SeedSingleUrlEnvironmentNoDefault.csproj", "{CA62CBC1-D979-4C22-81C1-DE829123CF5D}"
EndProject
Project("{FAE04EC0-301F-11D3-BF4B-00C04F79EFBC}") = "SeedSingleUrlEnvironmentNoDefault.Test", "SeedSingleUrlEnvironmentNoDefault.Test\SeedSingleUrlEnvironmentNoDefault.Test.csproj", "{436622CC-4957-4254-BBF7-3685EE475029}"
EndProject
Global
	GlobalSection(SolutionConfigurationPlatforms) = preSolution
		Debug|Any CPU = Debug|Any CPU
		Release|Any CPU = Release|Any CPU
	EndGlobalSection
	GlobalSection(SolutionProperties) = preSolution
		HideSolutionNode = FALSE
	EndGlobalSection
	GlobalSection(ProjectConfigurationPlatforms) = postSolution
		{CA62CBC1-D979-4C22-81C1-DE829123CF5D}.Debug|Any CPU.ActiveCfg = Debug|Any CPU
		{CA62CBC1-D979-4C22-81C1-DE829123CF5D}.Debug|Any CPU.Build.0 = Debug|Any CPU
		{CA62CBC1-D979-4C22-81C1-DE829123CF5D}.Release|Any CPU.ActiveCfg = Release|Any CPU
		{CA62CBC1-D979-4C22-81C1-DE829123CF5D}.Release|Any CPU.Build.0 = Release|Any CPU
		{436622CC-4957-4254-BBF7-3685EE475029}.Debug|Any CPU.ActiveCfg = Debug|Any CPU
		{436622CC-4957-4254-BBF7-3685EE475029}.Debug|Any CPU.Build.0 = Debug|Any CPU
		{436622CC-4957-4254-BBF7-3685EE475029}.Release|Any CPU.ActiveCfg = Release|Any CPU
		{436622CC-4957-4254-BBF7-3685EE475029}.Release|Any CPU.Build.0 = Release|Any CPU
	EndGlobalSection
EndGlobal
