
Microsoft Visual Studio Solution File, Format Version 12.00
# Visual Studio Version 17
VisualStudioVersion = 17.0.31903.59
MinimumVisualStudioVersion = 10.0.40219.1
Project("{FAE04EC0-301F-11D3-BF4B-00C04F79EFBC}") = "SeedSingleUrlEnvironmentNoDefault", "SeedSingleUrlEnvironmentNoDefault\SeedSingleUrlEnvironmentNoDefault.csproj", "{8A26604F-919E-43A8-9907-1A155CA9BFB7}"
EndProject
Project("{FAE04EC0-301F-11D3-BF4B-00C04F79EFBC}") = "SeedSingleUrlEnvironmentNoDefault.Test", "SeedSingleUrlEnvironmentNoDefault.Test\SeedSingleUrlEnvironmentNoDefault.Test.csproj", "{189E4A86-9091-43A6-BB6A-AB22FDB06499}"
EndProject
Global
	GlobalSection(SolutionConfigurationPlatforms) = preSolution
		Debug|Any CPU = Debug|Any CPU
		Release|Any CPU = Release|Any CPU
	EndGlobalSection
	GlobalSection(SolutionProperties) = preSolution
		HideSolutionNode = FALSE
	EndGlobalSection
	GlobalSection(ProjectConfigurationPlatforms) = postSolution
		{8A26604F-919E-43A8-9907-1A155CA9BFB7}.Debug|Any CPU.ActiveCfg = Debug|Any CPU
		{8A26604F-919E-43A8-9907-1A155CA9BFB7}.Debug|Any CPU.Build.0 = Debug|Any CPU
		{8A26604F-919E-43A8-9907-1A155CA9BFB7}.Release|Any CPU.ActiveCfg = Release|Any CPU
		{8A26604F-919E-43A8-9907-1A155CA9BFB7}.Release|Any CPU.Build.0 = Release|Any CPU
		{189E4A86-9091-43A6-BB6A-AB22FDB06499}.Debug|Any CPU.ActiveCfg = Debug|Any CPU
		{189E4A86-9091-43A6-BB6A-AB22FDB06499}.Debug|Any CPU.Build.0 = Debug|Any CPU
		{189E4A86-9091-43A6-BB6A-AB22FDB06499}.Release|Any CPU.ActiveCfg = Release|Any CPU
		{189E4A86-9091-43A6-BB6A-AB22FDB06499}.Release|Any CPU.Build.0 = Release|Any CPU
	EndGlobalSection
EndGlobal
