
Microsoft Visual Studio Solution File, Format Version 12.00
# Visual Studio Version 17
VisualStudioVersion = 17.0.31903.59
MinimumVisualStudioVersion = 10.0.40219.1
Project("{FAE04EC0-301F-11D3-BF4B-00C04F79EFBC}") = "SeedCrossPackageTypeNames", "SeedCrossPackageTypeNames\SeedCrossPackageTypeNames.csproj", "{5A405184-5986-4E8E-B929-2C2711B28994}"
EndProject
Project("{FAE04EC0-301F-11D3-BF4B-00C04F79EFBC}") = "SeedCrossPackageTypeNames.Test", "SeedCrossPackageTypeNames.Test\SeedCrossPackageTypeNames.Test.csproj", "{16F49C6F-5365-4C52-8867-91604EAAD4F8}"
EndProject
Global
	GlobalSection(SolutionConfigurationPlatforms) = preSolution
		Debug|Any CPU = Debug|Any CPU
		Release|Any CPU = Release|Any CPU
	EndGlobalSection
	GlobalSection(SolutionProperties) = preSolution
		HideSolutionNode = FALSE
	EndGlobalSection
	GlobalSection(ProjectConfigurationPlatforms) = postSolution
		{5A405184-5986-4E8E-B929-2C2711B28994}.Debug|Any CPU.ActiveCfg = Debug|Any CPU
		{5A405184-5986-4E8E-B929-2C2711B28994}.Debug|Any CPU.Build.0 = Debug|Any CPU
		{5A405184-5986-4E8E-B929-2C2711B28994}.Release|Any CPU.ActiveCfg = Release|Any CPU
		{5A405184-5986-4E8E-B929-2C2711B28994}.Release|Any CPU.Build.0 = Release|Any CPU
		{16F49C6F-5365-4C52-8867-91604EAAD4F8}.Debug|Any CPU.ActiveCfg = Debug|Any CPU
		{16F49C6F-5365-4C52-8867-91604EAAD4F8}.Debug|Any CPU.Build.0 = Debug|Any CPU
		{16F49C6F-5365-4C52-8867-91604EAAD4F8}.Release|Any CPU.ActiveCfg = Release|Any CPU
		{16F49C6F-5365-4C52-8867-91604EAAD4F8}.Release|Any CPU.Build.0 = Release|Any CPU
	EndGlobalSection
EndGlobal
