
Microsoft Visual Studio Solution File, Format Version 12.00
# Visual Studio Version 17
VisualStudioVersion = 17.0.31903.59
MinimumVisualStudioVersion = 10.0.40219.1
Project("{FAE04EC0-301F-11D3-BF4B-00C04F79EFBC}") = "SeedPlainText", "SeedPlainText\SeedPlainText.csproj", "{188489D8-C6BC-4E6D-814A-4D417E50B03D}"
EndProject
Project("{FAE04EC0-301F-11D3-BF4B-00C04F79EFBC}") = "SeedPlainText.Test", "SeedPlainText.Test\SeedPlainText.Test.csproj", "{60F051C7-1D5A-4800-AF5C-38331C59CFBC}"
EndProject
Global
	GlobalSection(SolutionConfigurationPlatforms) = preSolution
		Debug|Any CPU = Debug|Any CPU
		Release|Any CPU = Release|Any CPU
	EndGlobalSection
	GlobalSection(SolutionProperties) = preSolution
		HideSolutionNode = FALSE
	EndGlobalSection
	GlobalSection(ProjectConfigurationPlatforms) = postSolution
		{188489D8-C6BC-4E6D-814A-4D417E50B03D}.Debug|Any CPU.ActiveCfg = Debug|Any CPU
		{188489D8-C6BC-4E6D-814A-4D417E50B03D}.Debug|Any CPU.Build.0 = Debug|Any CPU
		{188489D8-C6BC-4E6D-814A-4D417E50B03D}.Release|Any CPU.ActiveCfg = Release|Any CPU
		{188489D8-C6BC-4E6D-814A-4D417E50B03D}.Release|Any CPU.Build.0 = Release|Any CPU
		{60F051C7-1D5A-4800-AF5C-38331C59CFBC}.Debug|Any CPU.ActiveCfg = Debug|Any CPU
		{60F051C7-1D5A-4800-AF5C-38331C59CFBC}.Debug|Any CPU.Build.0 = Debug|Any CPU
		{60F051C7-1D5A-4800-AF5C-38331C59CFBC}.Release|Any CPU.ActiveCfg = Release|Any CPU
		{60F051C7-1D5A-4800-AF5C-38331C59CFBC}.Release|Any CPU.Build.0 = Release|Any CPU
	EndGlobalSection
EndGlobal
