
Microsoft Visual Studio Solution File, Format Version 12.00
# Visual Studio Version 17
VisualStudioVersion = 17.0.31903.59
MinimumVisualStudioVersion = 10.0.40219.1
Project("{FAE04EC0-301F-11D3-BF4B-00C04F79EFBC}") = "SeedPlainText", "SeedPlainText\SeedPlainText.csproj", "{F3645EE4-3AF7-4551-AD8F-78E595169F79}"
EndProject
Project("{FAE04EC0-301F-11D3-BF4B-00C04F79EFBC}") = "SeedPlainText.Test", "SeedPlainText.Test\SeedPlainText.Test.csproj", "{8FE2F2AF-C9A2-47C9-9AFD-B32AA17AAC8F}"
EndProject
Global
	GlobalSection(SolutionConfigurationPlatforms) = preSolution
		Debug|Any CPU = Debug|Any CPU
		Release|Any CPU = Release|Any CPU
	EndGlobalSection
	GlobalSection(SolutionProperties) = preSolution
		HideSolutionNode = FALSE
	EndGlobalSection
	GlobalSection(ProjectConfigurationPlatforms) = postSolution
		{F3645EE4-3AF7-4551-AD8F-78E595169F79}.Debug|Any CPU.ActiveCfg = Debug|Any CPU
		{F3645EE4-3AF7-4551-AD8F-78E595169F79}.Debug|Any CPU.Build.0 = Debug|Any CPU
		{F3645EE4-3AF7-4551-AD8F-78E595169F79}.Release|Any CPU.ActiveCfg = Release|Any CPU
		{F3645EE4-3AF7-4551-AD8F-78E595169F79}.Release|Any CPU.Build.0 = Release|Any CPU
		{8FE2F2AF-C9A2-47C9-9AFD-B32AA17AAC8F}.Debug|Any CPU.ActiveCfg = Debug|Any CPU
		{8FE2F2AF-C9A2-47C9-9AFD-B32AA17AAC8F}.Debug|Any CPU.Build.0 = Debug|Any CPU
		{8FE2F2AF-C9A2-47C9-9AFD-B32AA17AAC8F}.Release|Any CPU.ActiveCfg = Release|Any CPU
		{8FE2F2AF-C9A2-47C9-9AFD-B32AA17AAC8F}.Release|Any CPU.Build.0 = Release|Any CPU
	EndGlobalSection
EndGlobal
