
Microsoft Visual Studio Solution File, Format Version 12.00
# Visual Studio Version 17
VisualStudioVersion = 17.0.31903.59
MinimumVisualStudioVersion = 10.0.40219.1
Project("{FAE04EC0-301F-11D3-BF4B-00C04F79EFBC}") = "SeedFileUploadClient", "SeedFileUploadClient\SeedFileUploadClient.csproj", "{9F3624A2-2E17-42FC-A0E9-15A27185D7A3}"
EndProject
Project("{FAE04EC0-301F-11D3-BF4B-00C04F79EFBC}") = "SeedFileUploadClient.Test", "SeedFileUploadClient.Test\SeedFileUploadClient.Test.csproj", "{AECC3F09-75B6-4997-A5CA-727A53ED2A87}"
EndProject
Global
	GlobalSection(SolutionConfigurationPlatforms) = preSolution
		Debug|Any CPU = Debug|Any CPU
		Release|Any CPU = Release|Any CPU
	EndGlobalSection
	GlobalSection(SolutionProperties) = preSolution
		HideSolutionNode = FALSE
	EndGlobalSection
	GlobalSection(ProjectConfigurationPlatforms) = postSolution
		{9F3624A2-2E17-42FC-A0E9-15A27185D7A3}.Debug|Any CPU.ActiveCfg = Debug|Any CPU
		{9F3624A2-2E17-42FC-A0E9-15A27185D7A3}.Debug|Any CPU.Build.0 = Debug|Any CPU
		{9F3624A2-2E17-42FC-A0E9-15A27185D7A3}.Release|Any CPU.ActiveCfg = Release|Any CPU
		{9F3624A2-2E17-42FC-A0E9-15A27185D7A3}.Release|Any CPU.Build.0 = Release|Any CPU
		{AECC3F09-75B6-4997-A5CA-727A53ED2A87}.Debug|Any CPU.ActiveCfg = Debug|Any CPU
		{AECC3F09-75B6-4997-A5CA-727A53ED2A87}.Debug|Any CPU.Build.0 = Debug|Any CPU
		{AECC3F09-75B6-4997-A5CA-727A53ED2A87}.Release|Any CPU.ActiveCfg = Release|Any CPU
		{AECC3F09-75B6-4997-A5CA-727A53ED2A87}.Release|Any CPU.Build.0 = Release|Any CPU
	EndGlobalSection
EndGlobal
