
Microsoft Visual Studio Solution File, Format Version 12.00
# Visual Studio Version 17
VisualStudioVersion = 17.0.31903.59
MinimumVisualStudioVersion = 10.0.40219.1
Project("{FAE04EC0-301F-11D3-BF4B-00C04F79EFBC}") = "SeedFileDownload", "SeedFileDownload\SeedFileDownload.csproj", "{09C08801-A462-4EE9-8B3F-B14608543B40}"
EndProject
Project("{FAE04EC0-301F-11D3-BF4B-00C04F79EFBC}") = "SeedFileDownload.Test", "SeedFileDownload.Test\SeedFileDownload.Test.csproj", "{36ACA28F-3D3B-43B1-B81A-505F0A3A8718}"
EndProject
Global
	GlobalSection(SolutionConfigurationPlatforms) = preSolution
		Debug|Any CPU = Debug|Any CPU
		Release|Any CPU = Release|Any CPU
	EndGlobalSection
	GlobalSection(SolutionProperties) = preSolution
		HideSolutionNode = FALSE
	EndGlobalSection
	GlobalSection(ProjectConfigurationPlatforms) = postSolution
		{09C08801-A462-4EE9-8B3F-B14608543B40}.Debug|Any CPU.ActiveCfg = Debug|Any CPU
		{09C08801-A462-4EE9-8B3F-B14608543B40}.Debug|Any CPU.Build.0 = Debug|Any CPU
		{09C08801-A462-4EE9-8B3F-B14608543B40}.Release|Any CPU.ActiveCfg = Release|Any CPU
		{09C08801-A462-4EE9-8B3F-B14608543B40}.Release|Any CPU.Build.0 = Release|Any CPU
		{36ACA28F-3D3B-43B1-B81A-505F0A3A8718}.Debug|Any CPU.ActiveCfg = Debug|Any CPU
		{36ACA28F-3D3B-43B1-B81A-505F0A3A8718}.Debug|Any CPU.Build.0 = Debug|Any CPU
		{36ACA28F-3D3B-43B1-B81A-505F0A3A8718}.Release|Any CPU.ActiveCfg = Release|Any CPU
		{36ACA28F-3D3B-43B1-B81A-505F0A3A8718}.Release|Any CPU.Build.0 = Release|Any CPU
	EndGlobalSection
EndGlobal
