
Microsoft Visual Studio Solution File, Format Version 12.00
# Visual Studio Version 17
VisualStudioVersion = 17.0.31903.59
MinimumVisualStudioVersion = 10.0.40219.1
Project("{FAE04EC0-301F-11D3-BF4B-00C04F79EFBC}") = "SeedLicense", "SeedLicense\SeedLicense.csproj", "{9D755904-69AF-4FF5-9C0F-E9458B144E19}"
EndProject
Project("{FAE04EC0-301F-11D3-BF4B-00C04F79EFBC}") = "SeedLicense.Test", "SeedLicense.Test\SeedLicense.Test.csproj", "{ABCA5868-3540-4048-A9B4-7873A8291630}"
EndProject
Global
	GlobalSection(SolutionConfigurationPlatforms) = preSolution
		Debug|Any CPU = Debug|Any CPU
		Release|Any CPU = Release|Any CPU
	EndGlobalSection
	GlobalSection(SolutionProperties) = preSolution
		HideSolutionNode = FALSE
	EndGlobalSection
	GlobalSection(ProjectConfigurationPlatforms) = postSolution
		{9D755904-69AF-4FF5-9C0F-E9458B144E19}.Debug|Any CPU.ActiveCfg = Debug|Any CPU
		{9D755904-69AF-4FF5-9C0F-E9458B144E19}.Debug|Any CPU.Build.0 = Debug|Any CPU
		{9D755904-69AF-4FF5-9C0F-E9458B144E19}.Release|Any CPU.ActiveCfg = Release|Any CPU
		{9D755904-69AF-4FF5-9C0F-E9458B144E19}.Release|Any CPU.Build.0 = Release|Any CPU
		{ABCA5868-3540-4048-A9B4-7873A8291630}.Debug|Any CPU.ActiveCfg = Debug|Any CPU
		{ABCA5868-3540-4048-A9B4-7873A8291630}.Debug|Any CPU.Build.0 = Debug|Any CPU
		{ABCA5868-3540-4048-A9B4-7873A8291630}.Release|Any CPU.ActiveCfg = Release|Any CPU
		{ABCA5868-3540-4048-A9B4-7873A8291630}.Release|Any CPU.Build.0 = Release|Any CPU
	EndGlobalSection
EndGlobal
