
Microsoft Visual Studio Solution File, Format Version 12.00
# Visual Studio Version 17
VisualStudioVersion = 17.0.31903.59
MinimumVisualStudioVersion = 10.0.40219.1
Project("{FAE04EC0-301F-11D3-BF4B-00C04F79EFBC}") = "SeedOauthClientCredentials", "SeedOauthClientCredentials\SeedOauthClientCredentials.csproj", "{00FA3BE0-4B8E-437E-B2AA-4078F3B05B07}"
EndProject
Project("{FAE04EC0-301F-11D3-BF4B-00C04F79EFBC}") = "SeedOauthClientCredentials.Test", "SeedOauthClientCredentials.Test\SeedOauthClientCredentials.Test.csproj", "{3C9DCA0F-3FB5-4E9B-AFAD-F0B7A3BD5DD1}"
EndProject
Global
	GlobalSection(SolutionConfigurationPlatforms) = preSolution
		Debug|Any CPU = Debug|Any CPU
		Release|Any CPU = Release|Any CPU
	EndGlobalSection
	GlobalSection(SolutionProperties) = preSolution
		HideSolutionNode = FALSE
	EndGlobalSection
	GlobalSection(ProjectConfigurationPlatforms) = postSolution
		{00FA3BE0-4B8E-437E-B2AA-4078F3B05B07}.Debug|Any CPU.ActiveCfg = Debug|Any CPU
		{00FA3BE0-4B8E-437E-B2AA-4078F3B05B07}.Debug|Any CPU.Build.0 = Debug|Any CPU
		{00FA3BE0-4B8E-437E-B2AA-4078F3B05B07}.Release|Any CPU.ActiveCfg = Release|Any CPU
		{00FA3BE0-4B8E-437E-B2AA-4078F3B05B07}.Release|Any CPU.Build.0 = Release|Any CPU
		{3C9DCA0F-3FB5-4E9B-AFAD-F0B7A3BD5DD1}.Debug|Any CPU.ActiveCfg = Debug|Any CPU
		{3C9DCA0F-3FB5-4E9B-AFAD-F0B7A3BD5DD1}.Debug|Any CPU.Build.0 = Debug|Any CPU
		{3C9DCA0F-3FB5-4E9B-AFAD-F0B7A3BD5DD1}.Release|Any CPU.ActiveCfg = Release|Any CPU
		{3C9DCA0F-3FB5-4E9B-AFAD-F0B7A3BD5DD1}.Release|Any CPU.Build.0 = Release|Any CPU
	EndGlobalSection
EndGlobal
