
Microsoft Visual Studio Solution File, Format Version 12.00
# Visual Studio Version 17
VisualStudioVersion = 17.0.31903.59
MinimumVisualStudioVersion = 10.0.40219.1
Project("{FAE04EC0-301F-11D3-BF4B-00C04F79EFBC}") = "SeedOauthClientCredentials", "SeedOauthClientCredentials\SeedOauthClientCredentials.csproj", "{3ADC5479-8004-46B8-87C1-53122A02E99C}"
EndProject
Project("{FAE04EC0-301F-11D3-BF4B-00C04F79EFBC}") = "SeedOauthClientCredentials.Test", "SeedOauthClientCredentials.Test\SeedOauthClientCredentials.Test.csproj", "{3FB000ED-C83F-4662-A758-068E8E2522A8}"
EndProject
Global
	GlobalSection(SolutionConfigurationPlatforms) = preSolution
		Debug|Any CPU = Debug|Any CPU
		Release|Any CPU = Release|Any CPU
	EndGlobalSection
	GlobalSection(SolutionProperties) = preSolution
		HideSolutionNode = FALSE
	EndGlobalSection
	GlobalSection(ProjectConfigurationPlatforms) = postSolution
		{3ADC5479-8004-46B8-87C1-53122A02E99C}.Debug|Any CPU.ActiveCfg = Debug|Any CPU
		{3ADC5479-8004-46B8-87C1-53122A02E99C}.Debug|Any CPU.Build.0 = Debug|Any CPU
		{3ADC5479-8004-46B8-87C1-53122A02E99C}.Release|Any CPU.ActiveCfg = Release|Any CPU
		{3ADC5479-8004-46B8-87C1-53122A02E99C}.Release|Any CPU.Build.0 = Release|Any CPU
		{3FB000ED-C83F-4662-A758-068E8E2522A8}.Debug|Any CPU.ActiveCfg = Debug|Any CPU
		{3FB000ED-C83F-4662-A758-068E8E2522A8}.Debug|Any CPU.Build.0 = Debug|Any CPU
		{3FB000ED-C83F-4662-A758-068E8E2522A8}.Release|Any CPU.ActiveCfg = Release|Any CPU
		{3FB000ED-C83F-4662-A758-068E8E2522A8}.Release|Any CPU.Build.0 = Release|Any CPU
	EndGlobalSection
EndGlobal
