# Run ./gradlew --write-locks to regenerate this file
ch.qos.logback:logback-classic:1.2.6 (1 constraints: 0b05fc35)
ch.qos.logback:logback-core:1.2.6 (1 constraints: 0a0d021d)
com.atlassian.commonmark:commonmark:0.12.1 (1 constraints: 36052a3b)
com.fasterxml.jackson:jackson-bom:2.13.0 (4 constraints: 744d1e32)
com.fasterxml.jackson.core:jackson-annotations:2.13.0 (3 constraints: 742634c4)
com.fasterxml.jackson.core:jackson-core:2.13.0 (3 constraints: 3637c08f)
com.fasterxml.jackson.core:jackson-databind:2.13.0 (7 constraints: a861e5c0)
com.fasterxml.jackson.datatype:jackson-datatype-jdk8:2.13.0 (4 constraints: 462ea15b)
com.fern.fern:generator-exec-client:0.0.37 (1 constraints: 3c052a3b)
com.fern.fern:generator-exec-model:0.0.37 (1 constraints: 420f7e7f)
com.fern.fern:ir-v11-model:0.0.3 (1 constraints: 0505ee35)
com.google.code.findbugs:annotations:3.0.1 (2 constraints: a313086d)
com.google.code.findbugs:jsr305:3.0.2 (2 constraints: cd195721)
com.google.errorprone:error_prone_annotations:2.12.1 (1 constraints: 460a32bf)
com.google.guava:failureaccess:1.0.1 (1 constraints: 140ae1b4)
com.google.guava:guava:31.1-jre (2 constraints: db13ef5f)
com.google.guava:listenablefuture:9999.0-empty-to-avoid-conflict-with-guava (1 constraints: bd17c918)
com.google.j2objc:j2objc-annotations:1.3 (1 constraints: b809eda0)
com.palantir.common:streams:2.0.0 (1 constraints: 0405f535)
com.squareup:javapoet:1.13.0 (1 constraints: 3705323b)
com.squareup.okhttp3:okhttp:4.9.3 (1 constraints: 12051d36)
com.squareup.okio:okio:2.8.0 (1 constraints: 540c39fd)
io.github.openfeign:feign-core:11.8 (5 constraints: 2b3d79c4)
io.github.openfeign:feign-jackson:11.8 (1 constraints: e40e4461)
io.github.openfeign:feign-jaxrs:11.8 (1 constraints: b00d6233)
io.github.openfeign:feign-jaxrs2:11.8 (1 constraints: e40e4461)
io.github.origin-energy:java-snapshot-testing-junit5:3.3.2 (1 constraints: 0a050536)
jakarta.annotation:jakarta.annotation-api:1.3.5 (1 constraints: f410f2c2)
jakarta.ws.rs:jakarta.ws.rs-api:2.1.6 (2 constraints: fe15dfea)
javax.ws.rs:javax.ws.rs-api:2.1.1 (1 constraints: d80d3141)
net.jcip:jcip-annotations:1.0 (1 constraints: 560ff165)
org.apache.commons:commons-lang3:3.12.0 (1 constraints: 38053b3b)
org.checkerframework:checker-qual:3.12.0 (1 constraints: 480a3bbf)
org.glassfish.hk2:osgi-resource-locator:1.0.3 (1 constraints: ef10e7c2)
org.glassfish.hk2.external:jakarta.inject:2.6.1 (1 constraints: f410fcc2)
org.glassfish.jersey.core:jersey-common:2.35 (1 constraints: de04fe30)
org.immutables:value:2.8.8 (1 constraints: 14051536)
org.jetbrains:annotations:13.0 (1 constraints: df0e795c)
org.jetbrains.kotlin:kotlin-stdlib:1.4.10 (2 constraints: cb16fa46)
org.jetbrains.kotlin:kotlin-stdlib-common:1.4.10 (2 constraints: 8a1987f9)
org.slf4j:slf4j-api:1.7.36 (2 constraints: 8012f637)
org.springframework:spring-beans:5.3.19 (1 constraints: e90d123f)
org.springframework:spring-core:5.3.19 (2 constraints: 9c1c2beb)
org.springframework:spring-jcl:5.3.19 (1 constraints: 540ea34f)
org.springframework:spring-web:5.3.19 (1 constraints: 4405523b)

[Test dependencies]
net.bytebuddy:byte-buddy:1.11.3 (1 constraints: 400b38de)
net.bytebuddy:byte-buddy-agent:1.11.3 (1 constraints: 400b38de)
org.apiguardian:apiguardian-api:1.1.0 (5 constraints: 0654a8a8)
org.assertj:assertj-core:3.19.0 (1 constraints: 3f05503b)
org.junit:junit-bom:5.7.2 (6 constraints: 4c6225fc)
org.junit.jupiter:junit-jupiter:5.7.2 (2 constraints: 200ee058)
org.junit.jupiter:junit-jupiter-api:5.7.2 (5 constraints: 4f475ad5)
org.junit.jupiter:junit-jupiter-engine:5.7.2 (2 constraints: 1f17a43c)
org.junit.jupiter:junit-jupiter-params:5.7.2 (3 constraints: 2a1cb2c9)
org.junit.platform:junit-platform-commons:1.7.2 (3 constraints: eb29562b)
org.junit.platform:junit-platform-engine:1.7.2 (2 constraints: ba19a8f3)
org.mockito:mockito-core:3.11.2 (2 constraints: 2a142386)
org.mockito:mockito-junit-jupiter:3.11.2 (1 constraints: 39053a3b)
org.objenesis:objenesis:3.2 (1 constraints: b10a13bd)
org.opentest4j:opentest4j:1.2.0 (2 constraints: cd205b49)
