# Run ./gradlew --write-locks to regenerate this file
ch.qos.logback:logback-classic:1.2.11 (2 constraints: 841ba16d)
ch.qos.logback:logback-core:1.2.11 (1 constraints: 360d332a)
com.fasterxml:classmate:1.5.1 (1 constraints: 9a122a13)
com.fasterxml.jackson:jackson-bom:2.13.2.1 (9 constraints: b6ba797d)
com.fasterxml.jackson.core:jackson-annotations:2.13.2 (6 constraints: 8474d6aa)
com.fasterxml.jackson.core:jackson-core:2.13.2 (8 constraints: 17a4a147)
com.fasterxml.jackson.core:jackson-databind:2.13.2.1 (14 constraints: 91fcc985)
com.fasterxml.jackson.datatype:jackson-datatype-guava:2.13.2 (2 constraints: f1137f82)
com.fasterxml.jackson.datatype:jackson-datatype-jdk8:2.13.2 (4 constraints: 29390bc5)
com.fasterxml.jackson.datatype:jackson-datatype-jsr310:2.13.2 (2 constraints: 0724c081)
com.fasterxml.jackson.module:jackson-module-jaxb-annotations:2.13.2 (2 constraints: a42443e0)
com.fasterxml.jackson.module:jackson-module-parameter-names:2.13.2 (2 constraints: 0724c081)
com.fern:fern-immutables-style:0.0.15-2-g2ec8163 (1 constraints: f707f984)
com.fern-fern.fern:example-api-model:0.0.4 (1 constraints: b60f0b8f)
com.fern-fern.fern:example-api-server:0.0.4 (1 constraints: 0605ef35)
com.fern-fern.fern:ir-model:0.0.15 (1 constraints: 3805243b)
com.google.code.findbugs:annotations:3.0.1 (4 constraints: 422d3a7b)
com.google.code.findbugs:jsr305:3.0.2 (3 constraints: 2327043b)
com.google.errorprone:error_prone_annotations:2.12.1 (1 constraints: 460a32bf)
com.google.guava:failureaccess:1.0.1 (1 constraints: 140ae1b4)
com.google.guava:guava:31.1-jre (3 constraints: 182a6420)
com.google.guava:listenablefuture:9999.0-empty-to-avoid-conflict-with-guava (1 constraints: bd17c918)
com.google.j2objc:j2objc-annotations:1.3 (1 constraints: b809eda0)
com.palantir.common:streams:2.0.0 (1 constraints: 0405f535)
com.squareup:javapoet:1.13.0 (1 constraints: 3705323b)
io.github.openfeign:feign-core:11.8 (5 constraints: d53d163c)
io.github.openfeign:feign-jackson:11.8 (2 constraints: 6b144c8b)
io.github.openfeign:feign-jaxrs:11.8 (2 constraints: 8d12f526)
io.github.openfeign:feign-jaxrs2:11.8 (1 constraints: 8e0f687f)
jakarta.activation:jakarta.activation-api:1.2.2 (2 constraints: ba28fcbd)
jakarta.annotation:jakarta.annotation-api:1.3.5 (7 constraints: 167020f7)
jakarta.validation:jakarta.validation-api:2.0.2 (3 constraints: 8e372576)
jakarta.ws.rs:jakarta.ws.rs-api:2.1.6 (9 constraints: 10a3843c)
jakarta.xml.bind:jakarta.xml.bind-api:2.3.3 (1 constraints: 31198ca6)
javax.ws.rs:javax.ws.rs-api:2.1.1 (3 constraints: be28ad1e)
javax.ws.rs:jsr311-api:1.1.1 (1 constraints: a50d2d33)
net.jcip:jcip-annotations:1.0 (2 constraints: 4b1c9c9c)
net.sourceforge.argparse4j:argparse4j:0.9.0 (1 constraints: 0b050636)
org.apache.commons:commons-lang3:3.12.0 (2 constraints: d0127f2d)
org.apache.commons:commons-text:1.9 (1 constraints: ae04232c)
org.apache.logging.log4j:log4j-api:2.17.2 (1 constraints: 09109fb9)
org.apache.logging.log4j:log4j-to-slf4j:2.17.2 (1 constraints: 811633ff)
org.apache.tomcat.embed:tomcat-embed-core:9.0.62 (2 constraints: 9829cddc)
org.apache.tomcat.embed:tomcat-embed-el:9.0.62 (2 constraints: f02da3d3)
org.apache.tomcat.embed:tomcat-embed-websocket:9.0.62 (1 constraints: 27161ce7)
org.checkerframework:checker-qual:3.12.0 (1 constraints: 480a3bbf)
org.glassfish.hk2:class-model:2.6.1 (1 constraints: 4d09ada5)
org.glassfish.hk2:hk2:2.6.1 (1 constraints: db1032c3)
org.glassfish.hk2:hk2-api:2.6.1 (3 constraints: a022407f)
org.glassfish.hk2:hk2-core:2.6.1 (1 constraints: 4d09ada5)
org.glassfish.hk2:hk2-locator:2.6.1 (4 constraints: 9831d9d2)
org.glassfish.hk2:hk2-runlevel:2.6.1 (1 constraints: 4d09ada5)
org.glassfish.hk2:hk2-utils:2.6.1 (4 constraints: 8f2b37ff)
org.glassfish.hk2:osgi-resource-locator:1.0.3 (1 constraints: ef10e7c2)
org.glassfish.hk2:spring-bridge:2.6.1 (1 constraints: db1032c3)
org.glassfish.hk2.external:aopalliance-repackaged:2.6.1 (2 constraints: 21173277)
org.glassfish.hk2.external:jakarta.inject:2.6.1 (9 constraints: de900970)
org.glassfish.jersey.containers:jersey-container-servlet:2.35 (1 constraints: cc1524bb)
org.glassfish.jersey.containers:jersey-container-servlet-core:2.35 (3 constraints: 383e144b)
org.glassfish.jersey.core:jersey-client:2.35 (1 constraints: d510c6b2)
org.glassfish.jersey.core:jersey-common:2.35 (8 constraints: 3c912b3b)
org.glassfish.jersey.core:jersey-server:2.35 (5 constraints: a06b2b1e)
org.glassfish.jersey.ext:jersey-bean-validation:2.35 (1 constraints: cc1524bb)
org.glassfish.jersey.ext:jersey-entity-filtering:2.35 (1 constraints: 92156fbd)
org.glassfish.jersey.ext:jersey-spring5:2.35 (3 constraints: 362a2dfb)
org.glassfish.jersey.inject:jersey-hk2:2.35 (1 constraints: ae1058b2)
org.glassfish.jersey.media:jersey-media-json-jackson:2.35 (1 constraints: cc1524bb)
org.hibernate.validator:hibernate-validator:6.2.3.Final (2 constraints: c32f5eb7)
org.immutables:value:2.8.8 (2 constraints: 78120c20)
org.javassist:javassist:3.25.0-GA (2 constraints: b91e77f2)
org.jboss.logging:jboss-logging:3.4.1.Final (1 constraints: b3146189)
org.ow2.asm:asm:7.1 (4 constraints: 592739a8)
org.ow2.asm:asm-analysis:7.1 (3 constraints: c31e9ae6)
org.ow2.asm:asm-commons:7.1 (1 constraints: 3d0c63f7)
org.ow2.asm:asm-tree:7.1 (4 constraints: 0d29275e)
org.ow2.asm:asm-util:7.1 (1 constraints: 3d0c63f7)
org.slf4j:jul-to-slf4j:1.7.36 (1 constraints: 861638ff)
org.slf4j:slf4j-api:1.7.36 (5 constraints: 543c4b95)
org.springframework:spring-aop:5.3.19 (2 constraints: bb223e1f)
org.springframework:spring-beans:5.3.19 (4 constraints: 8d3ea995)
org.springframework:spring-context:5.3.19 (2 constraints: 4c23b465)
org.springframework:spring-core:5.3.19 (8 constraints: ec815a63)
org.springframework:spring-expression:5.3.19 (1 constraints: b00f6785)
org.springframework:spring-jcl:5.3.19 (1 constraints: 540ea34f)
org.springframework:spring-web:5.3.19 (3 constraints: 963e29fd)
org.springframework.boot:spring-boot:2.6.7 (2 constraints: f528ed6c)
org.springframework.boot:spring-boot-autoconfigure:2.6.7 (1 constraints: 40132133)
org.springframework.boot:spring-boot-starter:2.6.7 (2 constraints: be2cf71f)
org.springframework.boot:spring-boot-starter-jersey:2.6.7 (1 constraints: 11050e36)
org.springframework.boot:spring-boot-starter-json:2.6.7 (1 constraints: ff1522d1)
org.springframework.boot:spring-boot-starter-logging:2.6.7 (1 constraints: 40132133)
org.springframework.boot:spring-boot-starter-tomcat:2.6.7 (1 constraints: ff1522d1)
org.springframework.boot:spring-boot-starter-validation:2.6.7 (1 constraints: ff1522d1)
org.yaml:snakeyaml:1.29 (1 constraints: 0f13e01f)

[Test dependencies]
io.github.origin-energy:java-snapshot-testing-junit5:3.2.7 (1 constraints: 0e050736)
net.bytebuddy:byte-buddy:1.11.3 (1 constraints: 400b38de)
net.bytebuddy:byte-buddy-agent:1.11.3 (1 constraints: 400b38de)
org.apiguardian:apiguardian-api:1.1.0 (5 constraints: 0654a8a8)
org.assertj:assertj-core:3.19.0 (1 constraints: 3f05503b)
org.junit:junit-bom:5.7.2 (6 constraints: 4c6225fc)
org.junit.jupiter:junit-jupiter:5.7.2 (2 constraints: 200ee058)
org.junit.jupiter:junit-jupiter-api:5.7.2 (5 constraints: 4f475ad5)
org.junit.jupiter:junit-jupiter-engine:5.7.2 (2 constraints: 1f17a43c)
org.junit.jupiter:junit-jupiter-params:5.7.2 (3 constraints: 2a1cb2c9)
org.junit.platform:junit-platform-commons:1.7.2 (3 constraints: eb29562b)
org.junit.platform:junit-platform-engine:1.7.2 (2 constraints: ba19a8f3)
org.mockito:mockito-core:3.11.2 (2 constraints: 2a142386)
org.mockito:mockito-junit-jupiter:3.11.2 (1 constraints: 39053a3b)
org.objenesis:objenesis:3.2 (1 constraints: b10a13bd)
org.opentest4j:opentest4j:1.2.0 (2 constraints: cd205b49)
