
Microsoft Visual Studio Solution File, Format Version 12.00
# Visual Studio Version 17
VisualStudioVersion = 17.0.31903.59
MinimumVisualStudioVersion = 10.0.40219.1
Project("{FAE04EC0-301F-11D3-BF4B-00C04F79EFBC}") = "SeedEnum", "SeedEnum\SeedEnum.csproj", "{E38417F5-9D55-4F7E-9D13-EAEABCD32EC6}"
EndProject
Project("{FAE04EC0-301F-11D3-BF4B-00C04F79EFBC}") = "SeedEnum.Test", "SeedEnum.Test\SeedEnum.Test.csproj", "{51D0A88F-66CD-4999-8BC9-F43042A982AA}"
EndProject
Global
	GlobalSection(SolutionConfigurationPlatforms) = preSolution
		Debug|Any CPU = Debug|Any CPU
		Release|Any CPU = Release|Any CPU
	EndGlobalSection
	GlobalSection(SolutionProperties) = preSolution
		HideSolutionNode = FALSE
	EndGlobalSection
	GlobalSection(ProjectConfigurationPlatforms) = postSolution
		{E38417F5-9D55-4F7E-9D13-EAEABCD32EC6}.Debug|Any CPU.ActiveCfg = Debug|Any CPU
		{E38417F5-9D55-4F7E-9D13-EAEABCD32EC6}.Debug|Any CPU.Build.0 = Debug|Any CPU
		{E38417F5-9D55-4F7E-9D13-EAEABCD32EC6}.Release|Any CPU.ActiveCfg = Release|Any CPU
		{E38417F5-9D55-4F7E-9D13-EAEABCD32EC6}.Release|Any CPU.Build.0 = Release|Any CPU
		{51D0A88F-66CD-4999-8BC9-F43042A982AA}.Debug|Any CPU.ActiveCfg = Debug|Any CPU
		{51D0A88F-66CD-4999-8BC9-F43042A982AA}.Debug|Any CPU.Build.0 = Debug|Any CPU
		{51D0A88F-66CD-4999-8BC9-F43042A982AA}.Release|Any CPU.ActiveCfg = Release|Any CPU
		{51D0A88F-66CD-4999-8BC9-F43042A982AA}.Release|Any CPU.Build.0 = Release|Any CPU
	EndGlobalSection
EndGlobal
