
Microsoft Visual Studio Solution File, Format Version 12.00
# Visual Studio Version 17
VisualStudioVersion = 17.0.31903.59
MinimumVisualStudioVersion = 10.0.40219.1
Project("{FAE04EC0-301F-11D3-BF4B-00C04F79EFBC}") = "SeedLiteral", "SeedLiteral\SeedLiteral.csproj", "{91CFB3F3-31A5-423D-BC0D-CA6826E2F9F2}"
EndProject
Project("{FAE04EC0-301F-11D3-BF4B-00C04F79EFBC}") = "SeedLiteral.Test", "SeedLiteral.Test\SeedLiteral.Test.csproj", "{2BF7D7EE-807C-4E78-8EF6-E707CBAFD273}"
EndProject
Global
	GlobalSection(SolutionConfigurationPlatforms) = preSolution
		Debug|Any CPU = Debug|Any CPU
		Release|Any CPU = Release|Any CPU
	EndGlobalSection
	GlobalSection(SolutionProperties) = preSolution
		HideSolutionNode = FALSE
	EndGlobalSection
	GlobalSection(ProjectConfigurationPlatforms) = postSolution
		{91CFB3F3-31A5-423D-BC0D-CA6826E2F9F2}.Debug|Any CPU.ActiveCfg = Debug|Any CPU
		{91CFB3F3-31A5-423D-BC0D-CA6826E2F9F2}.Debug|Any CPU.Build.0 = Debug|Any CPU
		{91CFB3F3-31A5-423D-BC0D-CA6826E2F9F2}.Release|Any CPU.ActiveCfg = Release|Any CPU
		{91CFB3F3-31A5-423D-BC0D-CA6826E2F9F2}.Release|Any CPU.Build.0 = Release|Any CPU
		{2BF7D7EE-807C-4E78-8EF6-E707CBAFD273}.Debug|Any CPU.ActiveCfg = Debug|Any CPU
		{2BF7D7EE-807C-4E78-8EF6-E707CBAFD273}.Debug|Any CPU.Build.0 = Debug|Any CPU
		{2BF7D7EE-807C-4E78-8EF6-E707CBAFD273}.Release|Any CPU.ActiveCfg = Release|Any CPU
		{2BF7D7EE-807C-4E78-8EF6-E707CBAFD273}.Release|Any CPU.Build.0 = Release|Any CPU
	EndGlobalSection
EndGlobal
