
Microsoft Visual Studio Solution File, Format Version 12.00
# Visual Studio Version 17
VisualStudioVersion = 17.0.31903.59
MinimumVisualStudioVersion = 10.0.40219.1
Project("{FAE04EC0-301F-11D3-BF4B-00C04F79EFBC}") = "SeedUndiscriminatedUnions", "SeedUndiscriminatedUnions\SeedUndiscriminatedUnions.csproj", "{ECCFBC5B-558F-472C-AD78-2CFCC9A6030A}"
EndProject
Project("{FAE04EC0-301F-11D3-BF4B-00C04F79EFBC}") = "SeedUndiscriminatedUnions.Test", "SeedUndiscriminatedUnions.Test\SeedUndiscriminatedUnions.Test.csproj", "{8B89031A-286C-4749-8132-DA42388D1402}"
EndProject
Global
	GlobalSection(SolutionConfigurationPlatforms) = preSolution
		Debug|Any CPU = Debug|Any CPU
		Release|Any CPU = Release|Any CPU
	EndGlobalSection
	GlobalSection(SolutionProperties) = preSolution
		HideSolutionNode = FALSE
	EndGlobalSection
	GlobalSection(ProjectConfigurationPlatforms) = postSolution
		{ECCFBC5B-558F-472C-AD78-2CFCC9A6030A}.Debug|Any CPU.ActiveCfg = Debug|Any CPU
		{ECCFBC5B-558F-472C-AD78-2CFCC9A6030A}.Debug|Any CPU.Build.0 = Debug|Any CPU
		{ECCFBC5B-558F-472C-AD78-2CFCC9A6030A}.Release|Any CPU.ActiveCfg = Release|Any CPU
		{ECCFBC5B-558F-472C-AD78-2CFCC9A6030A}.Release|Any CPU.Build.0 = Release|Any CPU
		{8B89031A-286C-4749-8132-DA42388D1402}.Debug|Any CPU.ActiveCfg = Debug|Any CPU
		{8B89031A-286C-4749-8132-DA42388D1402}.Debug|Any CPU.Build.0 = Debug|Any CPU
		{8B89031A-286C-4749-8132-DA42388D1402}.Release|Any CPU.ActiveCfg = Release|Any CPU
		{8B89031A-286C-4749-8132-DA42388D1402}.Release|Any CPU.Build.0 = Release|Any CPU
	EndGlobalSection
EndGlobal
