
Microsoft Visual Studio Solution File, Format Version 12.00
# Visual Studio Version 17
VisualStudioVersion = 17.0.31903.59
MinimumVisualStudioVersion = 10.0.40219.1
Project("{FAE04EC0-301F-11D3-BF4B-00C04F79EFBC}") = "SeedExtends", "SeedExtends\SeedExtends.csproj", "{CF559664-4E38-4C2E-8C58-5A91366F7E3B}"
EndProject
Project("{FAE04EC0-301F-11D3-BF4B-00C04F79EFBC}") = "SeedExtends.Test", "SeedExtends.Test\SeedExtends.Test.csproj", "{B5D99D66-CFCB-4636-8D38-66FE8BACE75B}"
EndProject
Global
	GlobalSection(SolutionConfigurationPlatforms) = preSolution
		Debug|Any CPU = Debug|Any CPU
		Release|Any CPU = Release|Any CPU
	EndGlobalSection
	GlobalSection(SolutionProperties) = preSolution
		HideSolutionNode = FALSE
	EndGlobalSection
	GlobalSection(ProjectConfigurationPlatforms) = postSolution
		{CF559664-4E38-4C2E-8C58-5A91366F7E3B}.Debug|Any CPU.ActiveCfg = Debug|Any CPU
		{CF559664-4E38-4C2E-8C58-5A91366F7E3B}.Debug|Any CPU.Build.0 = Debug|Any CPU
		{CF559664-4E38-4C2E-8C58-5A91366F7E3B}.Release|Any CPU.ActiveCfg = Release|Any CPU
		{CF559664-4E38-4C2E-8C58-5A91366F7E3B}.Release|Any CPU.Build.0 = Release|Any CPU
		{B5D99D66-CFCB-4636-8D38-66FE8BACE75B}.Debug|Any CPU.ActiveCfg = Debug|Any CPU
		{B5D99D66-CFCB-4636-8D38-66FE8BACE75B}.Debug|Any CPU.Build.0 = Debug|Any CPU
		{B5D99D66-CFCB-4636-8D38-66FE8BACE75B}.Release|Any CPU.ActiveCfg = Release|Any CPU
		{B5D99D66-CFCB-4636-8D38-66FE8BACE75B}.Release|Any CPU.Build.0 = Release|Any CPU
	EndGlobalSection
EndGlobal
