
Microsoft Visual Studio Solution File, Format Version 12.00
# Visual Studio Version 17
VisualStudioVersion = 17.0.31903.59
MinimumVisualStudioVersion = 10.0.40219.1
Project("{FAE04EC0-301F-11D3-BF4B-00C04F79EFBC}") = "SeedExtends", "SeedExtends\SeedExtends.csproj", "{419D90BB-6296-4EAE-B7B8-05DA6A720ADC}"
EndProject
Project("{FAE04EC0-301F-11D3-BF4B-00C04F79EFBC}") = "SeedExtends.Test", "SeedExtends.Test\SeedExtends.Test.csproj", "{66184208-D025-4628-A692-39BE0AD620C2}"
EndProject
Global
	GlobalSection(SolutionConfigurationPlatforms) = preSolution
		Debug|Any CPU = Debug|Any CPU
		Release|Any CPU = Release|Any CPU
	EndGlobalSection
	GlobalSection(SolutionProperties) = preSolution
		HideSolutionNode = FALSE
	EndGlobalSection
	GlobalSection(ProjectConfigurationPlatforms) = postSolution
		{419D90BB-6296-4EAE-B7B8-05DA6A720ADC}.Debug|Any CPU.ActiveCfg = Debug|Any CPU
		{419D90BB-6296-4EAE-B7B8-05DA6A720ADC}.Debug|Any CPU.Build.0 = Debug|Any CPU
		{419D90BB-6296-4EAE-B7B8-05DA6A720ADC}.Release|Any CPU.ActiveCfg = Release|Any CPU
		{419D90BB-6296-4EAE-B7B8-05DA6A720ADC}.Release|Any CPU.Build.0 = Release|Any CPU
		{66184208-D025-4628-A692-39BE0AD620C2}.Debug|Any CPU.ActiveCfg = Debug|Any CPU
		{66184208-D025-4628-A692-39BE0AD620C2}.Debug|Any CPU.Build.0 = Debug|Any CPU
		{66184208-D025-4628-A692-39BE0AD620C2}.Release|Any CPU.ActiveCfg = Release|Any CPU
		{66184208-D025-4628-A692-39BE0AD620C2}.Release|Any CPU.Build.0 = Release|Any CPU
	EndGlobalSection
EndGlobal
