
Microsoft Visual Studio Solution File, Format Version 12.00
# Visual Studio Version 17
VisualStudioVersion = 17.0.31903.59
MinimumVisualStudioVersion = 10.0.40219.1
Project("{FAE04EC0-301F-11D3-BF4B-00C04F79EFBC}") = "SeedMixedCase", "SeedMixedCase\SeedMixedCase.csproj", "{054A1F80-471D-402B-90E6-85DEF89130ED}"
EndProject
Project("{FAE04EC0-301F-11D3-BF4B-00C04F79EFBC}") = "SeedMixedCase.Test", "SeedMixedCase.Test\SeedMixedCase.Test.csproj", "{01928CF9-0D80-4BC9-8317-81F54092467C}"
EndProject
Global
	GlobalSection(SolutionConfigurationPlatforms) = preSolution
		Debug|Any CPU = Debug|Any CPU
		Release|Any CPU = Release|Any CPU
	EndGlobalSection
	GlobalSection(SolutionProperties) = preSolution
		HideSolutionNode = FALSE
	EndGlobalSection
	GlobalSection(ProjectConfigurationPlatforms) = postSolution
		{054A1F80-471D-402B-90E6-85DEF89130ED}.Debug|Any CPU.ActiveCfg = Debug|Any CPU
		{054A1F80-471D-402B-90E6-85DEF89130ED}.Debug|Any CPU.Build.0 = Debug|Any CPU
		{054A1F80-471D-402B-90E6-85DEF89130ED}.Release|Any CPU.ActiveCfg = Release|Any CPU
		{054A1F80-471D-402B-90E6-85DEF89130ED}.Release|Any CPU.Build.0 = Release|Any CPU
		{01928CF9-0D80-4BC9-8317-81F54092467C}.Debug|Any CPU.ActiveCfg = Debug|Any CPU
		{01928CF9-0D80-4BC9-8317-81F54092467C}.Debug|Any CPU.Build.0 = Debug|Any CPU
		{01928CF9-0D80-4BC9-8317-81F54092467C}.Release|Any CPU.ActiveCfg = Release|Any CPU
		{01928CF9-0D80-4BC9-8317-81F54092467C}.Release|Any CPU.Build.0 = Release|Any CPU
	EndGlobalSection
EndGlobal
