
Microsoft Visual Studio Solution File, Format Version 12.00
# Visual Studio Version 17
VisualStudioVersion = 17.0.31903.59
MinimumVisualStudioVersion = 10.0.40219.1
Project("{FAE04EC0-301F-11D3-BF4B-00C04F79EFBC}") = "SeedFileDownload", "SeedFileDownload\SeedFileDownload.csproj", "{F2ABA1BC-A52F-4E9B-923E-E84A0EC9FC7D}"
EndProject
Project("{FAE04EC0-301F-11D3-BF4B-00C04F79EFBC}") = "SeedFileDownload.Test", "SeedFileDownload.Test\SeedFileDownload.Test.csproj", "{93D28748-1FCD-4F9D-981D-28AAF6B701C2}"
EndProject
Global
	GlobalSection(SolutionConfigurationPlatforms) = preSolution
		Debug|Any CPU = Debug|Any CPU
		Release|Any CPU = Release|Any CPU
	EndGlobalSection
	GlobalSection(SolutionProperties) = preSolution
		HideSolutionNode = FALSE
	EndGlobalSection
	GlobalSection(ProjectConfigurationPlatforms) = postSolution
		{F2ABA1BC-A52F-4E9B-923E-E84A0EC9FC7D}.Debug|Any CPU.ActiveCfg = Debug|Any CPU
		{F2ABA1BC-A52F-4E9B-923E-E84A0EC9FC7D}.Debug|Any CPU.Build.0 = Debug|Any CPU
		{F2ABA1BC-A52F-4E9B-923E-E84A0EC9FC7D}.Release|Any CPU.ActiveCfg = Release|Any CPU
		{F2ABA1BC-A52F-4E9B-923E-E84A0EC9FC7D}.Release|Any CPU.Build.0 = Release|Any CPU
		{93D28748-1FCD-4F9D-981D-28AAF6B701C2}.Debug|Any CPU.ActiveCfg = Debug|Any CPU
		{93D28748-1FCD-4F9D-981D-28AAF6B701C2}.Debug|Any CPU.Build.0 = Debug|Any CPU
		{93D28748-1FCD-4F9D-981D-28AAF6B701C2}.Release|Any CPU.ActiveCfg = Release|Any CPU
		{93D28748-1FCD-4F9D-981D-28AAF6B701C2}.Release|Any CPU.Build.0 = Release|Any CPU
	EndGlobalSection
EndGlobal
