
Microsoft Visual Studio Solution File, Format Version 12.00
# Visual Studio Version 17
VisualStudioVersion = 17.0.31903.59
MinimumVisualStudioVersion = 10.0.40219.1
Project("{FAE04EC0-301F-11D3-BF4B-00C04F79EFBC}") = "SeedFileDownload", "SeedFileDownload\SeedFileDownload.csproj", "{EC496168-D9E3-49D2-BFF6-8095AD36AC00}"
EndProject
Project("{FAE04EC0-301F-11D3-BF4B-00C04F79EFBC}") = "SeedFileDownload.Test", "SeedFileDownload.Test\SeedFileDownload.Test.csproj", "{F962DC9D-20E0-44A6-B964-AF14882A2F0F}"
EndProject
Global
	GlobalSection(SolutionConfigurationPlatforms) = preSolution
		Debug|Any CPU = Debug|Any CPU
		Release|Any CPU = Release|Any CPU
	EndGlobalSection
	GlobalSection(SolutionProperties) = preSolution
		HideSolutionNode = FALSE
	EndGlobalSection
	GlobalSection(ProjectConfigurationPlatforms) = postSolution
		{EC496168-D9E3-49D2-BFF6-8095AD36AC00}.Debug|Any CPU.ActiveCfg = Debug|Any CPU
		{EC496168-D9E3-49D2-BFF6-8095AD36AC00}.Debug|Any CPU.Build.0 = Debug|Any CPU
		{EC496168-D9E3-49D2-BFF6-8095AD36AC00}.Release|Any CPU.ActiveCfg = Release|Any CPU
		{EC496168-D9E3-49D2-BFF6-8095AD36AC00}.Release|Any CPU.Build.0 = Release|Any CPU
		{F962DC9D-20E0-44A6-B964-AF14882A2F0F}.Debug|Any CPU.ActiveCfg = Debug|Any CPU
		{F962DC9D-20E0-44A6-B964-AF14882A2F0F}.Debug|Any CPU.Build.0 = Debug|Any CPU
		{F962DC9D-20E0-44A6-B964-AF14882A2F0F}.Release|Any CPU.ActiveCfg = Release|Any CPU
		{F962DC9D-20E0-44A6-B964-AF14882A2F0F}.Release|Any CPU.Build.0 = Release|Any CPU
	EndGlobalSection
EndGlobal
