
Microsoft Visual Studio Solution File, Format Version 12.00
# Visual Studio Version 17
VisualStudioVersion = 17.0.31903.59
MinimumVisualStudioVersion = 10.0.40219.1
Project("{FAE04EC0-301F-11D3-BF4B-00C04F79EFBC}") = "SeedVersion", "SeedVersion\SeedVersion.csproj", "{85AFBCE2-1D9D-4CA2-9EC3-7D353C32ADD2}"
EndProject
Project("{FAE04EC0-301F-11D3-BF4B-00C04F79EFBC}") = "SeedVersion.Test", "SeedVersion.Test\SeedVersion.Test.csproj", "{B955E325-0F0B-4255-A62B-D432EC6C63AE}"
EndProject
Global
	GlobalSection(SolutionConfigurationPlatforms) = preSolution
		Debug|Any CPU = Debug|Any CPU
		Release|Any CPU = Release|Any CPU
	EndGlobalSection
	GlobalSection(SolutionProperties) = preSolution
		HideSolutionNode = FALSE
	EndGlobalSection
	GlobalSection(ProjectConfigurationPlatforms) = postSolution
		{85AFBCE2-1D9D-4CA2-9EC3-7D353C32ADD2}.Debug|Any CPU.ActiveCfg = Debug|Any CPU
		{85AFBCE2-1D9D-4CA2-9EC3-7D353C32ADD2}.Debug|Any CPU.Build.0 = Debug|Any CPU
		{85AFBCE2-1D9D-4CA2-9EC3-7D353C32ADD2}.Release|Any CPU.ActiveCfg = Release|Any CPU
		{85AFBCE2-1D9D-4CA2-9EC3-7D353C32ADD2}.Release|Any CPU.Build.0 = Release|Any CPU
		{B955E325-0F0B-4255-A62B-D432EC6C63AE}.Debug|Any CPU.ActiveCfg = Debug|Any CPU
		{B955E325-0F0B-4255-A62B-D432EC6C63AE}.Debug|Any CPU.Build.0 = Debug|Any CPU
		{B955E325-0F0B-4255-A62B-D432EC6C63AE}.Release|Any CPU.ActiveCfg = Release|Any CPU
		{B955E325-0F0B-4255-A62B-D432EC6C63AE}.Release|Any CPU.Build.0 = Release|Any CPU
	EndGlobalSection
EndGlobal
