
Microsoft Visual Studio Solution File, Format Version 12.00
# Visual Studio Version 17
VisualStudioVersion = 17.0.31903.59
MinimumVisualStudioVersion = 10.0.40219.1
Project("{FAE04EC0-301F-11D3-BF4B-00C04F79EFBC}") = "SeedVersion", "SeedVersion\SeedVersion.csproj", "{5F26ACA3-5870-4ED5-9DDE-E862BDA53A38}"
EndProject
Project("{FAE04EC0-301F-11D3-BF4B-00C04F79EFBC}") = "SeedVersion.Test", "SeedVersion.Test\SeedVersion.Test.csproj", "{FE91DFF2-43EB-41A8-B21E-FF73C8B2D8C9}"
EndProject
Global
	GlobalSection(SolutionConfigurationPlatforms) = preSolution
		Debug|Any CPU = Debug|Any CPU
		Release|Any CPU = Release|Any CPU
	EndGlobalSection
	GlobalSection(SolutionProperties) = preSolution
		HideSolutionNode = FALSE
	EndGlobalSection
	GlobalSection(ProjectConfigurationPlatforms) = postSolution
		{5F26ACA3-5870-4ED5-9DDE-E862BDA53A38}.Debug|Any CPU.ActiveCfg = Debug|Any CPU
		{5F26ACA3-5870-4ED5-9DDE-E862BDA53A38}.Debug|Any CPU.Build.0 = Debug|Any CPU
		{5F26ACA3-5870-4ED5-9DDE-E862BDA53A38}.Release|Any CPU.ActiveCfg = Release|Any CPU
		{5F26ACA3-5870-4ED5-9DDE-E862BDA53A38}.Release|Any CPU.Build.0 = Release|Any CPU
		{FE91DFF2-43EB-41A8-B21E-FF73C8B2D8C9}.Debug|Any CPU.ActiveCfg = Debug|Any CPU
		{FE91DFF2-43EB-41A8-B21E-FF73C8B2D8C9}.Debug|Any CPU.Build.0 = Debug|Any CPU
		{FE91DFF2-43EB-41A8-B21E-FF73C8B2D8C9}.Release|Any CPU.ActiveCfg = Release|Any CPU
		{FE91DFF2-43EB-41A8-B21E-FF73C8B2D8C9}.Release|Any CPU.Build.0 = Release|Any CPU
	EndGlobalSection
EndGlobal
