
Microsoft Visual Studio Solution File, Format Version 12.00
# Visual Studio Version 17
VisualStudioVersion = 17.0.31903.59
MinimumVisualStudioVersion = 10.0.40219.1
Project("{FAE04EC0-301F-11D3-BF4B-00C04F79EFBC}") = "SeedExhaustive", "SeedExhaustive\SeedExhaustive.csproj", "{7A15C171-7CAC-4B6B-B360-C403A46EAC2B}"
EndProject
Project("{FAE04EC0-301F-11D3-BF4B-00C04F79EFBC}") = "SeedExhaustive.Test", "SeedExhaustive.Test\SeedExhaustive.Test.csproj", "{A072C902-9A9A-4235-87FA-D5F980E5FA06}"
EndProject
Global
	GlobalSection(SolutionConfigurationPlatforms) = preSolution
		Debug|Any CPU = Debug|Any CPU
		Release|Any CPU = Release|Any CPU
	EndGlobalSection
	GlobalSection(SolutionProperties) = preSolution
		HideSolutionNode = FALSE
	EndGlobalSection
	GlobalSection(ProjectConfigurationPlatforms) = postSolution
		{7A15C171-7CAC-4B6B-B360-C403A46EAC2B}.Debug|Any CPU.ActiveCfg = Debug|Any CPU
		{7A15C171-7CAC-4B6B-B360-C403A46EAC2B}.Debug|Any CPU.Build.0 = Debug|Any CPU
		{7A15C171-7CAC-4B6B-B360-C403A46EAC2B}.Release|Any CPU.ActiveCfg = Release|Any CPU
		{7A15C171-7CAC-4B6B-B360-C403A46EAC2B}.Release|Any CPU.Build.0 = Release|Any CPU
		{A072C902-9A9A-4235-87FA-D5F980E5FA06}.Debug|Any CPU.ActiveCfg = Debug|Any CPU
		{A072C902-9A9A-4235-87FA-D5F980E5FA06}.Debug|Any CPU.Build.0 = Debug|Any CPU
		{A072C902-9A9A-4235-87FA-D5F980E5FA06}.Release|Any CPU.ActiveCfg = Release|Any CPU
		{A072C902-9A9A-4235-87FA-D5F980E5FA06}.Release|Any CPU.Build.0 = Release|Any CPU
	EndGlobalSection
EndGlobal
