
Microsoft Visual Studio Solution File, Format Version 12.00
# Visual Studio Version 17
VisualStudioVersion = 17.0.31903.59
MinimumVisualStudioVersion = 10.0.40219.1
Project("{FAE04EC0-301F-11D3-BF4B-00C04F79EFBC}") = "SeedBytes", "SeedBytes\SeedBytes.csproj", "{BF0B513C-FF33-4912-80D6-3C95A817971A}"
EndProject
Project("{FAE04EC0-301F-11D3-BF4B-00C04F79EFBC}") = "SeedBytes.Test", "SeedBytes.Test\SeedBytes.Test.csproj", "{C6670044-72A5-4779-96EC-921E1DDAF074}"
EndProject
Global
	GlobalSection(SolutionConfigurationPlatforms) = preSolution
		Debug|Any CPU = Debug|Any CPU
		Release|Any CPU = Release|Any CPU
	EndGlobalSection
	GlobalSection(SolutionProperties) = preSolution
		HideSolutionNode = FALSE
	EndGlobalSection
	GlobalSection(ProjectConfigurationPlatforms) = postSolution
		{BF0B513C-FF33-4912-80D6-3C95A817971A}.Debug|Any CPU.ActiveCfg = Debug|Any CPU
		{BF0B513C-FF33-4912-80D6-3C95A817971A}.Debug|Any CPU.Build.0 = Debug|Any CPU
		{BF0B513C-FF33-4912-80D6-3C95A817971A}.Release|Any CPU.ActiveCfg = Release|Any CPU
		{BF0B513C-FF33-4912-80D6-3C95A817971A}.Release|Any CPU.Build.0 = Release|Any CPU
		{C6670044-72A5-4779-96EC-921E1DDAF074}.Debug|Any CPU.ActiveCfg = Debug|Any CPU
		{C6670044-72A5-4779-96EC-921E1DDAF074}.Debug|Any CPU.Build.0 = Debug|Any CPU
		{C6670044-72A5-4779-96EC-921E1DDAF074}.Release|Any CPU.ActiveCfg = Release|Any CPU
		{C6670044-72A5-4779-96EC-921E1DDAF074}.Release|Any CPU.Build.0 = Release|Any CPU
	EndGlobalSection
EndGlobal
