
Microsoft Visual Studio Solution File, Format Version 12.00
# Visual Studio Version 17
VisualStudioVersion = 17.0.31903.59
MinimumVisualStudioVersion = 10.0.40219.1
Project("{FAE04EC0-301F-11D3-BF4B-00C04F79EFBC}") = "SeedTrace", "SeedTrace\SeedTrace.csproj", "{566F5631-6DAE-41A8-B507-4C7CB53FFEAC}"
EndProject
Project("{FAE04EC0-301F-11D3-BF4B-00C04F79EFBC}") = "SeedTrace.Test", "SeedTrace.Test\SeedTrace.Test.csproj", "{C973F634-8EDE-4F22-8EB1-03909B85A57C}"
EndProject
Global
	GlobalSection(SolutionConfigurationPlatforms) = preSolution
		Debug|Any CPU = Debug|Any CPU
		Release|Any CPU = Release|Any CPU
	EndGlobalSection
	GlobalSection(SolutionProperties) = preSolution
		HideSolutionNode = FALSE
	EndGlobalSection
	GlobalSection(ProjectConfigurationPlatforms) = postSolution
		{566F5631-6DAE-41A8-B507-4C7CB53FFEAC}.Debug|Any CPU.ActiveCfg = Debug|Any CPU
		{566F5631-6DAE-41A8-B507-4C7CB53FFEAC}.Debug|Any CPU.Build.0 = Debug|Any CPU
		{566F5631-6DAE-41A8-B507-4C7CB53FFEAC}.Release|Any CPU.ActiveCfg = Release|Any CPU
		{566F5631-6DAE-41A8-B507-4C7CB53FFEAC}.Release|Any CPU.Build.0 = Release|Any CPU
		{C973F634-8EDE-4F22-8EB1-03909B85A57C}.Debug|Any CPU.ActiveCfg = Debug|Any CPU
		{C973F634-8EDE-4F22-8EB1-03909B85A57C}.Debug|Any CPU.Build.0 = Debug|Any CPU
		{C973F634-8EDE-4F22-8EB1-03909B85A57C}.Release|Any CPU.ActiveCfg = Release|Any CPU
		{C973F634-8EDE-4F22-8EB1-03909B85A57C}.Release|Any CPU.Build.0 = Release|Any CPU
	EndGlobalSection
EndGlobal
