
Microsoft Visual Studio Solution File, Format Version 12.00
# Visual Studio Version 17
VisualStudioVersion = 17.0.31903.59
MinimumVisualStudioVersion = 10.0.40219.1
Project("{FAE04EC0-301F-11D3-BF4B-00C04F79EFBC}") = "SeedQueryParametersClient", "SeedQueryParametersClient\SeedQueryParametersClient.csproj", "{74ED8BF0-CBA6-4B72-A33B-16DA415DC91F}"
EndProject
Project("{FAE04EC0-301F-11D3-BF4B-00C04F79EFBC}") = "SeedQueryParametersClient.Test", "SeedQueryParametersClient.Test\SeedQueryParametersClient.Test.csproj", "{A877E12A-2E63-4AD5-B07C-91F27C697D2C}"
EndProject
Global
	GlobalSection(SolutionConfigurationPlatforms) = preSolution
		Debug|Any CPU = Debug|Any CPU
		Release|Any CPU = Release|Any CPU
	EndGlobalSection
	GlobalSection(SolutionProperties) = preSolution
		HideSolutionNode = FALSE
	EndGlobalSection
	GlobalSection(ProjectConfigurationPlatforms) = postSolution
		{74ED8BF0-CBA6-4B72-A33B-16DA415DC91F}.Debug|Any CPU.ActiveCfg = Debug|Any CPU
		{74ED8BF0-CBA6-4B72-A33B-16DA415DC91F}.Debug|Any CPU.Build.0 = Debug|Any CPU
		{74ED8BF0-CBA6-4B72-A33B-16DA415DC91F}.Release|Any CPU.ActiveCfg = Release|Any CPU
		{74ED8BF0-CBA6-4B72-A33B-16DA415DC91F}.Release|Any CPU.Build.0 = Release|Any CPU
		{A877E12A-2E63-4AD5-B07C-91F27C697D2C}.Debug|Any CPU.ActiveCfg = Debug|Any CPU
		{A877E12A-2E63-4AD5-B07C-91F27C697D2C}.Debug|Any CPU.Build.0 = Debug|Any CPU
		{A877E12A-2E63-4AD5-B07C-91F27C697D2C}.Release|Any CPU.ActiveCfg = Release|Any CPU
		{A877E12A-2E63-4AD5-B07C-91F27C697D2C}.Release|Any CPU.Build.0 = Release|Any CPU
	EndGlobalSection
EndGlobal
