
Microsoft Visual Studio Solution File, Format Version 12.00
# Visual Studio Version 17
VisualStudioVersion = 17.0.31903.59
MinimumVisualStudioVersion = 10.0.40219.1
Project("{FAE04EC0-301F-11D3-BF4B-00C04F79EFBC}") = "SeedQueryParameters", "SeedQueryParameters\SeedQueryParameters.csproj", "{4AD5E895-33A0-4D4B-901B-DB2EDCA11EBA}"
EndProject
Project("{FAE04EC0-301F-11D3-BF4B-00C04F79EFBC}") = "SeedQueryParameters.Test", "SeedQueryParameters.Test\SeedQueryParameters.Test.csproj", "{6354C3FF-F7D2-453B-90CC-31C27B6928B1}"
EndProject
Global
	GlobalSection(SolutionConfigurationPlatforms) = preSolution
		Debug|Any CPU = Debug|Any CPU
		Release|Any CPU = Release|Any CPU
	EndGlobalSection
	GlobalSection(SolutionProperties) = preSolution
		HideSolutionNode = FALSE
	EndGlobalSection
	GlobalSection(ProjectConfigurationPlatforms) = postSolution
		{4AD5E895-33A0-4D4B-901B-DB2EDCA11EBA}.Debug|Any CPU.ActiveCfg = Debug|Any CPU
		{4AD5E895-33A0-4D4B-901B-DB2EDCA11EBA}.Debug|Any CPU.Build.0 = Debug|Any CPU
		{4AD5E895-33A0-4D4B-901B-DB2EDCA11EBA}.Release|Any CPU.ActiveCfg = Release|Any CPU
		{4AD5E895-33A0-4D4B-901B-DB2EDCA11EBA}.Release|Any CPU.Build.0 = Release|Any CPU
		{6354C3FF-F7D2-453B-90CC-31C27B6928B1}.Debug|Any CPU.ActiveCfg = Debug|Any CPU
		{6354C3FF-F7D2-453B-90CC-31C27B6928B1}.Debug|Any CPU.Build.0 = Debug|Any CPU
		{6354C3FF-F7D2-453B-90CC-31C27B6928B1}.Release|Any CPU.ActiveCfg = Release|Any CPU
		{6354C3FF-F7D2-453B-90CC-31C27B6928B1}.Release|Any CPU.Build.0 = Release|Any CPU
	EndGlobalSection
EndGlobal
