
Microsoft Visual Studio Solution File, Format Version 12.00
# Visual Studio Version 17
VisualStudioVersion = 17.0.31903.59
MinimumVisualStudioVersion = 10.0.40219.1
Project("{FAE04EC0-301F-11D3-BF4B-00C04F79EFBC}") = "SeedEnumClient", "SeedEnumClient\SeedEnumClient.csproj", "{B4B427E4-EEB9-41C8-A3C4-9D0E43EC52D1}"
EndProject
Project("{FAE04EC0-301F-11D3-BF4B-00C04F79EFBC}") = "SeedEnumClient.Test", "SeedEnumClient.Test\SeedEnumClient.Test.csproj", "{90991ABA-99CC-43EE-8FFD-9390D910FF3A}"
EndProject
Global
	GlobalSection(SolutionConfigurationPlatforms) = preSolution
		Debug|Any CPU = Debug|Any CPU
		Release|Any CPU = Release|Any CPU
	EndGlobalSection
	GlobalSection(SolutionProperties) = preSolution
		HideSolutionNode = FALSE
	EndGlobalSection
	GlobalSection(ProjectConfigurationPlatforms) = postSolution
		{B4B427E4-EEB9-41C8-A3C4-9D0E43EC52D1}.Debug|Any CPU.ActiveCfg = Debug|Any CPU
		{B4B427E4-EEB9-41C8-A3C4-9D0E43EC52D1}.Debug|Any CPU.Build.0 = Debug|Any CPU
		{B4B427E4-EEB9-41C8-A3C4-9D0E43EC52D1}.Release|Any CPU.ActiveCfg = Release|Any CPU
		{B4B427E4-EEB9-41C8-A3C4-9D0E43EC52D1}.Release|Any CPU.Build.0 = Release|Any CPU
		{90991ABA-99CC-43EE-8FFD-9390D910FF3A}.Debug|Any CPU.ActiveCfg = Debug|Any CPU
		{90991ABA-99CC-43EE-8FFD-9390D910FF3A}.Debug|Any CPU.Build.0 = Debug|Any CPU
		{90991ABA-99CC-43EE-8FFD-9390D910FF3A}.Release|Any CPU.ActiveCfg = Release|Any CPU
		{90991ABA-99CC-43EE-8FFD-9390D910FF3A}.Release|Any CPU.Build.0 = Release|Any CPU
	EndGlobalSection
EndGlobal
