
Microsoft Visual Studio Solution File, Format Version 12.00
# Visual Studio Version 17
VisualStudioVersion = 17.0.31903.59
MinimumVisualStudioVersion = 10.0.40219.1
Project("{FAE04EC0-301F-11D3-BF4B-00C04F79EFBC}") = "Client", "Client\Client.csproj", "{64E4D6C5-03AC-49FA-B8BC-09160F666A53}"
EndProject
Project("{FAE04EC0-301F-11D3-BF4B-00C04F79EFBC}") = "Client.Test", "Client.Test\Client.Test.csproj", "{05AC9191-B9D4-4B7E-802A-7BBEDEBFAAAD}"
EndProject
Global
	GlobalSection(SolutionConfigurationPlatforms) = preSolution
		Debug|Any CPU = Debug|Any CPU
		Release|Any CPU = Release|Any CPU
	EndGlobalSection
	GlobalSection(SolutionProperties) = preSolution
		HideSolutionNode = FALSE
	EndGlobalSection
	GlobalSection(ProjectConfigurationPlatforms) = postSolution
		{64E4D6C5-03AC-49FA-B8BC-09160F666A53}.Debug|Any CPU.ActiveCfg = Debug|Any CPU
		{64E4D6C5-03AC-49FA-B8BC-09160F666A53}.Debug|Any CPU.Build.0 = Debug|Any CPU
		{64E4D6C5-03AC-49FA-B8BC-09160F666A53}.Release|Any CPU.ActiveCfg = Release|Any CPU
		{64E4D6C5-03AC-49FA-B8BC-09160F666A53}.Release|Any CPU.Build.0 = Release|Any CPU
		{05AC9191-B9D4-4B7E-802A-7BBEDEBFAAAD}.Debug|Any CPU.ActiveCfg = Debug|Any CPU
		{05AC9191-B9D4-4B7E-802A-7BBEDEBFAAAD}.Debug|Any CPU.Build.0 = Debug|Any CPU
		{05AC9191-B9D4-4B7E-802A-7BBEDEBFAAAD}.Release|Any CPU.ActiveCfg = Release|Any CPU
		{05AC9191-B9D4-4B7E-802A-7BBEDEBFAAAD}.Release|Any CPU.Build.0 = Release|Any CPU
	EndGlobalSection
EndGlobal
