
Microsoft Visual Studio Solution File, Format Version 12.00
# Visual Studio Version 17
VisualStudioVersion = 17.0.31903.59
MinimumVisualStudioVersion = 10.0.40219.1
Project("{FAE04EC0-301F-11D3-BF4B-00C04F79EFBC}") = "SeedBasicAuth", "SeedBasicAuth\SeedBasicAuth.csproj", "{32DE8F37-0246-4C5A-B4F3-80D715D18C2F}"
EndProject
Project("{FAE04EC0-301F-11D3-BF4B-00C04F79EFBC}") = "SeedBasicAuth.Test", "SeedBasicAuth.Test\SeedBasicAuth.Test.csproj", "{18CED44C-3D73-4E8D-B215-592B4EAE9595}"
EndProject
Global
	GlobalSection(SolutionConfigurationPlatforms) = preSolution
		Debug|Any CPU = Debug|Any CPU
		Release|Any CPU = Release|Any CPU
	EndGlobalSection
	GlobalSection(SolutionProperties) = preSolution
		HideSolutionNode = FALSE
	EndGlobalSection
	GlobalSection(ProjectConfigurationPlatforms) = postSolution
		{32DE8F37-0246-4C5A-B4F3-80D715D18C2F}.Debug|Any CPU.ActiveCfg = Debug|Any CPU
		{32DE8F37-0246-4C5A-B4F3-80D715D18C2F}.Debug|Any CPU.Build.0 = Debug|Any CPU
		{32DE8F37-0246-4C5A-B4F3-80D715D18C2F}.Release|Any CPU.ActiveCfg = Release|Any CPU
		{32DE8F37-0246-4C5A-B4F3-80D715D18C2F}.Release|Any CPU.Build.0 = Release|Any CPU
		{18CED44C-3D73-4E8D-B215-592B4EAE9595}.Debug|Any CPU.ActiveCfg = Debug|Any CPU
		{18CED44C-3D73-4E8D-B215-592B4EAE9595}.Debug|Any CPU.Build.0 = Debug|Any CPU
		{18CED44C-3D73-4E8D-B215-592B4EAE9595}.Release|Any CPU.ActiveCfg = Release|Any CPU
		{18CED44C-3D73-4E8D-B215-592B4EAE9595}.Release|Any CPU.Build.0 = Release|Any CPU
	EndGlobalSection
EndGlobal
