
Microsoft Visual Studio Solution File, Format Version 12.00
# Visual Studio Version 17
VisualStudioVersion = 17.0.31903.59
MinimumVisualStudioVersion = 10.0.40219.1
Project("{FAE04EC0-301F-11D3-BF4B-00C04F79EFBC}") = "SeedMultiLineDocs", "SeedMultiLineDocs\SeedMultiLineDocs.csproj", "{4A5BB604-F993-4BB6-B985-29262F4F1A85}"
EndProject
Project("{FAE04EC0-301F-11D3-BF4B-00C04F79EFBC}") = "SeedMultiLineDocs.Test", "SeedMultiLineDocs.Test\SeedMultiLineDocs.Test.csproj", "{D176523E-1EF5-46E6-912D-F62F99DA127A}"
EndProject
Global
	GlobalSection(SolutionConfigurationPlatforms) = preSolution
		Debug|Any CPU = Debug|Any CPU
		Release|Any CPU = Release|Any CPU
	EndGlobalSection
	GlobalSection(SolutionProperties) = preSolution
		HideSolutionNode = FALSE
	EndGlobalSection
	GlobalSection(ProjectConfigurationPlatforms) = postSolution
		{4A5BB604-F993-4BB6-B985-29262F4F1A85}.Debug|Any CPU.ActiveCfg = Debug|Any CPU
		{4A5BB604-F993-4BB6-B985-29262F4F1A85}.Debug|Any CPU.Build.0 = Debug|Any CPU
		{4A5BB604-F993-4BB6-B985-29262F4F1A85}.Release|Any CPU.ActiveCfg = Release|Any CPU
		{4A5BB604-F993-4BB6-B985-29262F4F1A85}.Release|Any CPU.Build.0 = Release|Any CPU
		{D176523E-1EF5-46E6-912D-F62F99DA127A}.Debug|Any CPU.ActiveCfg = Debug|Any CPU
		{D176523E-1EF5-46E6-912D-F62F99DA127A}.Debug|Any CPU.Build.0 = Debug|Any CPU
		{D176523E-1EF5-46E6-912D-F62F99DA127A}.Release|Any CPU.ActiveCfg = Release|Any CPU
		{D176523E-1EF5-46E6-912D-F62F99DA127A}.Release|Any CPU.Build.0 = Release|Any CPU
	EndGlobalSection
EndGlobal
