
Microsoft Visual Studio Solution File, Format Version 12.00
# Visual Studio Version 17
VisualStudioVersion = 17.0.31903.59
MinimumVisualStudioVersion = 10.0.40219.1
Project("{FAE04EC0-301F-11D3-BF4B-00C04F79EFBC}") = "SeedServerSentEvents", "SeedServerSentEvents\SeedServerSentEvents.csproj", "{B4B0CF29-2ABC-4EB9-9139-8BF00C34FFA8}"
EndProject
Project("{FAE04EC0-301F-11D3-BF4B-00C04F79EFBC}") = "SeedServerSentEvents.Test", "SeedServerSentEvents.Test\SeedServerSentEvents.Test.csproj", "{53B46ECA-952B-4F2B-98AE-D194F37B486F}"
EndProject
Global
	GlobalSection(SolutionConfigurationPlatforms) = preSolution
		Debug|Any CPU = Debug|Any CPU
		Release|Any CPU = Release|Any CPU
	EndGlobalSection
	GlobalSection(SolutionProperties) = preSolution
		HideSolutionNode = FALSE
	EndGlobalSection
	GlobalSection(ProjectConfigurationPlatforms) = postSolution
		{B4B0CF29-2ABC-4EB9-9139-8BF00C34FFA8}.Debug|Any CPU.ActiveCfg = Debug|Any CPU
		{B4B0CF29-2ABC-4EB9-9139-8BF00C34FFA8}.Debug|Any CPU.Build.0 = Debug|Any CPU
		{B4B0CF29-2ABC-4EB9-9139-8BF00C34FFA8}.Release|Any CPU.ActiveCfg = Release|Any CPU
		{B4B0CF29-2ABC-4EB9-9139-8BF00C34FFA8}.Release|Any CPU.Build.0 = Release|Any CPU
		{53B46ECA-952B-4F2B-98AE-D194F37B486F}.Debug|Any CPU.ActiveCfg = Debug|Any CPU
		{53B46ECA-952B-4F2B-98AE-D194F37B486F}.Debug|Any CPU.Build.0 = Debug|Any CPU
		{53B46ECA-952B-4F2B-98AE-D194F37B486F}.Release|Any CPU.ActiveCfg = Release|Any CPU
		{53B46ECA-952B-4F2B-98AE-D194F37B486F}.Release|Any CPU.Build.0 = Release|Any CPU
	EndGlobalSection
EndGlobal
