
Microsoft Visual Studio Solution File, Format Version 12.00
# Visual Studio Version 17
VisualStudioVersion = 17.0.31903.59
MinimumVisualStudioVersion = 10.0.40219.1
Project("{FAE04EC0-301F-11D3-BF4B-00C04F79EFBC}") = "SeedServerSentEvents", "SeedServerSentEvents\SeedServerSentEvents.csproj", "{2275C2FA-62EF-4B55-9811-C42F2CA3DBCA}"
EndProject
Project("{FAE04EC0-301F-11D3-BF4B-00C04F79EFBC}") = "SeedServerSentEvents.Test", "SeedServerSentEvents.Test\SeedServerSentEvents.Test.csproj", "{1D3FA895-F971-4EBC-8555-8E14E75423D7}"
EndProject
Global
	GlobalSection(SolutionConfigurationPlatforms) = preSolution
		Debug|Any CPU = Debug|Any CPU
		Release|Any CPU = Release|Any CPU
	EndGlobalSection
	GlobalSection(SolutionProperties) = preSolution
		HideSolutionNode = FALSE
	EndGlobalSection
	GlobalSection(ProjectConfigurationPlatforms) = postSolution
		{2275C2FA-62EF-4B55-9811-C42F2CA3DBCA}.Debug|Any CPU.ActiveCfg = Debug|Any CPU
		{2275C2FA-62EF-4B55-9811-C42F2CA3DBCA}.Debug|Any CPU.Build.0 = Debug|Any CPU
		{2275C2FA-62EF-4B55-9811-C42F2CA3DBCA}.Release|Any CPU.ActiveCfg = Release|Any CPU
		{2275C2FA-62EF-4B55-9811-C42F2CA3DBCA}.Release|Any CPU.Build.0 = Release|Any CPU
		{1D3FA895-F971-4EBC-8555-8E14E75423D7}.Debug|Any CPU.ActiveCfg = Debug|Any CPU
		{1D3FA895-F971-4EBC-8555-8E14E75423D7}.Debug|Any CPU.Build.0 = Debug|Any CPU
		{1D3FA895-F971-4EBC-8555-8E14E75423D7}.Release|Any CPU.ActiveCfg = Release|Any CPU
		{1D3FA895-F971-4EBC-8555-8E14E75423D7}.Release|Any CPU.Build.0 = Release|Any CPU
	EndGlobalSection
EndGlobal
