
Microsoft Visual Studio Solution File, Format Version 12.00
# Visual Studio Version 17
VisualStudioVersion = 17.0.31903.59
MinimumVisualStudioVersion = 10.0.40219.1
Project("{FAE04EC0-301F-11D3-BF4B-00C04F79EFBC}") = "SeedApi", "SeedApi\SeedApi.csproj", "{D5268F3B-678B-456F-9185-92FAFE123B6D}"
EndProject
Project("{FAE04EC0-301F-11D3-BF4B-00C04F79EFBC}") = "SeedApi.Test", "SeedApi.Test\SeedApi.Test.csproj", "{2BB86546-996D-4685-8B32-37EAFA2ACB1B}"
EndProject
Global
	GlobalSection(SolutionConfigurationPlatforms) = preSolution
		Debug|Any CPU = Debug|Any CPU
		Release|Any CPU = Release|Any CPU
	EndGlobalSection
	GlobalSection(SolutionProperties) = preSolution
		HideSolutionNode = FALSE
	EndGlobalSection
	GlobalSection(ProjectConfigurationPlatforms) = postSolution
		{D5268F3B-678B-456F-9185-92FAFE123B6D}.Debug|Any CPU.ActiveCfg = Debug|Any CPU
		{D5268F3B-678B-456F-9185-92FAFE123B6D}.Debug|Any CPU.Build.0 = Debug|Any CPU
		{D5268F3B-678B-456F-9185-92FAFE123B6D}.Release|Any CPU.ActiveCfg = Release|Any CPU
		{D5268F3B-678B-456F-9185-92FAFE123B6D}.Release|Any CPU.Build.0 = Release|Any CPU
		{2BB86546-996D-4685-8B32-37EAFA2ACB1B}.Debug|Any CPU.ActiveCfg = Debug|Any CPU
		{2BB86546-996D-4685-8B32-37EAFA2ACB1B}.Debug|Any CPU.Build.0 = Debug|Any CPU
		{2BB86546-996D-4685-8B32-37EAFA2ACB1B}.Release|Any CPU.ActiveCfg = Release|Any CPU
		{2BB86546-996D-4685-8B32-37EAFA2ACB1B}.Release|Any CPU.Build.0 = Release|Any CPU
	EndGlobalSection
EndGlobal
