
Microsoft Visual Studio Solution File, Format Version 12.00
# Visual Studio Version 17
VisualStudioVersion = 17.0.31903.59
MinimumVisualStudioVersion = 10.0.40219.1
Project("{FAE04EC0-301F-11D3-BF4B-00C04F79EFBC}") = "SeedApi", "SeedApi\SeedApi.csproj", "{3FBC5D4A-E805-4823-B90D-A2FFBC204EDD}"
EndProject
Project("{FAE04EC0-301F-11D3-BF4B-00C04F79EFBC}") = "SeedApi.Test", "SeedApi.Test\SeedApi.Test.csproj", "{A82D03AD-77F3-4BC4-A303-0FCAAED8FCEF}"
EndProject
Global
	GlobalSection(SolutionConfigurationPlatforms) = preSolution
		Debug|Any CPU = Debug|Any CPU
		Release|Any CPU = Release|Any CPU
	EndGlobalSection
	GlobalSection(SolutionProperties) = preSolution
		HideSolutionNode = FALSE
	EndGlobalSection
	GlobalSection(ProjectConfigurationPlatforms) = postSolution
		{3FBC5D4A-E805-4823-B90D-A2FFBC204EDD}.Debug|Any CPU.ActiveCfg = Debug|Any CPU
		{3FBC5D4A-E805-4823-B90D-A2FFBC204EDD}.Debug|Any CPU.Build.0 = Debug|Any CPU
		{3FBC5D4A-E805-4823-B90D-A2FFBC204EDD}.Release|Any CPU.ActiveCfg = Release|Any CPU
		{3FBC5D4A-E805-4823-B90D-A2FFBC204EDD}.Release|Any CPU.Build.0 = Release|Any CPU
		{A82D03AD-77F3-4BC4-A303-0FCAAED8FCEF}.Debug|Any CPU.ActiveCfg = Debug|Any CPU
		{A82D03AD-77F3-4BC4-A303-0FCAAED8FCEF}.Debug|Any CPU.Build.0 = Debug|Any CPU
		{A82D03AD-77F3-4BC4-A303-0FCAAED8FCEF}.Release|Any CPU.ActiveCfg = Release|Any CPU
		{A82D03AD-77F3-4BC4-A303-0FCAAED8FCEF}.Release|Any CPU.Build.0 = Release|Any CPU
	EndGlobalSection
EndGlobal
