
Microsoft Visual Studio Solution File, Format Version 12.00
# Visual Studio Version 17
VisualStudioVersion = 17.0.31903.59
MinimumVisualStudioVersion = 10.0.40219.1
Project("{FAE04EC0-301F-11D3-BF4B-00C04F79EFBC}") = "SeedPathParameters", "SeedPathParameters\SeedPathParameters.csproj", "{87CD5390-26FC-47E4-8FA4-D6A6E2ABA761}"
EndProject
Project("{FAE04EC0-301F-11D3-BF4B-00C04F79EFBC}") = "SeedPathParameters.Test", "SeedPathParameters.Test\SeedPathParameters.Test.csproj", "{E8205167-E3BC-4768-AF4C-191896F5847B}"
EndProject
Global
	GlobalSection(SolutionConfigurationPlatforms) = preSolution
		Debug|Any CPU = Debug|Any CPU
		Release|Any CPU = Release|Any CPU
	EndGlobalSection
	GlobalSection(SolutionProperties) = preSolution
		HideSolutionNode = FALSE
	EndGlobalSection
	GlobalSection(ProjectConfigurationPlatforms) = postSolution
		{87CD5390-26FC-47E4-8FA4-D6A6E2ABA761}.Debug|Any CPU.ActiveCfg = Debug|Any CPU
		{87CD5390-26FC-47E4-8FA4-D6A6E2ABA761}.Debug|Any CPU.Build.0 = Debug|Any CPU
		{87CD5390-26FC-47E4-8FA4-D6A6E2ABA761}.Release|Any CPU.ActiveCfg = Release|Any CPU
		{87CD5390-26FC-47E4-8FA4-D6A6E2ABA761}.Release|Any CPU.Build.0 = Release|Any CPU
		{E8205167-E3BC-4768-AF4C-191896F5847B}.Debug|Any CPU.ActiveCfg = Debug|Any CPU
		{E8205167-E3BC-4768-AF4C-191896F5847B}.Debug|Any CPU.Build.0 = Debug|Any CPU
		{E8205167-E3BC-4768-AF4C-191896F5847B}.Release|Any CPU.ActiveCfg = Release|Any CPU
		{E8205167-E3BC-4768-AF4C-191896F5847B}.Release|Any CPU.Build.0 = Release|Any CPU
	EndGlobalSection
EndGlobal
