
Microsoft Visual Studio Solution File, Format Version 12.00
# Visual Studio Version 17
VisualStudioVersion = 17.0.31903.59
MinimumVisualStudioVersion = 10.0.40219.1
Project("{FAE04EC0-301F-11D3-BF4B-00C04F79EFBC}") = "SeedPathParameters", "SeedPathParameters\SeedPathParameters.csproj", "{DD1975F7-8814-4364-88C1-6464E74C83E6}"
EndProject
Project("{FAE04EC0-301F-11D3-BF4B-00C04F79EFBC}") = "SeedPathParameters.Test", "SeedPathParameters.Test\SeedPathParameters.Test.csproj", "{EECF0043-1225-4F03-A7B9-EB123DF4E59E}"
EndProject
Global
	GlobalSection(SolutionConfigurationPlatforms) = preSolution
		Debug|Any CPU = Debug|Any CPU
		Release|Any CPU = Release|Any CPU
	EndGlobalSection
	GlobalSection(SolutionProperties) = preSolution
		HideSolutionNode = FALSE
	EndGlobalSection
	GlobalSection(ProjectConfigurationPlatforms) = postSolution
		{DD1975F7-8814-4364-88C1-6464E74C83E6}.Debug|Any CPU.ActiveCfg = Debug|Any CPU
		{DD1975F7-8814-4364-88C1-6464E74C83E6}.Debug|Any CPU.Build.0 = Debug|Any CPU
		{DD1975F7-8814-4364-88C1-6464E74C83E6}.Release|Any CPU.ActiveCfg = Release|Any CPU
		{DD1975F7-8814-4364-88C1-6464E74C83E6}.Release|Any CPU.Build.0 = Release|Any CPU
		{EECF0043-1225-4F03-A7B9-EB123DF4E59E}.Debug|Any CPU.ActiveCfg = Debug|Any CPU
		{EECF0043-1225-4F03-A7B9-EB123DF4E59E}.Debug|Any CPU.Build.0 = Debug|Any CPU
		{EECF0043-1225-4F03-A7B9-EB123DF4E59E}.Release|Any CPU.ActiveCfg = Release|Any CPU
		{EECF0043-1225-4F03-A7B9-EB123DF4E59E}.Release|Any CPU.Build.0 = Release|Any CPU
	EndGlobalSection
EndGlobal
