
Microsoft Visual Studio Solution File, Format Version 12.00
# Visual Studio Version 17
VisualStudioVersion = 17.0.31903.59
MinimumVisualStudioVersion = 10.0.40219.1
Project("{FAE04EC0-301F-11D3-BF4B-00C04F79EFBC}") = "Client", "Client\Client.csproj", "{C78DAEFA-D12D-4A42-8461-75D369A02F91}"
EndProject
Project("{FAE04EC0-301F-11D3-BF4B-00C04F79EFBC}") = "Client.Test", "Client.Test\Client.Test.csproj", "{9EBC8DAC-5074-4B69-BD3A-E027103BAE0E}"
EndProject
Global
	GlobalSection(SolutionConfigurationPlatforms) = preSolution
		Debug|Any CPU = Debug|Any CPU
		Release|Any CPU = Release|Any CPU
	EndGlobalSection
	GlobalSection(SolutionProperties) = preSolution
		HideSolutionNode = FALSE
	EndGlobalSection
	GlobalSection(ProjectConfigurationPlatforms) = postSolution
		{C78DAEFA-D12D-4A42-8461-75D369A02F91}.Debug|Any CPU.ActiveCfg = Debug|Any CPU
		{C78DAEFA-D12D-4A42-8461-75D369A02F91}.Debug|Any CPU.Build.0 = Debug|Any CPU
		{C78DAEFA-D12D-4A42-8461-75D369A02F91}.Release|Any CPU.ActiveCfg = Release|Any CPU
		{C78DAEFA-D12D-4A42-8461-75D369A02F91}.Release|Any CPU.Build.0 = Release|Any CPU
		{9EBC8DAC-5074-4B69-BD3A-E027103BAE0E}.Debug|Any CPU.ActiveCfg = Debug|Any CPU
		{9EBC8DAC-5074-4B69-BD3A-E027103BAE0E}.Debug|Any CPU.Build.0 = Debug|Any CPU
		{9EBC8DAC-5074-4B69-BD3A-E027103BAE0E}.Release|Any CPU.ActiveCfg = Release|Any CPU
		{9EBC8DAC-5074-4B69-BD3A-E027103BAE0E}.Release|Any CPU.Build.0 = Release|Any CPU
	EndGlobalSection
EndGlobal
