
Microsoft Visual Studio Solution File, Format Version 12.00
# Visual Studio Version 17
VisualStudioVersion = 17.0.31903.59
MinimumVisualStudioVersion = 10.0.40219.1
Project("{FAE04EC0-301F-11D3-BF4B-00C04F79EFBC}") = "SeedSingleUrlEnvironmentDefault", "SeedSingleUrlEnvironmentDefault\SeedSingleUrlEnvironmentDefault.csproj", "{92B86DB3-A959-402A-B165-21106801B0C5}"
EndProject
Project("{FAE04EC0-301F-11D3-BF4B-00C04F79EFBC}") = "SeedSingleUrlEnvironmentDefault.Test", "SeedSingleUrlEnvironmentDefault.Test\SeedSingleUrlEnvironmentDefault.Test.csproj", "{DA9F7218-8743-49A8-8191-D6021273BF1E}"
EndProject
Global
	GlobalSection(SolutionConfigurationPlatforms) = preSolution
		Debug|Any CPU = Debug|Any CPU
		Release|Any CPU = Release|Any CPU
	EndGlobalSection
	GlobalSection(SolutionProperties) = preSolution
		HideSolutionNode = FALSE
	EndGlobalSection
	GlobalSection(ProjectConfigurationPlatforms) = postSolution
		{92B86DB3-A959-402A-B165-21106801B0C5}.Debug|Any CPU.ActiveCfg = Debug|Any CPU
		{92B86DB3-A959-402A-B165-21106801B0C5}.Debug|Any CPU.Build.0 = Debug|Any CPU
		{92B86DB3-A959-402A-B165-21106801B0C5}.Release|Any CPU.ActiveCfg = Release|Any CPU
		{92B86DB3-A959-402A-B165-21106801B0C5}.Release|Any CPU.Build.0 = Release|Any CPU
		{DA9F7218-8743-49A8-8191-D6021273BF1E}.Debug|Any CPU.ActiveCfg = Debug|Any CPU
		{DA9F7218-8743-49A8-8191-D6021273BF1E}.Debug|Any CPU.Build.0 = Debug|Any CPU
		{DA9F7218-8743-49A8-8191-D6021273BF1E}.Release|Any CPU.ActiveCfg = Release|Any CPU
		{DA9F7218-8743-49A8-8191-D6021273BF1E}.Release|Any CPU.Build.0 = Release|Any CPU
	EndGlobalSection
EndGlobal
