
Microsoft Visual Studio Solution File, Format Version 12.00
# Visual Studio Version 17
VisualStudioVersion = 17.0.31903.59
MinimumVisualStudioVersion = 10.0.40219.1
Project("{FAE04EC0-301F-11D3-BF4B-00C04F79EFBC}") = "SeedResponseProperty", "SeedResponseProperty\SeedResponseProperty.csproj", "{7F1A59CF-C2B9-49CB-8FB3-54341A9AE43B}"
EndProject
Project("{FAE04EC0-301F-11D3-BF4B-00C04F79EFBC}") = "SeedResponseProperty.Test", "SeedResponseProperty.Test\SeedResponseProperty.Test.csproj", "{A8B7DF10-888B-40B8-9285-DC3B6C94A164}"
EndProject
Global
	GlobalSection(SolutionConfigurationPlatforms) = preSolution
		Debug|Any CPU = Debug|Any CPU
		Release|Any CPU = Release|Any CPU
	EndGlobalSection
	GlobalSection(SolutionProperties) = preSolution
		HideSolutionNode = FALSE
	EndGlobalSection
	GlobalSection(ProjectConfigurationPlatforms) = postSolution
		{7F1A59CF-C2B9-49CB-8FB3-54341A9AE43B}.Debug|Any CPU.ActiveCfg = Debug|Any CPU
		{7F1A59CF-C2B9-49CB-8FB3-54341A9AE43B}.Debug|Any CPU.Build.0 = Debug|Any CPU
		{7F1A59CF-C2B9-49CB-8FB3-54341A9AE43B}.Release|Any CPU.ActiveCfg = Release|Any CPU
		{7F1A59CF-C2B9-49CB-8FB3-54341A9AE43B}.Release|Any CPU.Build.0 = Release|Any CPU
		{A8B7DF10-888B-40B8-9285-DC3B6C94A164}.Debug|Any CPU.ActiveCfg = Debug|Any CPU
		{A8B7DF10-888B-40B8-9285-DC3B6C94A164}.Debug|Any CPU.Build.0 = Debug|Any CPU
		{A8B7DF10-888B-40B8-9285-DC3B6C94A164}.Release|Any CPU.ActiveCfg = Release|Any CPU
		{A8B7DF10-888B-40B8-9285-DC3B6C94A164}.Release|Any CPU.Build.0 = Release|Any CPU
	EndGlobalSection
EndGlobal
