
Microsoft Visual Studio Solution File, Format Version 12.00
# Visual Studio Version 17
VisualStudioVersion = 17.0.31903.59
MinimumVisualStudioVersion = 10.0.40219.1
Project("{FAE04EC0-301F-11D3-BF4B-00C04F79EFBC}") = "SeedVersion", "SeedVersion\SeedVersion.csproj", "{998E0B51-3C88-4028-909F-FBE8903EF9C9}"
EndProject
Project("{FAE04EC0-301F-11D3-BF4B-00C04F79EFBC}") = "SeedVersion.Test", "SeedVersion.Test\SeedVersion.Test.csproj", "{C947BD8B-3E6C-4773-8021-8379AA69C8A2}"
EndProject
Global
	GlobalSection(SolutionConfigurationPlatforms) = preSolution
		Debug|Any CPU = Debug|Any CPU
		Release|Any CPU = Release|Any CPU
	EndGlobalSection
	GlobalSection(SolutionProperties) = preSolution
		HideSolutionNode = FALSE
	EndGlobalSection
	GlobalSection(ProjectConfigurationPlatforms) = postSolution
		{998E0B51-3C88-4028-909F-FBE8903EF9C9}.Debug|Any CPU.ActiveCfg = Debug|Any CPU
		{998E0B51-3C88-4028-909F-FBE8903EF9C9}.Debug|Any CPU.Build.0 = Debug|Any CPU
		{998E0B51-3C88-4028-909F-FBE8903EF9C9}.Release|Any CPU.ActiveCfg = Release|Any CPU
		{998E0B51-3C88-4028-909F-FBE8903EF9C9}.Release|Any CPU.Build.0 = Release|Any CPU
		{C947BD8B-3E6C-4773-8021-8379AA69C8A2}.Debug|Any CPU.ActiveCfg = Debug|Any CPU
		{C947BD8B-3E6C-4773-8021-8379AA69C8A2}.Debug|Any CPU.Build.0 = Debug|Any CPU
		{C947BD8B-3E6C-4773-8021-8379AA69C8A2}.Release|Any CPU.ActiveCfg = Release|Any CPU
		{C947BD8B-3E6C-4773-8021-8379AA69C8A2}.Release|Any CPU.Build.0 = Release|Any CPU
	EndGlobalSection
EndGlobal
