
Microsoft Visual Studio Solution File, Format Version 12.00
# Visual Studio Version 17
VisualStudioVersion = 17.0.31903.59
MinimumVisualStudioVersion = 10.0.40219.1
Project("{FAE04EC0-301F-11D3-BF4B-00C04F79EFBC}") = "SeedPagination", "SeedPagination\SeedPagination.csproj", "{4630226C-8512-4C6C-850B-D5ED5EE2F714}"
EndProject
Project("{FAE04EC0-301F-11D3-BF4B-00C04F79EFBC}") = "SeedPagination.Test", "SeedPagination.Test\SeedPagination.Test.csproj", "{BBA0512D-8775-4903-891D-1B4FD1EC21F2}"
EndProject
Global
	GlobalSection(SolutionConfigurationPlatforms) = preSolution
		Debug|Any CPU = Debug|Any CPU
		Release|Any CPU = Release|Any CPU
	EndGlobalSection
	GlobalSection(SolutionProperties) = preSolution
		HideSolutionNode = FALSE
	EndGlobalSection
	GlobalSection(ProjectConfigurationPlatforms) = postSolution
		{4630226C-8512-4C6C-850B-D5ED5EE2F714}.Debug|Any CPU.ActiveCfg = Debug|Any CPU
		{4630226C-8512-4C6C-850B-D5ED5EE2F714}.Debug|Any CPU.Build.0 = Debug|Any CPU
		{4630226C-8512-4C6C-850B-D5ED5EE2F714}.Release|Any CPU.ActiveCfg = Release|Any CPU
		{4630226C-8512-4C6C-850B-D5ED5EE2F714}.Release|Any CPU.Build.0 = Release|Any CPU
		{BBA0512D-8775-4903-891D-1B4FD1EC21F2}.Debug|Any CPU.ActiveCfg = Debug|Any CPU
		{BBA0512D-8775-4903-891D-1B4FD1EC21F2}.Debug|Any CPU.Build.0 = Debug|Any CPU
		{BBA0512D-8775-4903-891D-1B4FD1EC21F2}.Release|Any CPU.ActiveCfg = Release|Any CPU
		{BBA0512D-8775-4903-891D-1B4FD1EC21F2}.Release|Any CPU.Build.0 = Release|Any CPU
	EndGlobalSection
EndGlobal
