
Microsoft Visual Studio Solution File, Format Version 12.00
# Visual Studio Version 17
VisualStudioVersion = 17.0.31903.59
MinimumVisualStudioVersion = 10.0.40219.1
Project("{FAE04EC0-301F-11D3-BF4B-00C04F79EFBC}") = "SeedPagination", "SeedPagination\SeedPagination.csproj", "{9DF0863C-2CFE-4AC1-8DCF-CFE1776EDF1F}"
EndProject
Project("{FAE04EC0-301F-11D3-BF4B-00C04F79EFBC}") = "SeedPagination.Test", "SeedPagination.Test\SeedPagination.Test.csproj", "{A2FB4673-35CC-4FE4-8258-CC3BF458DCA9}"
EndProject
Global
	GlobalSection(SolutionConfigurationPlatforms) = preSolution
		Debug|Any CPU = Debug|Any CPU
		Release|Any CPU = Release|Any CPU
	EndGlobalSection
	GlobalSection(SolutionProperties) = preSolution
		HideSolutionNode = FALSE
	EndGlobalSection
	GlobalSection(ProjectConfigurationPlatforms) = postSolution
		{9DF0863C-2CFE-4AC1-8DCF-CFE1776EDF1F}.Debug|Any CPU.ActiveCfg = Debug|Any CPU
		{9DF0863C-2CFE-4AC1-8DCF-CFE1776EDF1F}.Debug|Any CPU.Build.0 = Debug|Any CPU
		{9DF0863C-2CFE-4AC1-8DCF-CFE1776EDF1F}.Release|Any CPU.ActiveCfg = Release|Any CPU
		{9DF0863C-2CFE-4AC1-8DCF-CFE1776EDF1F}.Release|Any CPU.Build.0 = Release|Any CPU
		{A2FB4673-35CC-4FE4-8258-CC3BF458DCA9}.Debug|Any CPU.ActiveCfg = Debug|Any CPU
		{A2FB4673-35CC-4FE4-8258-CC3BF458DCA9}.Debug|Any CPU.Build.0 = Debug|Any CPU
		{A2FB4673-35CC-4FE4-8258-CC3BF458DCA9}.Release|Any CPU.ActiveCfg = Release|Any CPU
		{A2FB4673-35CC-4FE4-8258-CC3BF458DCA9}.Release|Any CPU.Build.0 = Release|Any CPU
	EndGlobalSection
EndGlobal
