
Microsoft Visual Studio Solution File, Format Version 12.00
# Visual Studio Version 17
VisualStudioVersion = 17.0.31903.59
MinimumVisualStudioVersion = 10.0.40219.1
Project("{FAE04EC0-301F-11D3-BF4B-00C04F79EFBC}") = "SeedLicense", "SeedLicense\SeedLicense.csproj", "{10E5786D-B6CE-43FE-9A22-602E163BE206}"
EndProject
Project("{FAE04EC0-301F-11D3-BF4B-00C04F79EFBC}") = "SeedLicense.Test", "SeedLicense.Test\SeedLicense.Test.csproj", "{8567FBAD-674E-4E0A-91FA-331A5999215A}"
EndProject
Global
	GlobalSection(SolutionConfigurationPlatforms) = preSolution
		Debug|Any CPU = Debug|Any CPU
		Release|Any CPU = Release|Any CPU
	EndGlobalSection
	GlobalSection(SolutionProperties) = preSolution
		HideSolutionNode = FALSE
	EndGlobalSection
	GlobalSection(ProjectConfigurationPlatforms) = postSolution
		{10E5786D-B6CE-43FE-9A22-602E163BE206}.Debug|Any CPU.ActiveCfg = Debug|Any CPU
		{10E5786D-B6CE-43FE-9A22-602E163BE206}.Debug|Any CPU.Build.0 = Debug|Any CPU
		{10E5786D-B6CE-43FE-9A22-602E163BE206}.Release|Any CPU.ActiveCfg = Release|Any CPU
		{10E5786D-B6CE-43FE-9A22-602E163BE206}.Release|Any CPU.Build.0 = Release|Any CPU
		{8567FBAD-674E-4E0A-91FA-331A5999215A}.Debug|Any CPU.ActiveCfg = Debug|Any CPU
		{8567FBAD-674E-4E0A-91FA-331A5999215A}.Debug|Any CPU.Build.0 = Debug|Any CPU
		{8567FBAD-674E-4E0A-91FA-331A5999215A}.Release|Any CPU.ActiveCfg = Release|Any CPU
		{8567FBAD-674E-4E0A-91FA-331A5999215A}.Release|Any CPU.Build.0 = Release|Any CPU
	EndGlobalSection
EndGlobal
