
Microsoft Visual Studio Solution File, Format Version 12.00
# Visual Studio Version 17
VisualStudioVersion = 17.0.31903.59
MinimumVisualStudioVersion = 10.0.40219.1
Project("{FAE04EC0-301F-11D3-BF4B-00C04F79EFBC}") = "SeedOauthClientCredentials", "SeedOauthClientCredentials\SeedOauthClientCredentials.csproj", "{ADB4AED7-0C2F-4181-96F7-0EF46EA02A3A}"
EndProject
Project("{FAE04EC0-301F-11D3-BF4B-00C04F79EFBC}") = "SeedOauthClientCredentials.Test", "SeedOauthClientCredentials.Test\SeedOauthClientCredentials.Test.csproj", "{71B81F67-7B10-4D6A-B0D9-0CC84CF78FBF}"
EndProject
Global
	GlobalSection(SolutionConfigurationPlatforms) = preSolution
		Debug|Any CPU = Debug|Any CPU
		Release|Any CPU = Release|Any CPU
	EndGlobalSection
	GlobalSection(SolutionProperties) = preSolution
		HideSolutionNode = FALSE
	EndGlobalSection
	GlobalSection(ProjectConfigurationPlatforms) = postSolution
		{ADB4AED7-0C2F-4181-96F7-0EF46EA02A3A}.Debug|Any CPU.ActiveCfg = Debug|Any CPU
		{ADB4AED7-0C2F-4181-96F7-0EF46EA02A3A}.Debug|Any CPU.Build.0 = Debug|Any CPU
		{ADB4AED7-0C2F-4181-96F7-0EF46EA02A3A}.Release|Any CPU.ActiveCfg = Release|Any CPU
		{ADB4AED7-0C2F-4181-96F7-0EF46EA02A3A}.Release|Any CPU.Build.0 = Release|Any CPU
		{71B81F67-7B10-4D6A-B0D9-0CC84CF78FBF}.Debug|Any CPU.ActiveCfg = Debug|Any CPU
		{71B81F67-7B10-4D6A-B0D9-0CC84CF78FBF}.Debug|Any CPU.Build.0 = Debug|Any CPU
		{71B81F67-7B10-4D6A-B0D9-0CC84CF78FBF}.Release|Any CPU.ActiveCfg = Release|Any CPU
		{71B81F67-7B10-4D6A-B0D9-0CC84CF78FBF}.Release|Any CPU.Build.0 = Release|Any CPU
	EndGlobalSection
EndGlobal
