
Microsoft Visual Studio Solution File, Format Version 12.00
# Visual Studio Version 17
VisualStudioVersion = 17.0.31903.59
MinimumVisualStudioVersion = 10.0.40219.1
Project("{FAE04EC0-301F-11D3-BF4B-00C04F79EFBC}") = "SeedMixedFileDirectory", "SeedMixedFileDirectory\SeedMixedFileDirectory.csproj", "{B163CFF9-5E57-4E5D-B65A-DD7FB61487AF}"
EndProject
Project("{FAE04EC0-301F-11D3-BF4B-00C04F79EFBC}") = "SeedMixedFileDirectory.Test", "SeedMixedFileDirectory.Test\SeedMixedFileDirectory.Test.csproj", "{B285393E-E9C9-4CDC-897A-E2DF1A676222}"
EndProject
Global
	GlobalSection(SolutionConfigurationPlatforms) = preSolution
		Debug|Any CPU = Debug|Any CPU
		Release|Any CPU = Release|Any CPU
	EndGlobalSection
	GlobalSection(SolutionProperties) = preSolution
		HideSolutionNode = FALSE
	EndGlobalSection
	GlobalSection(ProjectConfigurationPlatforms) = postSolution
		{B163CFF9-5E57-4E5D-B65A-DD7FB61487AF}.Debug|Any CPU.ActiveCfg = Debug|Any CPU
		{B163CFF9-5E57-4E5D-B65A-DD7FB61487AF}.Debug|Any CPU.Build.0 = Debug|Any CPU
		{B163CFF9-5E57-4E5D-B65A-DD7FB61487AF}.Release|Any CPU.ActiveCfg = Release|Any CPU
		{B163CFF9-5E57-4E5D-B65A-DD7FB61487AF}.Release|Any CPU.Build.0 = Release|Any CPU
		{B285393E-E9C9-4CDC-897A-E2DF1A676222}.Debug|Any CPU.ActiveCfg = Debug|Any CPU
		{B285393E-E9C9-4CDC-897A-E2DF1A676222}.Debug|Any CPU.Build.0 = Debug|Any CPU
		{B285393E-E9C9-4CDC-897A-E2DF1A676222}.Release|Any CPU.ActiveCfg = Release|Any CPU
		{B285393E-E9C9-4CDC-897A-E2DF1A676222}.Release|Any CPU.Build.0 = Release|Any CPU
	EndGlobalSection
EndGlobal
