
Microsoft Visual Studio Solution File, Format Version 12.00
# Visual Studio Version 17
VisualStudioVersion = 17.0.31903.59
MinimumVisualStudioVersion = 10.0.40219.1
Project("{FAE04EC0-301F-11D3-BF4B-00C04F79EFBC}") = "SeedMixedFileDirectory", "SeedMixedFileDirectory\SeedMixedFileDirectory.csproj", "{8F3C143D-9982-43BC-BBD8-2BA58368E9EB}"
EndProject
Project("{FAE04EC0-301F-11D3-BF4B-00C04F79EFBC}") = "SeedMixedFileDirectory.Test", "SeedMixedFileDirectory.Test\SeedMixedFileDirectory.Test.csproj", "{2EC0E385-1786-4994-9A38-2231688F80E9}"
EndProject
Global
	GlobalSection(SolutionConfigurationPlatforms) = preSolution
		Debug|Any CPU = Debug|Any CPU
		Release|Any CPU = Release|Any CPU
	EndGlobalSection
	GlobalSection(SolutionProperties) = preSolution
		HideSolutionNode = FALSE
	EndGlobalSection
	GlobalSection(ProjectConfigurationPlatforms) = postSolution
		{8F3C143D-9982-43BC-BBD8-2BA58368E9EB}.Debug|Any CPU.ActiveCfg = Debug|Any CPU
		{8F3C143D-9982-43BC-BBD8-2BA58368E9EB}.Debug|Any CPU.Build.0 = Debug|Any CPU
		{8F3C143D-9982-43BC-BBD8-2BA58368E9EB}.Release|Any CPU.ActiveCfg = Release|Any CPU
		{8F3C143D-9982-43BC-BBD8-2BA58368E9EB}.Release|Any CPU.Build.0 = Release|Any CPU
		{2EC0E385-1786-4994-9A38-2231688F80E9}.Debug|Any CPU.ActiveCfg = Debug|Any CPU
		{2EC0E385-1786-4994-9A38-2231688F80E9}.Debug|Any CPU.Build.0 = Debug|Any CPU
		{2EC0E385-1786-4994-9A38-2231688F80E9}.Release|Any CPU.ActiveCfg = Release|Any CPU
		{2EC0E385-1786-4994-9A38-2231688F80E9}.Release|Any CPU.Build.0 = Release|Any CPU
	EndGlobalSection
EndGlobal
