
Microsoft Visual Studio Solution File, Format Version 12.00
# Visual Studio Version 17
VisualStudioVersion = 17.0.31903.59
MinimumVisualStudioVersion = 10.0.40219.1
Project("{FAE04EC0-301F-11D3-BF4B-00C04F79EFBC}") = "SeedExamples", "SeedExamples\SeedExamples.csproj", "{C68D2A33-D427-46C4-A604-E7AD65F7C172}"
EndProject
Project("{FAE04EC0-301F-11D3-BF4B-00C04F79EFBC}") = "SeedExamples.Test", "SeedExamples.Test\SeedExamples.Test.csproj", "{B6013B32-8F78-40E1-B2D7-A7D62FEF3339}"
EndProject
Global
	GlobalSection(SolutionConfigurationPlatforms) = preSolution
		Debug|Any CPU = Debug|Any CPU
		Release|Any CPU = Release|Any CPU
	EndGlobalSection
	GlobalSection(SolutionProperties) = preSolution
		HideSolutionNode = FALSE
	EndGlobalSection
	GlobalSection(ProjectConfigurationPlatforms) = postSolution
		{C68D2A33-D427-46C4-A604-E7AD65F7C172}.Debug|Any CPU.ActiveCfg = Debug|Any CPU
		{C68D2A33-D427-46C4-A604-E7AD65F7C172}.Debug|Any CPU.Build.0 = Debug|Any CPU
		{C68D2A33-D427-46C4-A604-E7AD65F7C172}.Release|Any CPU.ActiveCfg = Release|Any CPU
		{C68D2A33-D427-46C4-A604-E7AD65F7C172}.Release|Any CPU.Build.0 = Release|Any CPU
		{B6013B32-8F78-40E1-B2D7-A7D62FEF3339}.Debug|Any CPU.ActiveCfg = Debug|Any CPU
		{B6013B32-8F78-40E1-B2D7-A7D62FEF3339}.Debug|Any CPU.Build.0 = Debug|Any CPU
		{B6013B32-8F78-40E1-B2D7-A7D62FEF3339}.Release|Any CPU.ActiveCfg = Release|Any CPU
		{B6013B32-8F78-40E1-B2D7-A7D62FEF3339}.Release|Any CPU.Build.0 = Release|Any CPU
	EndGlobalSection
EndGlobal
