
Microsoft Visual Studio Solution File, Format Version 12.00
# Visual Studio Version 17
VisualStudioVersion = 17.0.31903.59
MinimumVisualStudioVersion = 10.0.40219.1
Project("{FAE04EC0-301F-11D3-BF4B-00C04F79EFBC}") = "SeedExamplesClient", "SeedExamplesClient\SeedExamplesClient.csproj", "{49324AFE-FD15-4627-9DBF-4F8AFC40DDE9}"
EndProject
Project("{FAE04EC0-301F-11D3-BF4B-00C04F79EFBC}") = "SeedExamplesClient.Test", "SeedExamplesClient.Test\SeedExamplesClient.Test.csproj", "{8A791D52-9C78-46B4-8BF2-2F58054C9A6A}"
EndProject
Global
	GlobalSection(SolutionConfigurationPlatforms) = preSolution
		Debug|Any CPU = Debug|Any CPU
		Release|Any CPU = Release|Any CPU
	EndGlobalSection
	GlobalSection(SolutionProperties) = preSolution
		HideSolutionNode = FALSE
	EndGlobalSection
	GlobalSection(ProjectConfigurationPlatforms) = postSolution
		{49324AFE-FD15-4627-9DBF-4F8AFC40DDE9}.Debug|Any CPU.ActiveCfg = Debug|Any CPU
		{49324AFE-FD15-4627-9DBF-4F8AFC40DDE9}.Debug|Any CPU.Build.0 = Debug|Any CPU
		{49324AFE-FD15-4627-9DBF-4F8AFC40DDE9}.Release|Any CPU.ActiveCfg = Release|Any CPU
		{49324AFE-FD15-4627-9DBF-4F8AFC40DDE9}.Release|Any CPU.Build.0 = Release|Any CPU
		{8A791D52-9C78-46B4-8BF2-2F58054C9A6A}.Debug|Any CPU.ActiveCfg = Debug|Any CPU
		{8A791D52-9C78-46B4-8BF2-2F58054C9A6A}.Debug|Any CPU.Build.0 = Debug|Any CPU
		{8A791D52-9C78-46B4-8BF2-2F58054C9A6A}.Release|Any CPU.ActiveCfg = Release|Any CPU
		{8A791D52-9C78-46B4-8BF2-2F58054C9A6A}.Release|Any CPU.Build.0 = Release|Any CPU
	EndGlobalSection
EndGlobal
