
Microsoft Visual Studio Solution File, Format Version 12.00
# Visual Studio Version 17
VisualStudioVersion = 17.0.31903.59
MinimumVisualStudioVersion = 10.0.40219.1
Project("{FAE04EC0-301F-11D3-BF4B-00C04F79EFBC}") = "SeedUnionsClient", "SeedUnionsClient\SeedUnionsClient.csproj", "{42D18C31-9C23-4719-8C8B-FFFB887D46D0}"
EndProject
Project("{FAE04EC0-301F-11D3-BF4B-00C04F79EFBC}") = "SeedUnionsClient.Test", "SeedUnionsClient.Test\SeedUnionsClient.Test.csproj", "{04B5E48B-C60A-471C-A0F4-93F20CBED0D9}"
EndProject
Global
	GlobalSection(SolutionConfigurationPlatforms) = preSolution
		Debug|Any CPU = Debug|Any CPU
		Release|Any CPU = Release|Any CPU
	EndGlobalSection
	GlobalSection(SolutionProperties) = preSolution
		HideSolutionNode = FALSE
	EndGlobalSection
	GlobalSection(ProjectConfigurationPlatforms) = postSolution
		{42D18C31-9C23-4719-8C8B-FFFB887D46D0}.Debug|Any CPU.ActiveCfg = Debug|Any CPU
		{42D18C31-9C23-4719-8C8B-FFFB887D46D0}.Debug|Any CPU.Build.0 = Debug|Any CPU
		{42D18C31-9C23-4719-8C8B-FFFB887D46D0}.Release|Any CPU.ActiveCfg = Release|Any CPU
		{42D18C31-9C23-4719-8C8B-FFFB887D46D0}.Release|Any CPU.Build.0 = Release|Any CPU
		{04B5E48B-C60A-471C-A0F4-93F20CBED0D9}.Debug|Any CPU.ActiveCfg = Debug|Any CPU
		{04B5E48B-C60A-471C-A0F4-93F20CBED0D9}.Debug|Any CPU.Build.0 = Debug|Any CPU
		{04B5E48B-C60A-471C-A0F4-93F20CBED0D9}.Release|Any CPU.ActiveCfg = Release|Any CPU
		{04B5E48B-C60A-471C-A0F4-93F20CBED0D9}.Release|Any CPU.Build.0 = Release|Any CPU
	EndGlobalSection
EndGlobal
