
Microsoft Visual Studio Solution File, Format Version 12.00
# Visual Studio Version 17
VisualStudioVersion = 17.0.31903.59
MinimumVisualStudioVersion = 10.0.40219.1
Project("{FAE04EC0-301F-11D3-BF4B-00C04F79EFBC}") = "SeedApi", "SeedApi\SeedApi.csproj", "{98C27C2B-99A5-4417-8C0A-CF2036845600}"
EndProject
Project("{FAE04EC0-301F-11D3-BF4B-00C04F79EFBC}") = "SeedApi.Test", "SeedApi.Test\SeedApi.Test.csproj", "{CBBE56D8-29AF-4166-AC23-0C2CC217858B}"
EndProject
Global
	GlobalSection(SolutionConfigurationPlatforms) = preSolution
		Debug|Any CPU = Debug|Any CPU
		Release|Any CPU = Release|Any CPU
	EndGlobalSection
	GlobalSection(SolutionProperties) = preSolution
		HideSolutionNode = FALSE
	EndGlobalSection
	GlobalSection(ProjectConfigurationPlatforms) = postSolution
		{98C27C2B-99A5-4417-8C0A-CF2036845600}.Debug|Any CPU.ActiveCfg = Debug|Any CPU
		{98C27C2B-99A5-4417-8C0A-CF2036845600}.Debug|Any CPU.Build.0 = Debug|Any CPU
		{98C27C2B-99A5-4417-8C0A-CF2036845600}.Release|Any CPU.ActiveCfg = Release|Any CPU
		{98C27C2B-99A5-4417-8C0A-CF2036845600}.Release|Any CPU.Build.0 = Release|Any CPU
		{CBBE56D8-29AF-4166-AC23-0C2CC217858B}.Debug|Any CPU.ActiveCfg = Debug|Any CPU
		{CBBE56D8-29AF-4166-AC23-0C2CC217858B}.Debug|Any CPU.Build.0 = Debug|Any CPU
		{CBBE56D8-29AF-4166-AC23-0C2CC217858B}.Release|Any CPU.ActiveCfg = Release|Any CPU
		{CBBE56D8-29AF-4166-AC23-0C2CC217858B}.Release|Any CPU.Build.0 = Release|Any CPU
	EndGlobalSection
EndGlobal
