
Microsoft Visual Studio Solution File, Format Version 12.00
# Visual Studio Version 17
VisualStudioVersion = 17.0.31903.59
MinimumVisualStudioVersion = 10.0.40219.1
Project("{FAE04EC0-301F-11D3-BF4B-00C04F79EFBC}") = "SeedApi", "SeedApi\SeedApi.csproj", "{18C5FD24-99CB-48B0-95EA-C76735215D91}"
EndProject
Project("{FAE04EC0-301F-11D3-BF4B-00C04F79EFBC}") = "SeedApi.Test", "SeedApi.Test\SeedApi.Test.csproj", "{EA6A4021-9C41-4FF9-9120-803F675B7D33}"
EndProject
Global
	GlobalSection(SolutionConfigurationPlatforms) = preSolution
		Debug|Any CPU = Debug|Any CPU
		Release|Any CPU = Release|Any CPU
	EndGlobalSection
	GlobalSection(SolutionProperties) = preSolution
		HideSolutionNode = FALSE
	EndGlobalSection
	GlobalSection(ProjectConfigurationPlatforms) = postSolution
		{18C5FD24-99CB-48B0-95EA-C76735215D91}.Debug|Any CPU.ActiveCfg = Debug|Any CPU
		{18C5FD24-99CB-48B0-95EA-C76735215D91}.Debug|Any CPU.Build.0 = Debug|Any CPU
		{18C5FD24-99CB-48B0-95EA-C76735215D91}.Release|Any CPU.ActiveCfg = Release|Any CPU
		{18C5FD24-99CB-48B0-95EA-C76735215D91}.Release|Any CPU.Build.0 = Release|Any CPU
		{EA6A4021-9C41-4FF9-9120-803F675B7D33}.Debug|Any CPU.ActiveCfg = Debug|Any CPU
		{EA6A4021-9C41-4FF9-9120-803F675B7D33}.Debug|Any CPU.Build.0 = Debug|Any CPU
		{EA6A4021-9C41-4FF9-9120-803F675B7D33}.Release|Any CPU.ActiveCfg = Release|Any CPU
		{EA6A4021-9C41-4FF9-9120-803F675B7D33}.Release|Any CPU.Build.0 = Release|Any CPU
	EndGlobalSection
EndGlobal
