
Microsoft Visual Studio Solution File, Format Version 12.00
# Visual Studio Version 17
VisualStudioVersion = 17.0.31903.59
MinimumVisualStudioVersion = 10.0.40219.1
Project("{FAE04EC0-301F-11D3-BF4B-00C04F79EFBC}") = "SeedAudiencesClient", "SeedAudiencesClient\SeedAudiencesClient.csproj", "{CA03D027-9691-4374-8C98-351AB92504B5}"
EndProject
Project("{FAE04EC0-301F-11D3-BF4B-00C04F79EFBC}") = "SeedAudiencesClient.Test", "SeedAudiencesClient.Test\SeedAudiencesClient.Test.csproj", "{7AD49863-36D8-4B8E-8FDC-08E34120A335}"
EndProject
Global
	GlobalSection(SolutionConfigurationPlatforms) = preSolution
		Debug|Any CPU = Debug|Any CPU
		Release|Any CPU = Release|Any CPU
	EndGlobalSection
	GlobalSection(SolutionProperties) = preSolution
		HideSolutionNode = FALSE
	EndGlobalSection
	GlobalSection(ProjectConfigurationPlatforms) = postSolution
		{CA03D027-9691-4374-8C98-351AB92504B5}.Debug|Any CPU.ActiveCfg = Debug|Any CPU
		{CA03D027-9691-4374-8C98-351AB92504B5}.Debug|Any CPU.Build.0 = Debug|Any CPU
		{CA03D027-9691-4374-8C98-351AB92504B5}.Release|Any CPU.ActiveCfg = Release|Any CPU
		{CA03D027-9691-4374-8C98-351AB92504B5}.Release|Any CPU.Build.0 = Release|Any CPU
		{7AD49863-36D8-4B8E-8FDC-08E34120A335}.Debug|Any CPU.ActiveCfg = Debug|Any CPU
		{7AD49863-36D8-4B8E-8FDC-08E34120A335}.Debug|Any CPU.Build.0 = Debug|Any CPU
		{7AD49863-36D8-4B8E-8FDC-08E34120A335}.Release|Any CPU.ActiveCfg = Release|Any CPU
		{7AD49863-36D8-4B8E-8FDC-08E34120A335}.Release|Any CPU.Build.0 = Release|Any CPU
	EndGlobalSection
EndGlobal
