
Microsoft Visual Studio Solution File, Format Version 12.00
# Visual Studio Version 17
VisualStudioVersion = 17.0.31903.59
MinimumVisualStudioVersion = 10.0.40219.1
Project("{FAE04EC0-301F-11D3-BF4B-00C04F79EFBC}") = "Client", "Client\Client.csproj", "{537952E1-8AB0-4EC0-B036-1F55FEA9A05B}"
EndProject
Project("{FAE04EC0-301F-11D3-BF4B-00C04F79EFBC}") = "Client.Test", "Client.Test\Client.Test.csproj", "{A24912D6-4B98-4321-867E-ABBB64CFF020}"
EndProject
Global
	GlobalSection(SolutionConfigurationPlatforms) = preSolution
		Debug|Any CPU = Debug|Any CPU
		Release|Any CPU = Release|Any CPU
	EndGlobalSection
	GlobalSection(SolutionProperties) = preSolution
		HideSolutionNode = FALSE
	EndGlobalSection
	GlobalSection(ProjectConfigurationPlatforms) = postSolution
		{537952E1-8AB0-4EC0-B036-1F55FEA9A05B}.Debug|Any CPU.ActiveCfg = Debug|Any CPU
		{537952E1-8AB0-4EC0-B036-1F55FEA9A05B}.Debug|Any CPU.Build.0 = Debug|Any CPU
		{537952E1-8AB0-4EC0-B036-1F55FEA9A05B}.Release|Any CPU.ActiveCfg = Release|Any CPU
		{537952E1-8AB0-4EC0-B036-1F55FEA9A05B}.Release|Any CPU.Build.0 = Release|Any CPU
		{A24912D6-4B98-4321-867E-ABBB64CFF020}.Debug|Any CPU.ActiveCfg = Debug|Any CPU
		{A24912D6-4B98-4321-867E-ABBB64CFF020}.Debug|Any CPU.Build.0 = Debug|Any CPU
		{A24912D6-4B98-4321-867E-ABBB64CFF020}.Release|Any CPU.ActiveCfg = Release|Any CPU
		{A24912D6-4B98-4321-867E-ABBB64CFF020}.Release|Any CPU.Build.0 = Release|Any CPU
	EndGlobalSection
EndGlobal
