
Microsoft Visual Studio Solution File, Format Version 12.00
# Visual Studio Version 17
VisualStudioVersion = 17.0.31903.59
MinimumVisualStudioVersion = 10.0.40219.1
Project("{FAE04EC0-301F-11D3-BF4B-00C04F79EFBC}") = "SeedUnknownAsAny", "SeedUnknownAsAny\SeedUnknownAsAny.csproj", "{7F1C2B2E-5A1C-4D31-9409-D42E3442BF7F}"
EndProject
Project("{FAE04EC0-301F-11D3-BF4B-00C04F79EFBC}") = "SeedUnknownAsAny.Test", "SeedUnknownAsAny.Test\SeedUnknownAsAny.Test.csproj", "{EAFE08CF-4653-470C-B769-0A2D01E7DEFD}"
EndProject
Global
	GlobalSection(SolutionConfigurationPlatforms) = preSolution
		Debug|Any CPU = Debug|Any CPU
		Release|Any CPU = Release|Any CPU
	EndGlobalSection
	GlobalSection(SolutionProperties) = preSolution
		HideSolutionNode = FALSE
	EndGlobalSection
	GlobalSection(ProjectConfigurationPlatforms) = postSolution
		{7F1C2B2E-5A1C-4D31-9409-D42E3442BF7F}.Debug|Any CPU.ActiveCfg = Debug|Any CPU
		{7F1C2B2E-5A1C-4D31-9409-D42E3442BF7F}.Debug|Any CPU.Build.0 = Debug|Any CPU
		{7F1C2B2E-5A1C-4D31-9409-D42E3442BF7F}.Release|Any CPU.ActiveCfg = Release|Any CPU
		{7F1C2B2E-5A1C-4D31-9409-D42E3442BF7F}.Release|Any CPU.Build.0 = Release|Any CPU
		{EAFE08CF-4653-470C-B769-0A2D01E7DEFD}.Debug|Any CPU.ActiveCfg = Debug|Any CPU
		{EAFE08CF-4653-470C-B769-0A2D01E7DEFD}.Debug|Any CPU.Build.0 = Debug|Any CPU
		{EAFE08CF-4653-470C-B769-0A2D01E7DEFD}.Release|Any CPU.ActiveCfg = Release|Any CPU
		{EAFE08CF-4653-470C-B769-0A2D01E7DEFD}.Release|Any CPU.Build.0 = Release|Any CPU
	EndGlobalSection
EndGlobal
