
Microsoft Visual Studio Solution File, Format Version 12.00
# Visual Studio Version 17
VisualStudioVersion = 17.0.31903.59
MinimumVisualStudioVersion = 10.0.40219.1
Project("{FAE04EC0-301F-11D3-BF4B-00C04F79EFBC}") = "SeedUnknownAsAny", "SeedUnknownAsAny\SeedUnknownAsAny.csproj", "{FADDB1F1-D934-4E0F-AB21-4AC891291086}"
EndProject
Project("{FAE04EC0-301F-11D3-BF4B-00C04F79EFBC}") = "SeedUnknownAsAny.Test", "SeedUnknownAsAny.Test\SeedUnknownAsAny.Test.csproj", "{B38952A9-B80F-4152-8D1E-5CE13146DF50}"
EndProject
Global
	GlobalSection(SolutionConfigurationPlatforms) = preSolution
		Debug|Any CPU = Debug|Any CPU
		Release|Any CPU = Release|Any CPU
	EndGlobalSection
	GlobalSection(SolutionProperties) = preSolution
		HideSolutionNode = FALSE
	EndGlobalSection
	GlobalSection(ProjectConfigurationPlatforms) = postSolution
		{FADDB1F1-D934-4E0F-AB21-4AC891291086}.Debug|Any CPU.ActiveCfg = Debug|Any CPU
		{FADDB1F1-D934-4E0F-AB21-4AC891291086}.Debug|Any CPU.Build.0 = Debug|Any CPU
		{FADDB1F1-D934-4E0F-AB21-4AC891291086}.Release|Any CPU.ActiveCfg = Release|Any CPU
		{FADDB1F1-D934-4E0F-AB21-4AC891291086}.Release|Any CPU.Build.0 = Release|Any CPU
		{B38952A9-B80F-4152-8D1E-5CE13146DF50}.Debug|Any CPU.ActiveCfg = Debug|Any CPU
		{B38952A9-B80F-4152-8D1E-5CE13146DF50}.Debug|Any CPU.Build.0 = Debug|Any CPU
		{B38952A9-B80F-4152-8D1E-5CE13146DF50}.Release|Any CPU.ActiveCfg = Release|Any CPU
		{B38952A9-B80F-4152-8D1E-5CE13146DF50}.Release|Any CPU.Build.0 = Release|Any CPU
	EndGlobalSection
EndGlobal
