
Microsoft Visual Studio Solution File, Format Version 12.00
# Visual Studio Version 17
VisualStudioVersion = 17.0.31903.59
MinimumVisualStudioVersion = 10.0.40219.1
Project("{FAE04EC0-301F-11D3-BF4B-00C04F79EFBC}") = "SeedBasicAuth", "SeedBasicAuth\SeedBasicAuth.csproj", "{89BAFE33-72F6-42D7-9920-C39209805883}"
EndProject
Project("{FAE04EC0-301F-11D3-BF4B-00C04F79EFBC}") = "SeedBasicAuth.Test", "SeedBasicAuth.Test\SeedBasicAuth.Test.csproj", "{CA7828A3-8F6E-4E12-8587-A526342CC0A4}"
EndProject
Global
	GlobalSection(SolutionConfigurationPlatforms) = preSolution
		Debug|Any CPU = Debug|Any CPU
		Release|Any CPU = Release|Any CPU
	EndGlobalSection
	GlobalSection(SolutionProperties) = preSolution
		HideSolutionNode = FALSE
	EndGlobalSection
	GlobalSection(ProjectConfigurationPlatforms) = postSolution
		{89BAFE33-72F6-42D7-9920-C39209805883}.Debug|Any CPU.ActiveCfg = Debug|Any CPU
		{89BAFE33-72F6-42D7-9920-C39209805883}.Debug|Any CPU.Build.0 = Debug|Any CPU
		{89BAFE33-72F6-42D7-9920-C39209805883}.Release|Any CPU.ActiveCfg = Release|Any CPU
		{89BAFE33-72F6-42D7-9920-C39209805883}.Release|Any CPU.Build.0 = Release|Any CPU
		{CA7828A3-8F6E-4E12-8587-A526342CC0A4}.Debug|Any CPU.ActiveCfg = Debug|Any CPU
		{CA7828A3-8F6E-4E12-8587-A526342CC0A4}.Debug|Any CPU.Build.0 = Debug|Any CPU
		{CA7828A3-8F6E-4E12-8587-A526342CC0A4}.Release|Any CPU.ActiveCfg = Release|Any CPU
		{CA7828A3-8F6E-4E12-8587-A526342CC0A4}.Release|Any CPU.Build.0 = Release|Any CPU
	EndGlobalSection
EndGlobal
