
Microsoft Visual Studio Solution File, Format Version 12.00
# Visual Studio Version 17
VisualStudioVersion = 17.0.31903.59
MinimumVisualStudioVersion = 10.0.40219.1
Project("{FAE04EC0-301F-11D3-BF4B-00C04F79EFBC}") = "SeedIdempotencyHeaders", "SeedIdempotencyHeaders\SeedIdempotencyHeaders.csproj", "{EDD4B1DD-7E3E-4CD2-AE06-FC9A9299699F}"
EndProject
Project("{FAE04EC0-301F-11D3-BF4B-00C04F79EFBC}") = "SeedIdempotencyHeaders.Test", "SeedIdempotencyHeaders.Test\SeedIdempotencyHeaders.Test.csproj", "{7182F5B5-5E87-443E-897B-166617723D09}"
EndProject
Global
	GlobalSection(SolutionConfigurationPlatforms) = preSolution
		Debug|Any CPU = Debug|Any CPU
		Release|Any CPU = Release|Any CPU
	EndGlobalSection
	GlobalSection(SolutionProperties) = preSolution
		HideSolutionNode = FALSE
	EndGlobalSection
	GlobalSection(ProjectConfigurationPlatforms) = postSolution
		{EDD4B1DD-7E3E-4CD2-AE06-FC9A9299699F}.Debug|Any CPU.ActiveCfg = Debug|Any CPU
		{EDD4B1DD-7E3E-4CD2-AE06-FC9A9299699F}.Debug|Any CPU.Build.0 = Debug|Any CPU
		{EDD4B1DD-7E3E-4CD2-AE06-FC9A9299699F}.Release|Any CPU.ActiveCfg = Release|Any CPU
		{EDD4B1DD-7E3E-4CD2-AE06-FC9A9299699F}.Release|Any CPU.Build.0 = Release|Any CPU
		{7182F5B5-5E87-443E-897B-166617723D09}.Debug|Any CPU.ActiveCfg = Debug|Any CPU
		{7182F5B5-5E87-443E-897B-166617723D09}.Debug|Any CPU.Build.0 = Debug|Any CPU
		{7182F5B5-5E87-443E-897B-166617723D09}.Release|Any CPU.ActiveCfg = Release|Any CPU
		{7182F5B5-5E87-443E-897B-166617723D09}.Release|Any CPU.Build.0 = Release|Any CPU
	EndGlobalSection
EndGlobal
