
Microsoft Visual Studio Solution File, Format Version 12.00
# Visual Studio Version 17
VisualStudioVersion = 17.0.31903.59
MinimumVisualStudioVersion = 10.0.40219.1
Project("{FAE04EC0-301F-11D3-BF4B-00C04F79EFBC}") = "SeedIdempotencyHeadersClient", "SeedIdempotencyHeadersClient\SeedIdempotencyHeadersClient.csproj", "{4FCE72C2-15EE-4338-840D-C9C91732D4DA}"
EndProject
Project("{FAE04EC0-301F-11D3-BF4B-00C04F79EFBC}") = "SeedIdempotencyHeadersClient.Test", "SeedIdempotencyHeadersClient.Test\SeedIdempotencyHeadersClient.Test.csproj", "{8879C938-E72E-4463-8238-61F5D6170345}"
EndProject
Global
	GlobalSection(SolutionConfigurationPlatforms) = preSolution
		Debug|Any CPU = Debug|Any CPU
		Release|Any CPU = Release|Any CPU
	EndGlobalSection
	GlobalSection(SolutionProperties) = preSolution
		HideSolutionNode = FALSE
	EndGlobalSection
	GlobalSection(ProjectConfigurationPlatforms) = postSolution
		{4FCE72C2-15EE-4338-840D-C9C91732D4DA}.Debug|Any CPU.ActiveCfg = Debug|Any CPU
		{4FCE72C2-15EE-4338-840D-C9C91732D4DA}.Debug|Any CPU.Build.0 = Debug|Any CPU
		{4FCE72C2-15EE-4338-840D-C9C91732D4DA}.Release|Any CPU.ActiveCfg = Release|Any CPU
		{4FCE72C2-15EE-4338-840D-C9C91732D4DA}.Release|Any CPU.Build.0 = Release|Any CPU
		{8879C938-E72E-4463-8238-61F5D6170345}.Debug|Any CPU.ActiveCfg = Debug|Any CPU
		{8879C938-E72E-4463-8238-61F5D6170345}.Debug|Any CPU.Build.0 = Debug|Any CPU
		{8879C938-E72E-4463-8238-61F5D6170345}.Release|Any CPU.ActiveCfg = Release|Any CPU
		{8879C938-E72E-4463-8238-61F5D6170345}.Release|Any CPU.Build.0 = Release|Any CPU
	EndGlobalSection
EndGlobal
