
Microsoft Visual Studio Solution File, Format Version 12.00
# Visual Studio Version 17
VisualStudioVersion = 17.0.31903.59
MinimumVisualStudioVersion = 10.0.40219.1
Project("{FAE04EC0-301F-11D3-BF4B-00C04F79EFBC}") = "SeedObject", "SeedObject\SeedObject.csproj", "{89A09C60-DAB5-43E6-B327-B999BE5EBECD}"
EndProject
Project("{FAE04EC0-301F-11D3-BF4B-00C04F79EFBC}") = "SeedObject.Test", "SeedObject.Test\SeedObject.Test.csproj", "{63E7273A-B534-4E27-B2D1-0849FB126142}"
EndProject
Global
	GlobalSection(SolutionConfigurationPlatforms) = preSolution
		Debug|Any CPU = Debug|Any CPU
		Release|Any CPU = Release|Any CPU
	EndGlobalSection
	GlobalSection(SolutionProperties) = preSolution
		HideSolutionNode = FALSE
	EndGlobalSection
	GlobalSection(ProjectConfigurationPlatforms) = postSolution
		{89A09C60-DAB5-43E6-B327-B999BE5EBECD}.Debug|Any CPU.ActiveCfg = Debug|Any CPU
		{89A09C60-DAB5-43E6-B327-B999BE5EBECD}.Debug|Any CPU.Build.0 = Debug|Any CPU
		{89A09C60-DAB5-43E6-B327-B999BE5EBECD}.Release|Any CPU.ActiveCfg = Release|Any CPU
		{89A09C60-DAB5-43E6-B327-B999BE5EBECD}.Release|Any CPU.Build.0 = Release|Any CPU
		{63E7273A-B534-4E27-B2D1-0849FB126142}.Debug|Any CPU.ActiveCfg = Debug|Any CPU
		{63E7273A-B534-4E27-B2D1-0849FB126142}.Debug|Any CPU.Build.0 = Debug|Any CPU
		{63E7273A-B534-4E27-B2D1-0849FB126142}.Release|Any CPU.ActiveCfg = Release|Any CPU
		{63E7273A-B534-4E27-B2D1-0849FB126142}.Release|Any CPU.Build.0 = Release|Any CPU
	EndGlobalSection
EndGlobal
