
Microsoft Visual Studio Solution File, Format Version 12.00
# Visual Studio Version 17
VisualStudioVersion = 17.0.31903.59
MinimumVisualStudioVersion = 10.0.40219.1
Project("{FAE04EC0-301F-11D3-BF4B-00C04F79EFBC}") = "SeedAuthEnvironmentVariables", "SeedAuthEnvironmentVariables\SeedAuthEnvironmentVariables.csproj", "{ADB7FC98-D353-4CE8-9DAD-5FA350555CFA}"
EndProject
Project("{FAE04EC0-301F-11D3-BF4B-00C04F79EFBC}") = "SeedAuthEnvironmentVariables.Test", "SeedAuthEnvironmentVariables.Test\SeedAuthEnvironmentVariables.Test.csproj", "{CF0368DB-4396-415B-9256-47A379815A3F}"
EndProject
Global
	GlobalSection(SolutionConfigurationPlatforms) = preSolution
		Debug|Any CPU = Debug|Any CPU
		Release|Any CPU = Release|Any CPU
	EndGlobalSection
	GlobalSection(SolutionProperties) = preSolution
		HideSolutionNode = FALSE
	EndGlobalSection
	GlobalSection(ProjectConfigurationPlatforms) = postSolution
		{ADB7FC98-D353-4CE8-9DAD-5FA350555CFA}.Debug|Any CPU.ActiveCfg = Debug|Any CPU
		{ADB7FC98-D353-4CE8-9DAD-5FA350555CFA}.Debug|Any CPU.Build.0 = Debug|Any CPU
		{ADB7FC98-D353-4CE8-9DAD-5FA350555CFA}.Release|Any CPU.ActiveCfg = Release|Any CPU
		{ADB7FC98-D353-4CE8-9DAD-5FA350555CFA}.Release|Any CPU.Build.0 = Release|Any CPU
		{CF0368DB-4396-415B-9256-47A379815A3F}.Debug|Any CPU.ActiveCfg = Debug|Any CPU
		{CF0368DB-4396-415B-9256-47A379815A3F}.Debug|Any CPU.Build.0 = Debug|Any CPU
		{CF0368DB-4396-415B-9256-47A379815A3F}.Release|Any CPU.ActiveCfg = Release|Any CPU
		{CF0368DB-4396-415B-9256-47A379815A3F}.Release|Any CPU.Build.0 = Release|Any CPU
	EndGlobalSection
EndGlobal
