
Microsoft Visual Studio Solution File, Format Version 12.00
# Visual Studio Version 17
VisualStudioVersion = 17.0.31903.59
MinimumVisualStudioVersion = 10.0.40219.1
Project("{FAE04EC0-301F-11D3-BF4B-00C04F79EFBC}") = "SeedMultiUrlEnvironment", "SeedMultiUrlEnvironment\SeedMultiUrlEnvironment.csproj", "{4CA34091-3C9C-418B-8570-0D07E4E2D913}"
EndProject
Project("{FAE04EC0-301F-11D3-BF4B-00C04F79EFBC}") = "SeedMultiUrlEnvironment.Test", "SeedMultiUrlEnvironment.Test\SeedMultiUrlEnvironment.Test.csproj", "{107437B9-636F-4DEE-95FB-B88A69ADAF9D}"
EndProject
Global
	GlobalSection(SolutionConfigurationPlatforms) = preSolution
		Debug|Any CPU = Debug|Any CPU
		Release|Any CPU = Release|Any CPU
	EndGlobalSection
	GlobalSection(SolutionProperties) = preSolution
		HideSolutionNode = FALSE
	EndGlobalSection
	GlobalSection(ProjectConfigurationPlatforms) = postSolution
		{4CA34091-3C9C-418B-8570-0D07E4E2D913}.Debug|Any CPU.ActiveCfg = Debug|Any CPU
		{4CA34091-3C9C-418B-8570-0D07E4E2D913}.Debug|Any CPU.Build.0 = Debug|Any CPU
		{4CA34091-3C9C-418B-8570-0D07E4E2D913}.Release|Any CPU.ActiveCfg = Release|Any CPU
		{4CA34091-3C9C-418B-8570-0D07E4E2D913}.Release|Any CPU.Build.0 = Release|Any CPU
		{107437B9-636F-4DEE-95FB-B88A69ADAF9D}.Debug|Any CPU.ActiveCfg = Debug|Any CPU
		{107437B9-636F-4DEE-95FB-B88A69ADAF9D}.Debug|Any CPU.Build.0 = Debug|Any CPU
		{107437B9-636F-4DEE-95FB-B88A69ADAF9D}.Release|Any CPU.ActiveCfg = Release|Any CPU
		{107437B9-636F-4DEE-95FB-B88A69ADAF9D}.Release|Any CPU.Build.0 = Release|Any CPU
	EndGlobalSection
EndGlobal
