
Microsoft Visual Studio Solution File, Format Version 12.00
# Visual Studio Version 17
VisualStudioVersion = 17.0.31903.59
MinimumVisualStudioVersion = 10.0.40219.1
Project("{FAE04EC0-301F-11D3-BF4B-00C04F79EFBC}") = "SeedApi", "SeedApi\SeedApi.csproj", "{C6F89C3B-0B6F-4F3F-B613-07814155610D}"
EndProject
Project("{FAE04EC0-301F-11D3-BF4B-00C04F79EFBC}") = "SeedApi.Test", "SeedApi.Test\SeedApi.Test.csproj", "{1BA8FF2A-84D7-4AD8-B409-348076EE1531}"
EndProject
Global
	GlobalSection(SolutionConfigurationPlatforms) = preSolution
		Debug|Any CPU = Debug|Any CPU
		Release|Any CPU = Release|Any CPU
	EndGlobalSection
	GlobalSection(SolutionProperties) = preSolution
		HideSolutionNode = FALSE
	EndGlobalSection
	GlobalSection(ProjectConfigurationPlatforms) = postSolution
		{C6F89C3B-0B6F-4F3F-B613-07814155610D}.Debug|Any CPU.ActiveCfg = Debug|Any CPU
		{C6F89C3B-0B6F-4F3F-B613-07814155610D}.Debug|Any CPU.Build.0 = Debug|Any CPU
		{C6F89C3B-0B6F-4F3F-B613-07814155610D}.Release|Any CPU.ActiveCfg = Release|Any CPU
		{C6F89C3B-0B6F-4F3F-B613-07814155610D}.Release|Any CPU.Build.0 = Release|Any CPU
		{1BA8FF2A-84D7-4AD8-B409-348076EE1531}.Debug|Any CPU.ActiveCfg = Debug|Any CPU
		{1BA8FF2A-84D7-4AD8-B409-348076EE1531}.Debug|Any CPU.Build.0 = Debug|Any CPU
		{1BA8FF2A-84D7-4AD8-B409-348076EE1531}.Release|Any CPU.ActiveCfg = Release|Any CPU
		{1BA8FF2A-84D7-4AD8-B409-348076EE1531}.Release|Any CPU.Build.0 = Release|Any CPU
	EndGlobalSection
EndGlobal
