
Microsoft Visual Studio Solution File, Format Version 12.00
# Visual Studio Version 17
VisualStudioVersion = 17.0.31903.59
MinimumVisualStudioVersion = 10.0.40219.1
Project("{FAE04EC0-301F-11D3-BF4B-00C04F79EFBC}") = "SeedExhaustive", "SeedExhaustive\SeedExhaustive.csproj", "{47FAB3D5-CC40-4618-87FC-CD5C730DEA07}"
EndProject
Project("{FAE04EC0-301F-11D3-BF4B-00C04F79EFBC}") = "SeedExhaustive.Test", "SeedExhaustive.Test\SeedExhaustive.Test.csproj", "{7BFD66F1-4A35-4AFC-8FEB-F04B2709A707}"
EndProject
Global
	GlobalSection(SolutionConfigurationPlatforms) = preSolution
		Debug|Any CPU = Debug|Any CPU
		Release|Any CPU = Release|Any CPU
	EndGlobalSection
	GlobalSection(SolutionProperties) = preSolution
		HideSolutionNode = FALSE
	EndGlobalSection
	GlobalSection(ProjectConfigurationPlatforms) = postSolution
		{47FAB3D5-CC40-4618-87FC-CD5C730DEA07}.Debug|Any CPU.ActiveCfg = Debug|Any CPU
		{47FAB3D5-CC40-4618-87FC-CD5C730DEA07}.Debug|Any CPU.Build.0 = Debug|Any CPU
		{47FAB3D5-CC40-4618-87FC-CD5C730DEA07}.Release|Any CPU.ActiveCfg = Release|Any CPU
		{47FAB3D5-CC40-4618-87FC-CD5C730DEA07}.Release|Any CPU.Build.0 = Release|Any CPU
		{7BFD66F1-4A35-4AFC-8FEB-F04B2709A707}.Debug|Any CPU.ActiveCfg = Debug|Any CPU
		{7BFD66F1-4A35-4AFC-8FEB-F04B2709A707}.Debug|Any CPU.Build.0 = Debug|Any CPU
		{7BFD66F1-4A35-4AFC-8FEB-F04B2709A707}.Release|Any CPU.ActiveCfg = Release|Any CPU
		{7BFD66F1-4A35-4AFC-8FEB-F04B2709A707}.Release|Any CPU.Build.0 = Release|Any CPU
	EndGlobalSection
EndGlobal
