
Microsoft Visual Studio Solution File, Format Version 12.00
# Visual Studio Version 17
VisualStudioVersion = 17.0.31903.59
MinimumVisualStudioVersion = 10.0.40219.1
Project("{FAE04EC0-301F-11D3-BF4B-00C04F79EFBC}") = "SeedPackageYml", "SeedPackageYml\SeedPackageYml.csproj", "{FFC3A11D-F201-472D-8165-FB972125AE73}"
EndProject
Project("{FAE04EC0-301F-11D3-BF4B-00C04F79EFBC}") = "SeedPackageYml.Test", "SeedPackageYml.Test\SeedPackageYml.Test.csproj", "{6B39C830-9D14-4C48-9D6F-45673B4D2FD0}"
EndProject
Global
	GlobalSection(SolutionConfigurationPlatforms) = preSolution
		Debug|Any CPU = Debug|Any CPU
		Release|Any CPU = Release|Any CPU
	EndGlobalSection
	GlobalSection(SolutionProperties) = preSolution
		HideSolutionNode = FALSE
	EndGlobalSection
	GlobalSection(ProjectConfigurationPlatforms) = postSolution
		{FFC3A11D-F201-472D-8165-FB972125AE73}.Debug|Any CPU.ActiveCfg = Debug|Any CPU
		{FFC3A11D-F201-472D-8165-FB972125AE73}.Debug|Any CPU.Build.0 = Debug|Any CPU
		{FFC3A11D-F201-472D-8165-FB972125AE73}.Release|Any CPU.ActiveCfg = Release|Any CPU
		{FFC3A11D-F201-472D-8165-FB972125AE73}.Release|Any CPU.Build.0 = Release|Any CPU
		{6B39C830-9D14-4C48-9D6F-45673B4D2FD0}.Debug|Any CPU.ActiveCfg = Debug|Any CPU
		{6B39C830-9D14-4C48-9D6F-45673B4D2FD0}.Debug|Any CPU.Build.0 = Debug|Any CPU
		{6B39C830-9D14-4C48-9D6F-45673B4D2FD0}.Release|Any CPU.ActiveCfg = Release|Any CPU
		{6B39C830-9D14-4C48-9D6F-45673B4D2FD0}.Release|Any CPU.Build.0 = Release|Any CPU
	EndGlobalSection
EndGlobal
