
Microsoft Visual Studio Solution File, Format Version 12.00
# Visual Studio Version 17
VisualStudioVersion = 17.0.31903.59
MinimumVisualStudioVersion = 10.0.40219.1
Project("{FAE04EC0-301F-11D3-BF4B-00C04F79EFBC}") = "SeedPathParameters", "SeedPathParameters\SeedPathParameters.csproj", "{CEBB6339-2EE5-46A3-8154-0D1E64EFD4D9}"
EndProject
Project("{FAE04EC0-301F-11D3-BF4B-00C04F79EFBC}") = "SeedPathParameters.Test", "SeedPathParameters.Test\SeedPathParameters.Test.csproj", "{B918CFBC-832E-40BE-8F68-55B5D199D2C3}"
EndProject
Global
	GlobalSection(SolutionConfigurationPlatforms) = preSolution
		Debug|Any CPU = Debug|Any CPU
		Release|Any CPU = Release|Any CPU
	EndGlobalSection
	GlobalSection(SolutionProperties) = preSolution
		HideSolutionNode = FALSE
	EndGlobalSection
	GlobalSection(ProjectConfigurationPlatforms) = postSolution
		{CEBB6339-2EE5-46A3-8154-0D1E64EFD4D9}.Debug|Any CPU.ActiveCfg = Debug|Any CPU
		{CEBB6339-2EE5-46A3-8154-0D1E64EFD4D9}.Debug|Any CPU.Build.0 = Debug|Any CPU
		{CEBB6339-2EE5-46A3-8154-0D1E64EFD4D9}.Release|Any CPU.ActiveCfg = Release|Any CPU
		{CEBB6339-2EE5-46A3-8154-0D1E64EFD4D9}.Release|Any CPU.Build.0 = Release|Any CPU
		{B918CFBC-832E-40BE-8F68-55B5D199D2C3}.Debug|Any CPU.ActiveCfg = Debug|Any CPU
		{B918CFBC-832E-40BE-8F68-55B5D199D2C3}.Debug|Any CPU.Build.0 = Debug|Any CPU
		{B918CFBC-832E-40BE-8F68-55B5D199D2C3}.Release|Any CPU.ActiveCfg = Release|Any CPU
		{B918CFBC-832E-40BE-8F68-55B5D199D2C3}.Release|Any CPU.Build.0 = Release|Any CPU
	EndGlobalSection
EndGlobal
