
Microsoft Visual Studio Solution File, Format Version 12.00
# Visual Studio Version 17
VisualStudioVersion = 17.0.31903.59
MinimumVisualStudioVersion = 10.0.40219.1
Project("{FAE04EC0-301F-11D3-BF4B-00C04F79EFBC}") = "SeedExamples", "SeedExamples\SeedExamples.csproj", "{C9406C29-21EB-43C3-9C28-FDCFC88045DD}"
EndProject
Project("{FAE04EC0-301F-11D3-BF4B-00C04F79EFBC}") = "SeedExamples.Test", "SeedExamples.Test\SeedExamples.Test.csproj", "{35143FD6-D6E7-4D07-9DBA-2842CE2AB66A}"
EndProject
Global
	GlobalSection(SolutionConfigurationPlatforms) = preSolution
		Debug|Any CPU = Debug|Any CPU
		Release|Any CPU = Release|Any CPU
	EndGlobalSection
	GlobalSection(SolutionProperties) = preSolution
		HideSolutionNode = FALSE
	EndGlobalSection
	GlobalSection(ProjectConfigurationPlatforms) = postSolution
		{C9406C29-21EB-43C3-9C28-FDCFC88045DD}.Debug|Any CPU.ActiveCfg = Debug|Any CPU
		{C9406C29-21EB-43C3-9C28-FDCFC88045DD}.Debug|Any CPU.Build.0 = Debug|Any CPU
		{C9406C29-21EB-43C3-9C28-FDCFC88045DD}.Release|Any CPU.ActiveCfg = Release|Any CPU
		{C9406C29-21EB-43C3-9C28-FDCFC88045DD}.Release|Any CPU.Build.0 = Release|Any CPU
		{35143FD6-D6E7-4D07-9DBA-2842CE2AB66A}.Debug|Any CPU.ActiveCfg = Debug|Any CPU
		{35143FD6-D6E7-4D07-9DBA-2842CE2AB66A}.Debug|Any CPU.Build.0 = Debug|Any CPU
		{35143FD6-D6E7-4D07-9DBA-2842CE2AB66A}.Release|Any CPU.ActiveCfg = Release|Any CPU
		{35143FD6-D6E7-4D07-9DBA-2842CE2AB66A}.Release|Any CPU.Build.0 = Release|Any CPU
	EndGlobalSection
EndGlobal
