
Microsoft Visual Studio Solution File, Format Version 12.00
# Visual Studio Version 17
VisualStudioVersion = 17.0.31903.59
MinimumVisualStudioVersion = 10.0.40219.1
Project("{FAE04EC0-301F-11D3-BF4B-00C04F79EFBC}") = "SeedAlias", "SeedAlias\SeedAlias.csproj", "{2645F904-632B-4E7B-8751-E5852CA853E9}"
EndProject
Project("{FAE04EC0-301F-11D3-BF4B-00C04F79EFBC}") = "SeedAlias.Test", "SeedAlias.Test\SeedAlias.Test.csproj", "{BF3703AE-DA65-4C55-8BDE-CE5960F36736}"
EndProject
Global
	GlobalSection(SolutionConfigurationPlatforms) = preSolution
		Debug|Any CPU = Debug|Any CPU
		Release|Any CPU = Release|Any CPU
	EndGlobalSection
	GlobalSection(SolutionProperties) = preSolution
		HideSolutionNode = FALSE
	EndGlobalSection
	GlobalSection(ProjectConfigurationPlatforms) = postSolution
		{2645F904-632B-4E7B-8751-E5852CA853E9}.Debug|Any CPU.ActiveCfg = Debug|Any CPU
		{2645F904-632B-4E7B-8751-E5852CA853E9}.Debug|Any CPU.Build.0 = Debug|Any CPU
		{2645F904-632B-4E7B-8751-E5852CA853E9}.Release|Any CPU.ActiveCfg = Release|Any CPU
		{2645F904-632B-4E7B-8751-E5852CA853E9}.Release|Any CPU.Build.0 = Release|Any CPU
		{BF3703AE-DA65-4C55-8BDE-CE5960F36736}.Debug|Any CPU.ActiveCfg = Debug|Any CPU
		{BF3703AE-DA65-4C55-8BDE-CE5960F36736}.Debug|Any CPU.Build.0 = Debug|Any CPU
		{BF3703AE-DA65-4C55-8BDE-CE5960F36736}.Release|Any CPU.ActiveCfg = Release|Any CPU
		{BF3703AE-DA65-4C55-8BDE-CE5960F36736}.Release|Any CPU.Build.0 = Release|Any CPU
	EndGlobalSection
EndGlobal
