
Microsoft Visual Studio Solution File, Format Version 12.00
# Visual Studio Version 17
VisualStudioVersion = 17.0.31903.59
MinimumVisualStudioVersion = 10.0.40219.1
Project("{FAE04EC0-301F-11D3-BF4B-00C04F79EFBC}") = "SeedResponseProperty", "SeedResponseProperty\SeedResponseProperty.csproj", "{29A10F29-0588-47A0-BEA7-FF82330C9A83}"
EndProject
Project("{FAE04EC0-301F-11D3-BF4B-00C04F79EFBC}") = "SeedResponseProperty.Test", "SeedResponseProperty.Test\SeedResponseProperty.Test.csproj", "{DD74E983-A221-44D8-B999-E45E3301C1F3}"
EndProject
Global
	GlobalSection(SolutionConfigurationPlatforms) = preSolution
		Debug|Any CPU = Debug|Any CPU
		Release|Any CPU = Release|Any CPU
	EndGlobalSection
	GlobalSection(SolutionProperties) = preSolution
		HideSolutionNode = FALSE
	EndGlobalSection
	GlobalSection(ProjectConfigurationPlatforms) = postSolution
		{29A10F29-0588-47A0-BEA7-FF82330C9A83}.Debug|Any CPU.ActiveCfg = Debug|Any CPU
		{29A10F29-0588-47A0-BEA7-FF82330C9A83}.Debug|Any CPU.Build.0 = Debug|Any CPU
		{29A10F29-0588-47A0-BEA7-FF82330C9A83}.Release|Any CPU.ActiveCfg = Release|Any CPU
		{29A10F29-0588-47A0-BEA7-FF82330C9A83}.Release|Any CPU.Build.0 = Release|Any CPU
		{DD74E983-A221-44D8-B999-E45E3301C1F3}.Debug|Any CPU.ActiveCfg = Debug|Any CPU
		{DD74E983-A221-44D8-B999-E45E3301C1F3}.Debug|Any CPU.Build.0 = Debug|Any CPU
		{DD74E983-A221-44D8-B999-E45E3301C1F3}.Release|Any CPU.ActiveCfg = Release|Any CPU
		{DD74E983-A221-44D8-B999-E45E3301C1F3}.Release|Any CPU.Build.0 = Release|Any CPU
	EndGlobalSection
EndGlobal
