
Microsoft Visual Studio Solution File, Format Version 12.00
# Visual Studio Version 17
VisualStudioVersion = 17.0.31903.59
MinimumVisualStudioVersion = 10.0.40219.1
Project("{FAE04EC0-301F-11D3-BF4B-00C04F79EFBC}") = "SeedWebsocket", "SeedWebsocket\SeedWebsocket.csproj", "{2416BC8C-3209-4AB5-B433-FB4E217649C7}"
EndProject
Project("{FAE04EC0-301F-11D3-BF4B-00C04F79EFBC}") = "SeedWebsocket.Test", "SeedWebsocket.Test\SeedWebsocket.Test.csproj", "{D6C2B177-C985-4C87-87C8-4BB73BDBE65F}"
EndProject
Global
	GlobalSection(SolutionConfigurationPlatforms) = preSolution
		Debug|Any CPU = Debug|Any CPU
		Release|Any CPU = Release|Any CPU
	EndGlobalSection
	GlobalSection(SolutionProperties) = preSolution
		HideSolutionNode = FALSE
	EndGlobalSection
	GlobalSection(ProjectConfigurationPlatforms) = postSolution
		{2416BC8C-3209-4AB5-B433-FB4E217649C7}.Debug|Any CPU.ActiveCfg = Debug|Any CPU
		{2416BC8C-3209-4AB5-B433-FB4E217649C7}.Debug|Any CPU.Build.0 = Debug|Any CPU
		{2416BC8C-3209-4AB5-B433-FB4E217649C7}.Release|Any CPU.ActiveCfg = Release|Any CPU
		{2416BC8C-3209-4AB5-B433-FB4E217649C7}.Release|Any CPU.Build.0 = Release|Any CPU
		{D6C2B177-C985-4C87-87C8-4BB73BDBE65F}.Debug|Any CPU.ActiveCfg = Debug|Any CPU
		{D6C2B177-C985-4C87-87C8-4BB73BDBE65F}.Debug|Any CPU.Build.0 = Debug|Any CPU
		{D6C2B177-C985-4C87-87C8-4BB73BDBE65F}.Release|Any CPU.ActiveCfg = Release|Any CPU
		{D6C2B177-C985-4C87-87C8-4BB73BDBE65F}.Release|Any CPU.Build.0 = Release|Any CPU
	EndGlobalSection
EndGlobal
