
Microsoft Visual Studio Solution File, Format Version 12.00
# Visual Studio Version 17
VisualStudioVersion = 17.0.31903.59
MinimumVisualStudioVersion = 10.0.40219.1
Project("{FAE04EC0-301F-11D3-BF4B-00C04F79EFBC}") = "SeedWebsocket", "SeedWebsocket\SeedWebsocket.csproj", "{18ED5C09-5B15-401B-A614-F4258550EA05}"
EndProject
Project("{FAE04EC0-301F-11D3-BF4B-00C04F79EFBC}") = "SeedWebsocket.Test", "SeedWebsocket.Test\SeedWebsocket.Test.csproj", "{83DB08F1-F864-40F6-8F8D-9A5203D24B21}"
EndProject
Global
	GlobalSection(SolutionConfigurationPlatforms) = preSolution
		Debug|Any CPU = Debug|Any CPU
		Release|Any CPU = Release|Any CPU
	EndGlobalSection
	GlobalSection(SolutionProperties) = preSolution
		HideSolutionNode = FALSE
	EndGlobalSection
	GlobalSection(ProjectConfigurationPlatforms) = postSolution
		{18ED5C09-5B15-401B-A614-F4258550EA05}.Debug|Any CPU.ActiveCfg = Debug|Any CPU
		{18ED5C09-5B15-401B-A614-F4258550EA05}.Debug|Any CPU.Build.0 = Debug|Any CPU
		{18ED5C09-5B15-401B-A614-F4258550EA05}.Release|Any CPU.ActiveCfg = Release|Any CPU
		{18ED5C09-5B15-401B-A614-F4258550EA05}.Release|Any CPU.Build.0 = Release|Any CPU
		{83DB08F1-F864-40F6-8F8D-9A5203D24B21}.Debug|Any CPU.ActiveCfg = Debug|Any CPU
		{83DB08F1-F864-40F6-8F8D-9A5203D24B21}.Debug|Any CPU.Build.0 = Debug|Any CPU
		{83DB08F1-F864-40F6-8F8D-9A5203D24B21}.Release|Any CPU.ActiveCfg = Release|Any CPU
		{83DB08F1-F864-40F6-8F8D-9A5203D24B21}.Release|Any CPU.Build.0 = Release|Any CPU
	EndGlobalSection
EndGlobal
