
Microsoft Visual Studio Solution File, Format Version 12.00
# Visual Studio Version 17
VisualStudioVersion = 17.0.31903.59
MinimumVisualStudioVersion = 10.0.40219.1
Project("{FAE04EC0-301F-11D3-BF4B-00C04F79EFBC}") = "SeedObjectsWithImports", "SeedObjectsWithImports\SeedObjectsWithImports.csproj", "{AD53C5A6-DF12-4372-BCC5-5F57BCFC0720}"
EndProject
Project("{FAE04EC0-301F-11D3-BF4B-00C04F79EFBC}") = "SeedObjectsWithImports.Test", "SeedObjectsWithImports.Test\SeedObjectsWithImports.Test.csproj", "{E77C2C06-252B-4AE8-8132-7BE4DFF4C148}"
EndProject
Global
	GlobalSection(SolutionConfigurationPlatforms) = preSolution
		Debug|Any CPU = Debug|Any CPU
		Release|Any CPU = Release|Any CPU
	EndGlobalSection
	GlobalSection(SolutionProperties) = preSolution
		HideSolutionNode = FALSE
	EndGlobalSection
	GlobalSection(ProjectConfigurationPlatforms) = postSolution
		{AD53C5A6-DF12-4372-BCC5-5F57BCFC0720}.Debug|Any CPU.ActiveCfg = Debug|Any CPU
		{AD53C5A6-DF12-4372-BCC5-5F57BCFC0720}.Debug|Any CPU.Build.0 = Debug|Any CPU
		{AD53C5A6-DF12-4372-BCC5-5F57BCFC0720}.Release|Any CPU.ActiveCfg = Release|Any CPU
		{AD53C5A6-DF12-4372-BCC5-5F57BCFC0720}.Release|Any CPU.Build.0 = Release|Any CPU
		{E77C2C06-252B-4AE8-8132-7BE4DFF4C148}.Debug|Any CPU.ActiveCfg = Debug|Any CPU
		{E77C2C06-252B-4AE8-8132-7BE4DFF4C148}.Debug|Any CPU.Build.0 = Debug|Any CPU
		{E77C2C06-252B-4AE8-8132-7BE4DFF4C148}.Release|Any CPU.ActiveCfg = Release|Any CPU
		{E77C2C06-252B-4AE8-8132-7BE4DFF4C148}.Release|Any CPU.Build.0 = Release|Any CPU
	EndGlobalSection
EndGlobal
