
Microsoft Visual Studio Solution File, Format Version 12.00
# Visual Studio Version 17
VisualStudioVersion = 17.0.31903.59
MinimumVisualStudioVersion = 10.0.40219.1
Project("{FAE04EC0-301F-11D3-BF4B-00C04F79EFBC}") = "SeedExhaustive", "SeedExhaustive\SeedExhaustive.csproj", "{DDA68766-488F-44F3-B557-3568C379EF1E}"
EndProject
Project("{FAE04EC0-301F-11D3-BF4B-00C04F79EFBC}") = "SeedExhaustive.Test", "SeedExhaustive.Test\SeedExhaustive.Test.csproj", "{2F04CD3A-7518-4F6D-87E9-7D8CB0346B89}"
EndProject
Global
	GlobalSection(SolutionConfigurationPlatforms) = preSolution
		Debug|Any CPU = Debug|Any CPU
		Release|Any CPU = Release|Any CPU
	EndGlobalSection
	GlobalSection(SolutionProperties) = preSolution
		HideSolutionNode = FALSE
	EndGlobalSection
	GlobalSection(ProjectConfigurationPlatforms) = postSolution
		{DDA68766-488F-44F3-B557-3568C379EF1E}.Debug|Any CPU.ActiveCfg = Debug|Any CPU
		{DDA68766-488F-44F3-B557-3568C379EF1E}.Debug|Any CPU.Build.0 = Debug|Any CPU
		{DDA68766-488F-44F3-B557-3568C379EF1E}.Release|Any CPU.ActiveCfg = Release|Any CPU
		{DDA68766-488F-44F3-B557-3568C379EF1E}.Release|Any CPU.Build.0 = Release|Any CPU
		{2F04CD3A-7518-4F6D-87E9-7D8CB0346B89}.Debug|Any CPU.ActiveCfg = Debug|Any CPU
		{2F04CD3A-7518-4F6D-87E9-7D8CB0346B89}.Debug|Any CPU.Build.0 = Debug|Any CPU
		{2F04CD3A-7518-4F6D-87E9-7D8CB0346B89}.Release|Any CPU.ActiveCfg = Release|Any CPU
		{2F04CD3A-7518-4F6D-87E9-7D8CB0346B89}.Release|Any CPU.Build.0 = Release|Any CPU
	EndGlobalSection
EndGlobal
