
Microsoft Visual Studio Solution File, Format Version 12.00
# Visual Studio Version 17
VisualStudioVersion = 17.0.31903.59
MinimumVisualStudioVersion = 10.0.40219.1
Project("{FAE04EC0-301F-11D3-BF4B-00C04F79EFBC}") = "SeedApi", "SeedApi\SeedApi.csproj", "{2FB2FE21-3809-45CB-8765-5EBFE48B1501}"
EndProject
Project("{FAE04EC0-301F-11D3-BF4B-00C04F79EFBC}") = "SeedApi.Test", "SeedApi.Test\SeedApi.Test.csproj", "{40E43C30-1BD0-4939-AF06-157B697A3CBF}"
EndProject
Global
	GlobalSection(SolutionConfigurationPlatforms) = preSolution
		Debug|Any CPU = Debug|Any CPU
		Release|Any CPU = Release|Any CPU
	EndGlobalSection
	GlobalSection(SolutionProperties) = preSolution
		HideSolutionNode = FALSE
	EndGlobalSection
	GlobalSection(ProjectConfigurationPlatforms) = postSolution
		{2FB2FE21-3809-45CB-8765-5EBFE48B1501}.Debug|Any CPU.ActiveCfg = Debug|Any CPU
		{2FB2FE21-3809-45CB-8765-5EBFE48B1501}.Debug|Any CPU.Build.0 = Debug|Any CPU
		{2FB2FE21-3809-45CB-8765-5EBFE48B1501}.Release|Any CPU.ActiveCfg = Release|Any CPU
		{2FB2FE21-3809-45CB-8765-5EBFE48B1501}.Release|Any CPU.Build.0 = Release|Any CPU
		{40E43C30-1BD0-4939-AF06-157B697A3CBF}.Debug|Any CPU.ActiveCfg = Debug|Any CPU
		{40E43C30-1BD0-4939-AF06-157B697A3CBF}.Debug|Any CPU.Build.0 = Debug|Any CPU
		{40E43C30-1BD0-4939-AF06-157B697A3CBF}.Release|Any CPU.ActiveCfg = Release|Any CPU
		{40E43C30-1BD0-4939-AF06-157B697A3CBF}.Release|Any CPU.Build.0 = Release|Any CPU
	EndGlobalSection
EndGlobal
