
Microsoft Visual Studio Solution File, Format Version 12.00
# Visual Studio Version 17
VisualStudioVersion = 17.0.31903.59
MinimumVisualStudioVersion = 10.0.40219.1
Project("{FAE04EC0-301F-11D3-BF4B-00C04F79EFBC}") = "Client", "Client\Client.csproj", "{18F5B2F6-FA76-4EFF-8937-0E719CFCC0FA}"
EndProject
Project("{FAE04EC0-301F-11D3-BF4B-00C04F79EFBC}") = "Client.Test", "Client.Test\Client.Test.csproj", "{6E0B4B4A-8A74-49C7-AB1C-6908C2B6D343}"
EndProject
Global
	GlobalSection(SolutionConfigurationPlatforms) = preSolution
		Debug|Any CPU = Debug|Any CPU
		Release|Any CPU = Release|Any CPU
	EndGlobalSection
	GlobalSection(SolutionProperties) = preSolution
		HideSolutionNode = FALSE
	EndGlobalSection
	GlobalSection(ProjectConfigurationPlatforms) = postSolution
		{18F5B2F6-FA76-4EFF-8937-0E719CFCC0FA}.Debug|Any CPU.ActiveCfg = Debug|Any CPU
		{18F5B2F6-FA76-4EFF-8937-0E719CFCC0FA}.Debug|Any CPU.Build.0 = Debug|Any CPU
		{18F5B2F6-FA76-4EFF-8937-0E719CFCC0FA}.Release|Any CPU.ActiveCfg = Release|Any CPU
		{18F5B2F6-FA76-4EFF-8937-0E719CFCC0FA}.Release|Any CPU.Build.0 = Release|Any CPU
		{6E0B4B4A-8A74-49C7-AB1C-6908C2B6D343}.Debug|Any CPU.ActiveCfg = Debug|Any CPU
		{6E0B4B4A-8A74-49C7-AB1C-6908C2B6D343}.Debug|Any CPU.Build.0 = Debug|Any CPU
		{6E0B4B4A-8A74-49C7-AB1C-6908C2B6D343}.Release|Any CPU.ActiveCfg = Release|Any CPU
		{6E0B4B4A-8A74-49C7-AB1C-6908C2B6D343}.Release|Any CPU.Build.0 = Release|Any CPU
	EndGlobalSection
EndGlobal
