
Microsoft Visual Studio Solution File, Format Version 12.00
# Visual Studio Version 17
VisualStudioVersion = 17.0.31903.59
MinimumVisualStudioVersion = 10.0.40219.1
Project("{FAE04EC0-301F-11D3-BF4B-00C04F79EFBC}") = "SeedSingleUrlEnvironmentDefault", "SeedSingleUrlEnvironmentDefault\SeedSingleUrlEnvironmentDefault.csproj", "{5ED5C9F3-7D01-48A8-8CA2-F0BC0DD4637A}"
EndProject
Project("{FAE04EC0-301F-11D3-BF4B-00C04F79EFBC}") = "SeedSingleUrlEnvironmentDefault.Test", "SeedSingleUrlEnvironmentDefault.Test\SeedSingleUrlEnvironmentDefault.Test.csproj", "{B0B6E847-0BAC-47A3-A1C4-574294418BAE}"
EndProject
Global
	GlobalSection(SolutionConfigurationPlatforms) = preSolution
		Debug|Any CPU = Debug|Any CPU
		Release|Any CPU = Release|Any CPU
	EndGlobalSection
	GlobalSection(SolutionProperties) = preSolution
		HideSolutionNode = FALSE
	EndGlobalSection
	GlobalSection(ProjectConfigurationPlatforms) = postSolution
		{5ED5C9F3-7D01-48A8-8CA2-F0BC0DD4637A}.Debug|Any CPU.ActiveCfg = Debug|Any CPU
		{5ED5C9F3-7D01-48A8-8CA2-F0BC0DD4637A}.Debug|Any CPU.Build.0 = Debug|Any CPU
		{5ED5C9F3-7D01-48A8-8CA2-F0BC0DD4637A}.Release|Any CPU.ActiveCfg = Release|Any CPU
		{5ED5C9F3-7D01-48A8-8CA2-F0BC0DD4637A}.Release|Any CPU.Build.0 = Release|Any CPU
		{B0B6E847-0BAC-47A3-A1C4-574294418BAE}.Debug|Any CPU.ActiveCfg = Debug|Any CPU
		{B0B6E847-0BAC-47A3-A1C4-574294418BAE}.Debug|Any CPU.Build.0 = Debug|Any CPU
		{B0B6E847-0BAC-47A3-A1C4-574294418BAE}.Release|Any CPU.ActiveCfg = Release|Any CPU
		{B0B6E847-0BAC-47A3-A1C4-574294418BAE}.Release|Any CPU.Build.0 = Release|Any CPU
	EndGlobalSection
EndGlobal
