
Microsoft Visual Studio Solution File, Format Version 12.00
# Visual Studio Version 17
VisualStudioVersion = 17.0.31903.59
MinimumVisualStudioVersion = 10.0.40219.1
Project("{FAE04EC0-301F-11D3-BF4B-00C04F79EFBC}") = "SeedSingleUrlEnvironmentDefault", "SeedSingleUrlEnvironmentDefault\SeedSingleUrlEnvironmentDefault.csproj", "{73C41894-A9E0-43E6-8E63-0CAE678C2EA0}"
EndProject
Project("{FAE04EC0-301F-11D3-BF4B-00C04F79EFBC}") = "SeedSingleUrlEnvironmentDefault.Test", "SeedSingleUrlEnvironmentDefault.Test\SeedSingleUrlEnvironmentDefault.Test.csproj", "{88C55243-B462-4A24-B68B-F0722C11F327}"
EndProject
Global
	GlobalSection(SolutionConfigurationPlatforms) = preSolution
		Debug|Any CPU = Debug|Any CPU
		Release|Any CPU = Release|Any CPU
	EndGlobalSection
	GlobalSection(SolutionProperties) = preSolution
		HideSolutionNode = FALSE
	EndGlobalSection
	GlobalSection(ProjectConfigurationPlatforms) = postSolution
		{73C41894-A9E0-43E6-8E63-0CAE678C2EA0}.Debug|Any CPU.ActiveCfg = Debug|Any CPU
		{73C41894-A9E0-43E6-8E63-0CAE678C2EA0}.Debug|Any CPU.Build.0 = Debug|Any CPU
		{73C41894-A9E0-43E6-8E63-0CAE678C2EA0}.Release|Any CPU.ActiveCfg = Release|Any CPU
		{73C41894-A9E0-43E6-8E63-0CAE678C2EA0}.Release|Any CPU.Build.0 = Release|Any CPU
		{88C55243-B462-4A24-B68B-F0722C11F327}.Debug|Any CPU.ActiveCfg = Debug|Any CPU
		{88C55243-B462-4A24-B68B-F0722C11F327}.Debug|Any CPU.Build.0 = Debug|Any CPU
		{88C55243-B462-4A24-B68B-F0722C11F327}.Release|Any CPU.ActiveCfg = Release|Any CPU
		{88C55243-B462-4A24-B68B-F0722C11F327}.Release|Any CPU.Build.0 = Release|Any CPU
	EndGlobalSection
EndGlobal
