
Microsoft Visual Studio Solution File, Format Version 12.00
# Visual Studio Version 17
VisualStudioVersion = 17.0.31903.59
MinimumVisualStudioVersion = 10.0.40219.1
Project("{FAE04EC0-301F-11D3-BF4B-00C04F79EFBC}") = "SeedSingleUrlEnvironmentDefault", "SeedSingleUrlEnvironmentDefault\SeedSingleUrlEnvironmentDefault.csproj", "{A32B4095-2AE1-4562-A81B-9F9C47826DCE}"
EndProject
Project("{FAE04EC0-301F-11D3-BF4B-00C04F79EFBC}") = "SeedSingleUrlEnvironmentDefault.Test", "SeedSingleUrlEnvironmentDefault.Test\SeedSingleUrlEnvironmentDefault.Test.csproj", "{60D41F2F-764A-4A57-B9C6-AFBBA9B9D971}"
EndProject
Global
	GlobalSection(SolutionConfigurationPlatforms) = preSolution
		Debug|Any CPU = Debug|Any CPU
		Release|Any CPU = Release|Any CPU
	EndGlobalSection
	GlobalSection(SolutionProperties) = preSolution
		HideSolutionNode = FALSE
	EndGlobalSection
	GlobalSection(ProjectConfigurationPlatforms) = postSolution
		{A32B4095-2AE1-4562-A81B-9F9C47826DCE}.Debug|Any CPU.ActiveCfg = Debug|Any CPU
		{A32B4095-2AE1-4562-A81B-9F9C47826DCE}.Debug|Any CPU.Build.0 = Debug|Any CPU
		{A32B4095-2AE1-4562-A81B-9F9C47826DCE}.Release|Any CPU.ActiveCfg = Release|Any CPU
		{A32B4095-2AE1-4562-A81B-9F9C47826DCE}.Release|Any CPU.Build.0 = Release|Any CPU
		{60D41F2F-764A-4A57-B9C6-AFBBA9B9D971}.Debug|Any CPU.ActiveCfg = Debug|Any CPU
		{60D41F2F-764A-4A57-B9C6-AFBBA9B9D971}.Debug|Any CPU.Build.0 = Debug|Any CPU
		{60D41F2F-764A-4A57-B9C6-AFBBA9B9D971}.Release|Any CPU.ActiveCfg = Release|Any CPU
		{60D41F2F-764A-4A57-B9C6-AFBBA9B9D971}.Release|Any CPU.Build.0 = Release|Any CPU
	EndGlobalSection
EndGlobal
