
Microsoft Visual Studio Solution File, Format Version 12.00
# Visual Studio Version 17
VisualStudioVersion = 17.0.31903.59
MinimumVisualStudioVersion = 10.0.40219.1
Project("{FAE04EC0-301F-11D3-BF4B-00C04F79EFBC}") = "SeedApi", "SeedApi\SeedApi.csproj", "{D4A44092-AD46-46B3-8B4F-455714352209}"
EndProject
Project("{FAE04EC0-301F-11D3-BF4B-00C04F79EFBC}") = "SeedApi.Test", "SeedApi.Test\SeedApi.Test.csproj", "{C1B5A49B-5743-4B29-AEC4-C53D894B2233}"
EndProject
Global
	GlobalSection(SolutionConfigurationPlatforms) = preSolution
		Debug|Any CPU = Debug|Any CPU
		Release|Any CPU = Release|Any CPU
	EndGlobalSection
	GlobalSection(SolutionProperties) = preSolution
		HideSolutionNode = FALSE
	EndGlobalSection
	GlobalSection(ProjectConfigurationPlatforms) = postSolution
		{D4A44092-AD46-46B3-8B4F-455714352209}.Debug|Any CPU.ActiveCfg = Debug|Any CPU
		{D4A44092-AD46-46B3-8B4F-455714352209}.Debug|Any CPU.Build.0 = Debug|Any CPU
		{D4A44092-AD46-46B3-8B4F-455714352209}.Release|Any CPU.ActiveCfg = Release|Any CPU
		{D4A44092-AD46-46B3-8B4F-455714352209}.Release|Any CPU.Build.0 = Release|Any CPU
		{C1B5A49B-5743-4B29-AEC4-C53D894B2233}.Debug|Any CPU.ActiveCfg = Debug|Any CPU
		{C1B5A49B-5743-4B29-AEC4-C53D894B2233}.Debug|Any CPU.Build.0 = Debug|Any CPU
		{C1B5A49B-5743-4B29-AEC4-C53D894B2233}.Release|Any CPU.ActiveCfg = Release|Any CPU
		{C1B5A49B-5743-4B29-AEC4-C53D894B2233}.Release|Any CPU.Build.0 = Release|Any CPU
	EndGlobalSection
EndGlobal
