
Microsoft Visual Studio Solution File, Format Version 12.00
# Visual Studio Version 17
VisualStudioVersion = 17.0.31903.59
MinimumVisualStudioVersion = 10.0.40219.1
Project("{FAE04EC0-301F-11D3-BF4B-00C04F79EFBC}") = "SeedFileUpload", "SeedFileUpload\SeedFileUpload.csproj", "{70B530A2-76D5-41C5-A411-FE2F1E3F2057}"
EndProject
Project("{FAE04EC0-301F-11D3-BF4B-00C04F79EFBC}") = "SeedFileUpload.Test", "SeedFileUpload.Test\SeedFileUpload.Test.csproj", "{72743831-35C1-4775-9A80-0668AB1E20E3}"
EndProject
Global
	GlobalSection(SolutionConfigurationPlatforms) = preSolution
		Debug|Any CPU = Debug|Any CPU
		Release|Any CPU = Release|Any CPU
	EndGlobalSection
	GlobalSection(SolutionProperties) = preSolution
		HideSolutionNode = FALSE
	EndGlobalSection
	GlobalSection(ProjectConfigurationPlatforms) = postSolution
		{70B530A2-76D5-41C5-A411-FE2F1E3F2057}.Debug|Any CPU.ActiveCfg = Debug|Any CPU
		{70B530A2-76D5-41C5-A411-FE2F1E3F2057}.Debug|Any CPU.Build.0 = Debug|Any CPU
		{70B530A2-76D5-41C5-A411-FE2F1E3F2057}.Release|Any CPU.ActiveCfg = Release|Any CPU
		{70B530A2-76D5-41C5-A411-FE2F1E3F2057}.Release|Any CPU.Build.0 = Release|Any CPU
		{72743831-35C1-4775-9A80-0668AB1E20E3}.Debug|Any CPU.ActiveCfg = Debug|Any CPU
		{72743831-35C1-4775-9A80-0668AB1E20E3}.Debug|Any CPU.Build.0 = Debug|Any CPU
		{72743831-35C1-4775-9A80-0668AB1E20E3}.Release|Any CPU.ActiveCfg = Release|Any CPU
		{72743831-35C1-4775-9A80-0668AB1E20E3}.Release|Any CPU.Build.0 = Release|Any CPU
	EndGlobalSection
EndGlobal
