
Microsoft Visual Studio Solution File, Format Version 12.00
# Visual Studio Version 17
VisualStudioVersion = 17.0.31903.59
MinimumVisualStudioVersion = 10.0.40219.1
Project("{FAE04EC0-301F-11D3-BF4B-00C04F79EFBC}") = "SeedFileUpload", "SeedFileUpload\SeedFileUpload.csproj", "{13165465-2EE3-4761-8D1F-3C65181FE1F4}"
EndProject
Project("{FAE04EC0-301F-11D3-BF4B-00C04F79EFBC}") = "SeedFileUpload.Test", "SeedFileUpload.Test\SeedFileUpload.Test.csproj", "{B6491668-0D60-4343-861D-2D61FC193B37}"
EndProject
Global
	GlobalSection(SolutionConfigurationPlatforms) = preSolution
		Debug|Any CPU = Debug|Any CPU
		Release|Any CPU = Release|Any CPU
	EndGlobalSection
	GlobalSection(SolutionProperties) = preSolution
		HideSolutionNode = FALSE
	EndGlobalSection
	GlobalSection(ProjectConfigurationPlatforms) = postSolution
		{13165465-2EE3-4761-8D1F-3C65181FE1F4}.Debug|Any CPU.ActiveCfg = Debug|Any CPU
		{13165465-2EE3-4761-8D1F-3C65181FE1F4}.Debug|Any CPU.Build.0 = Debug|Any CPU
		{13165465-2EE3-4761-8D1F-3C65181FE1F4}.Release|Any CPU.ActiveCfg = Release|Any CPU
		{13165465-2EE3-4761-8D1F-3C65181FE1F4}.Release|Any CPU.Build.0 = Release|Any CPU
		{B6491668-0D60-4343-861D-2D61FC193B37}.Debug|Any CPU.ActiveCfg = Debug|Any CPU
		{B6491668-0D60-4343-861D-2D61FC193B37}.Debug|Any CPU.Build.0 = Debug|Any CPU
		{B6491668-0D60-4343-861D-2D61FC193B37}.Release|Any CPU.ActiveCfg = Release|Any CPU
		{B6491668-0D60-4343-861D-2D61FC193B37}.Release|Any CPU.Build.0 = Release|Any CPU
	EndGlobalSection
EndGlobal
