
Microsoft Visual Studio Solution File, Format Version 12.00
# Visual Studio Version 17
VisualStudioVersion = 17.0.31903.59
MinimumVisualStudioVersion = 10.0.40219.1
Project("{FAE04EC0-301F-11D3-BF4B-00C04F79EFBC}") = "SeedFileUpload", "SeedFileUpload\SeedFileUpload.csproj", "{C0B9ECFA-A382-4E2C-AFF7-43D3BBA9D16F}"
EndProject
Project("{FAE04EC0-301F-11D3-BF4B-00C04F79EFBC}") = "SeedFileUpload.Test", "SeedFileUpload.Test\SeedFileUpload.Test.csproj", "{204D73BE-461C-449B-A6BE-F5DEE9E184FE}"
EndProject
Global
	GlobalSection(SolutionConfigurationPlatforms) = preSolution
		Debug|Any CPU = Debug|Any CPU
		Release|Any CPU = Release|Any CPU
	EndGlobalSection
	GlobalSection(SolutionProperties) = preSolution
		HideSolutionNode = FALSE
	EndGlobalSection
	GlobalSection(ProjectConfigurationPlatforms) = postSolution
		{C0B9ECFA-A382-4E2C-AFF7-43D3BBA9D16F}.Debug|Any CPU.ActiveCfg = Debug|Any CPU
		{C0B9ECFA-A382-4E2C-AFF7-43D3BBA9D16F}.Debug|Any CPU.Build.0 = Debug|Any CPU
		{C0B9ECFA-A382-4E2C-AFF7-43D3BBA9D16F}.Release|Any CPU.ActiveCfg = Release|Any CPU
		{C0B9ECFA-A382-4E2C-AFF7-43D3BBA9D16F}.Release|Any CPU.Build.0 = Release|Any CPU
		{204D73BE-461C-449B-A6BE-F5DEE9E184FE}.Debug|Any CPU.ActiveCfg = Debug|Any CPU
		{204D73BE-461C-449B-A6BE-F5DEE9E184FE}.Debug|Any CPU.Build.0 = Debug|Any CPU
		{204D73BE-461C-449B-A6BE-F5DEE9E184FE}.Release|Any CPU.ActiveCfg = Release|Any CPU
		{204D73BE-461C-449B-A6BE-F5DEE9E184FE}.Release|Any CPU.Build.0 = Release|Any CPU
	EndGlobalSection
EndGlobal
