
Microsoft Visual Studio Solution File, Format Version 12.00
# Visual Studio Version 17
VisualStudioVersion = 17.0.31903.59
MinimumVisualStudioVersion = 10.0.40219.1
Project("{FAE04EC0-301F-11D3-BF4B-00C04F79EFBC}") = "SeedAuthEnvironmentVariables", "SeedAuthEnvironmentVariables\SeedAuthEnvironmentVariables.csproj", "{64D9FB55-E0DE-46AA-A581-8502B4BCF6D9}"
EndProject
Project("{FAE04EC0-301F-11D3-BF4B-00C04F79EFBC}") = "SeedAuthEnvironmentVariables.Test", "SeedAuthEnvironmentVariables.Test\SeedAuthEnvironmentVariables.Test.csproj", "{68E9D11E-C2DC-41D1-99C4-2DD5956BBDD8}"
EndProject
Global
	GlobalSection(SolutionConfigurationPlatforms) = preSolution
		Debug|Any CPU = Debug|Any CPU
		Release|Any CPU = Release|Any CPU
	EndGlobalSection
	GlobalSection(SolutionProperties) = preSolution
		HideSolutionNode = FALSE
	EndGlobalSection
	GlobalSection(ProjectConfigurationPlatforms) = postSolution
		{64D9FB55-E0DE-46AA-A581-8502B4BCF6D9}.Debug|Any CPU.ActiveCfg = Debug|Any CPU
		{64D9FB55-E0DE-46AA-A581-8502B4BCF6D9}.Debug|Any CPU.Build.0 = Debug|Any CPU
		{64D9FB55-E0DE-46AA-A581-8502B4BCF6D9}.Release|Any CPU.ActiveCfg = Release|Any CPU
		{64D9FB55-E0DE-46AA-A581-8502B4BCF6D9}.Release|Any CPU.Build.0 = Release|Any CPU
		{68E9D11E-C2DC-41D1-99C4-2DD5956BBDD8}.Debug|Any CPU.ActiveCfg = Debug|Any CPU
		{68E9D11E-C2DC-41D1-99C4-2DD5956BBDD8}.Debug|Any CPU.Build.0 = Debug|Any CPU
		{68E9D11E-C2DC-41D1-99C4-2DD5956BBDD8}.Release|Any CPU.ActiveCfg = Release|Any CPU
		{68E9D11E-C2DC-41D1-99C4-2DD5956BBDD8}.Release|Any CPU.Build.0 = Release|Any CPU
	EndGlobalSection
EndGlobal
