
Microsoft Visual Studio Solution File, Format Version 12.00
# Visual Studio Version 17
VisualStudioVersion = 17.0.31903.59
MinimumVisualStudioVersion = 10.0.40219.1
Project("{FAE04EC0-301F-11D3-BF4B-00C04F79EFBC}") = "SeedObject", "SeedObject\SeedObject.csproj", "{6602F477-3570-465B-87DD-370F3F91DDF5}"
EndProject
Project("{FAE04EC0-301F-11D3-BF4B-00C04F79EFBC}") = "SeedObject.Test", "SeedObject.Test\SeedObject.Test.csproj", "{AD6C5862-E5BF-4F8C-8F8F-CA51026553C6}"
EndProject
Global
	GlobalSection(SolutionConfigurationPlatforms) = preSolution
		Debug|Any CPU = Debug|Any CPU
		Release|Any CPU = Release|Any CPU
	EndGlobalSection
	GlobalSection(SolutionProperties) = preSolution
		HideSolutionNode = FALSE
	EndGlobalSection
	GlobalSection(ProjectConfigurationPlatforms) = postSolution
		{6602F477-3570-465B-87DD-370F3F91DDF5}.Debug|Any CPU.ActiveCfg = Debug|Any CPU
		{6602F477-3570-465B-87DD-370F3F91DDF5}.Debug|Any CPU.Build.0 = Debug|Any CPU
		{6602F477-3570-465B-87DD-370F3F91DDF5}.Release|Any CPU.ActiveCfg = Release|Any CPU
		{6602F477-3570-465B-87DD-370F3F91DDF5}.Release|Any CPU.Build.0 = Release|Any CPU
		{AD6C5862-E5BF-4F8C-8F8F-CA51026553C6}.Debug|Any CPU.ActiveCfg = Debug|Any CPU
		{AD6C5862-E5BF-4F8C-8F8F-CA51026553C6}.Debug|Any CPU.Build.0 = Debug|Any CPU
		{AD6C5862-E5BF-4F8C-8F8F-CA51026553C6}.Release|Any CPU.ActiveCfg = Release|Any CPU
		{AD6C5862-E5BF-4F8C-8F8F-CA51026553C6}.Release|Any CPU.Build.0 = Release|Any CPU
	EndGlobalSection
EndGlobal
