
Microsoft Visual Studio Solution File, Format Version 12.00
# Visual Studio Version 17
VisualStudioVersion = 17.0.31903.59
MinimumVisualStudioVersion = 10.0.40219.1
Project("{FAE04EC0-301F-11D3-BF4B-00C04F79EFBC}") = "SeedNurseryApiClient", "SeedNurseryApiClient\SeedNurseryApiClient.csproj", "{F3E20639-DD0D-4E53-BA71-DC6983F93903}"
EndProject
Project("{FAE04EC0-301F-11D3-BF4B-00C04F79EFBC}") = "SeedNurseryApiClient.Test", "SeedNurseryApiClient.Test\SeedNurseryApiClient.Test.csproj", "{F62E6EF8-4E50-42FC-BF86-FBD625B4A96F}"
EndProject
Global
	GlobalSection(SolutionConfigurationPlatforms) = preSolution
		Debug|Any CPU = Debug|Any CPU
		Release|Any CPU = Release|Any CPU
	EndGlobalSection
	GlobalSection(SolutionProperties) = preSolution
		HideSolutionNode = FALSE
	EndGlobalSection
	GlobalSection(ProjectConfigurationPlatforms) = postSolution
		{F3E20639-DD0D-4E53-BA71-DC6983F93903}.Debug|Any CPU.ActiveCfg = Debug|Any CPU
		{F3E20639-DD0D-4E53-BA71-DC6983F93903}.Debug|Any CPU.Build.0 = Debug|Any CPU
		{F3E20639-DD0D-4E53-BA71-DC6983F93903}.Release|Any CPU.ActiveCfg = Release|Any CPU
		{F3E20639-DD0D-4E53-BA71-DC6983F93903}.Release|Any CPU.Build.0 = Release|Any CPU
		{F62E6EF8-4E50-42FC-BF86-FBD625B4A96F}.Debug|Any CPU.ActiveCfg = Debug|Any CPU
		{F62E6EF8-4E50-42FC-BF86-FBD625B4A96F}.Debug|Any CPU.Build.0 = Debug|Any CPU
		{F62E6EF8-4E50-42FC-BF86-FBD625B4A96F}.Release|Any CPU.ActiveCfg = Release|Any CPU
		{F62E6EF8-4E50-42FC-BF86-FBD625B4A96F}.Release|Any CPU.Build.0 = Release|Any CPU
	EndGlobalSection
EndGlobal
