
Microsoft Visual Studio Solution File, Format Version 12.00
# Visual Studio Version 17
VisualStudioVersion = 17.0.31903.59
MinimumVisualStudioVersion = 10.0.40219.1
Project("{FAE04EC0-301F-11D3-BF4B-00C04F79EFBC}") = "SeedExhaustive", "SeedExhaustive\SeedExhaustive.csproj", "{4C8D6488-057F-4DB3-9D17-843C95BE39BC}"
EndProject
Project("{FAE04EC0-301F-11D3-BF4B-00C04F79EFBC}") = "SeedExhaustive.Test", "SeedExhaustive.Test\SeedExhaustive.Test.csproj", "{015FAA5D-6A72-44A0-AC8D-31931239AFB4}"
EndProject
Global
	GlobalSection(SolutionConfigurationPlatforms) = preSolution
		Debug|Any CPU = Debug|Any CPU
		Release|Any CPU = Release|Any CPU
	EndGlobalSection
	GlobalSection(SolutionProperties) = preSolution
		HideSolutionNode = FALSE
	EndGlobalSection
	GlobalSection(ProjectConfigurationPlatforms) = postSolution
		{4C8D6488-057F-4DB3-9D17-843C95BE39BC}.Debug|Any CPU.ActiveCfg = Debug|Any CPU
		{4C8D6488-057F-4DB3-9D17-843C95BE39BC}.Debug|Any CPU.Build.0 = Debug|Any CPU
		{4C8D6488-057F-4DB3-9D17-843C95BE39BC}.Release|Any CPU.ActiveCfg = Release|Any CPU
		{4C8D6488-057F-4DB3-9D17-843C95BE39BC}.Release|Any CPU.Build.0 = Release|Any CPU
		{015FAA5D-6A72-44A0-AC8D-31931239AFB4}.Debug|Any CPU.ActiveCfg = Debug|Any CPU
		{015FAA5D-6A72-44A0-AC8D-31931239AFB4}.Debug|Any CPU.Build.0 = Debug|Any CPU
		{015FAA5D-6A72-44A0-AC8D-31931239AFB4}.Release|Any CPU.ActiveCfg = Release|Any CPU
		{015FAA5D-6A72-44A0-AC8D-31931239AFB4}.Release|Any CPU.Build.0 = Release|Any CPU
	EndGlobalSection
EndGlobal
