
Microsoft Visual Studio Solution File, Format Version 12.00
# Visual Studio Version 17
VisualStudioVersion = 17.0.31903.59
MinimumVisualStudioVersion = 10.0.40219.1
Project("{FAE04EC0-301F-11D3-BF4B-00C04F79EFBC}") = "SeedOauthClientCredentialsDefault", "SeedOauthClientCredentialsDefault\SeedOauthClientCredentialsDefault.csproj", "{08AB40AB-96D1-4FE3-A80D-F94C89E431AB}"
EndProject
Project("{FAE04EC0-301F-11D3-BF4B-00C04F79EFBC}") = "SeedOauthClientCredentialsDefault.Test", "SeedOauthClientCredentialsDefault.Test\SeedOauthClientCredentialsDefault.Test.csproj", "{6207F3C5-B946-4D62-B8D6-24EAF0EACB8E}"
EndProject
Global
	GlobalSection(SolutionConfigurationPlatforms) = preSolution
		Debug|Any CPU = Debug|Any CPU
		Release|Any CPU = Release|Any CPU
	EndGlobalSection
	GlobalSection(SolutionProperties) = preSolution
		HideSolutionNode = FALSE
	EndGlobalSection
	GlobalSection(ProjectConfigurationPlatforms) = postSolution
		{08AB40AB-96D1-4FE3-A80D-F94C89E431AB}.Debug|Any CPU.ActiveCfg = Debug|Any CPU
		{08AB40AB-96D1-4FE3-A80D-F94C89E431AB}.Debug|Any CPU.Build.0 = Debug|Any CPU
		{08AB40AB-96D1-4FE3-A80D-F94C89E431AB}.Release|Any CPU.ActiveCfg = Release|Any CPU
		{08AB40AB-96D1-4FE3-A80D-F94C89E431AB}.Release|Any CPU.Build.0 = Release|Any CPU
		{6207F3C5-B946-4D62-B8D6-24EAF0EACB8E}.Debug|Any CPU.ActiveCfg = Debug|Any CPU
		{6207F3C5-B946-4D62-B8D6-24EAF0EACB8E}.Debug|Any CPU.Build.0 = Debug|Any CPU
		{6207F3C5-B946-4D62-B8D6-24EAF0EACB8E}.Release|Any CPU.ActiveCfg = Release|Any CPU
		{6207F3C5-B946-4D62-B8D6-24EAF0EACB8E}.Release|Any CPU.Build.0 = Release|Any CPU
	EndGlobalSection
EndGlobal
